// !$*UTF8*$!
{
	archiveVersion = 1;
	classes = {
	};
	objectVersion = 46;
	objects = {

/* Begin PBXBuildFile section */
		1D3623260D0F684500981E51 /* ANUGreenAppDelegate.m in Sources */ = {isa = PBXBuildFile; fileRef = 1D3623250D0F684500981E51 /* ANUGreenAppDelegate.m */; };
		1D60589B0D05DD56006BFB54 /* main.m in Sources */ = {isa = PBXBuildFile; fileRef = 29B97316FDCFA39411CA2CEA /* main.m */; };
		1D60589F0D05DD5A006BFB54 /* Foundation.framework in Frameworks */ = {isa = PBXBuildFile; fileRef = 1D30AB110D05D00D00671497 /* Foundation.framework */; };
		1DF5F4E00D08C38300B7A737 /* UIKit.framework in Frameworks */ = {isa = PBXBuildFile; fileRef = 1DF5F4DF0D08C38300B7A737 /* UIKit.framework */; };
		288765A50DF7441C002DB57D /* CoreGraphics.framework in Frameworks */ = {isa = PBXBuildFile; fileRef = 288765A40DF7441C002DB57D /* CoreGraphics.framework */; };
		2899E5220DE3E06400AC0155 /* ANUGreenViewController.xib in Resources */ = {isa = PBXBuildFile; fileRef = 2899E5210DE3E06400AC0155 /* ANUGreenViewController.xib */; };
		28AD733F0D9D9553002E5188 /* MainWindow.xib in Resources */ = {isa = PBXBuildFile; fileRef = 28AD733E0D9D9553002E5188 /* MainWindow.xib */; };
		28D7ACF80DDB3853001CB0EB /* ANUGreenViewController.m in Sources */ = {isa = PBXBuildFile; fileRef = 28D7ACF70DDB3853001CB0EB /* ANUGreenViewController.m */; };
		571CF9A11600526500B6C4AF /* AuditElectricityGroomingViewController.xib in Resources */ = {isa = PBXBuildFile; fileRef = 571CF9A01600526500B6C4AF /* AuditElectricityGroomingViewController.xib */; };
		573C2F2515DCBB6A008119E9 /* Compact_Fluorescent_Downlight.jpg in Resources */ = {isa = PBXBuildFile; fileRef = 573C2F2415DCBB6A008119E9 /* Compact_Fluorescent_Downlight.jpg */; };
		573C2F2715DCBC19008119E9 /* Linear_Fluorescent_Lamp.jpg in Resources */ = {isa = PBXBuildFile; fileRef = 573C2F2615DCBC19008119E9 /* Linear_Fluorescent_Lamp.jpg */; };
		57448ACF13EA335200B24345 /* InitiativesViewController.m in Sources */ = {isa = PBXBuildFile; fileRef = 57448ACD13EA335200B24345 /* InitiativesViewController.m */; };
		57448AD013EA335200B24345 /* InitiativesViewController.xib in Resources */ = {isa = PBXBuildFile; fileRef = 57448ACE13EA335200B24345 /* InitiativesViewController.xib */; };
		5745396015B7E276001D34A5 /* light-80.png in Resources */ = {isa = PBXBuildFile; fileRef = 5745395F15B7E276001D34A5 /* light-80.png */; };
		5777EC8213E81A01004E12AC /* AuditResidenceViewController.m in Sources */ = {isa = PBXBuildFile; fileRef = 5777EC8013E81A01004E12AC /* AuditResidenceViewController.m */; };
		5777EC8313E81A01004E12AC /* AuditResidenceViewController.xib in Resources */ = {isa = PBXBuildFile; fileRef = 5777EC8113E81A01004E12AC /* AuditResidenceViewController.xib */; };
		5777ECB313E81E93004E12AC /* AuditLightingViewController.m in Sources */ = {isa = PBXBuildFile; fileRef = 5777ECB113E81E93004E12AC /* AuditLightingViewController.m */; };
		5777ECB413E81E93004E12AC /* AuditLightingViewController.xib in Resources */ = {isa = PBXBuildFile; fileRef = 5777ECB213E81E93004E12AC /* AuditLightingViewController.xib */; };
		5777ECDA13E82091004E12AC /* AuditHeatingViewController.m in Sources */ = {isa = PBXBuildFile; fileRef = 5777ECD813E82091004E12AC /* AuditHeatingViewController.m */; };
		5777ECDB13E82091004E12AC /* AuditHeatingViewController.xib in Resources */ = {isa = PBXBuildFile; fileRef = 5777ECD913E82091004E12AC /* AuditHeatingViewController.xib */; };
		5777ECE113E820A9004E12AC /* AuditWaterViewController.m in Sources */ = {isa = PBXBuildFile; fileRef = 5777ECDF13E820A9004E12AC /* AuditWaterViewController.m */; };
		5777ECE213E820A9004E12AC /* AuditWaterViewController.xib in Resources */ = {isa = PBXBuildFile; fileRef = 5777ECE013E820A9004E12AC /* AuditWaterViewController.xib */; };
		5777ECE813E820BB004E12AC /* AuditCalculateViewController.m in Sources */ = {isa = PBXBuildFile; fileRef = 5777ECE613E820BB004E12AC /* AuditCalculateViewController.m */; };
		5777ECE913E820BB004E12AC /* AuditCalculateViewController.xib in Resources */ = {isa = PBXBuildFile; fileRef = 5777ECE713E820BB004E12AC /* AuditCalculateViewController.xib */; };
		5777ED0313E8223F004E12AC /* AuditElectricityTableViewController.m in Sources */ = {isa = PBXBuildFile; fileRef = 5777ED0213E8223F004E12AC /* AuditElectricityTableViewController.m */; };
		5777ED5613E8266A004E12AC /* AuditElectricityKitchenViewController.m in Sources */ = {isa = PBXBuildFile; fileRef = 5777ED5413E8266A004E12AC /* AuditElectricityKitchenViewController.m */; };
		5777ED5713E8266A004E12AC /* AuditElectricityKitchenViewController.xib in Resources */ = {isa = PBXBuildFile; fileRef = 5777ED5513E8266A004E12AC /* AuditElectricityKitchenViewController.xib */; };
		5777ED6913E82798004E12AC /* AuditElectricityCommunicationsViewController.m in Sources */ = {isa = PBXBuildFile; fileRef = 5777ED6713E82798004E12AC /* AuditElectricityCommunicationsViewController.m */; };
		5777ED6A13E82798004E12AC /* AuditElectricityCommunicationsViewController.xib in Resources */ = {isa = PBXBuildFile; fileRef = 5777ED6813E82798004E12AC /* AuditElectricityCommunicationsViewController.xib */; };
		5777ED7213E827F0004E12AC /* AuditElectricityEntertainmentViewController.m in Sources */ = {isa = PBXBuildFile; fileRef = 5777ED7013E827F0004E12AC /* AuditElectricityEntertainmentViewController.m */; };
		5777ED7313E827F0004E12AC /* AuditElectricityEntertainmentViewController.xib in Resources */ = {isa = PBXBuildFile; fileRef = 5777ED7113E827F0004E12AC /* AuditElectricityEntertainmentViewController.xib */; };
		57A84EA115B7C3120030180C /* 725_ANUgreen_logo_small.jpg in Resources */ = {isa = PBXBuildFile; fileRef = 57A84E7515B7C3120030180C /* 725_ANUgreen_logo_small.jpg */; };
		57A84EA215B7C3120030180C /* anu_web_l.png in Resources */ = {isa = PBXBuildFile; fileRef = 57A84E7615B7C3120030180C /* anu_web_l.png */; };
		57A84EA315B7C3120030180C /* app-icon-greencalc.png in Resources */ = {isa = PBXBuildFile; fileRef = 57A84E7715B7C3120030180C /* app-icon-greencalc.png */; };
		57A84EA415B7C3120030180C /* app-splash-h.png in Resources */ = {isa = PBXBuildFile; fileRef = 57A84E7815B7C3120030180C /* app-splash-h.png */; };
		57A84EA515B7C3120030180C /* app-splash-v-greencalc.png in Resources */ = {isa = PBXBuildFile; fileRef = 57A84E7915B7C3120030180C /* app-splash-v-greencalc.png */; };
		57A84EA615B7C3120030180C /* Blowdryer.1.png in Resources */ = {isa = PBXBuildFile; fileRef = 57A84E7A15B7C3120030180C /* Blowdryer.1.png */; };
		57A84EA715B7C3120030180C /* Circular fluorescent lamp.1.png in Resources */ = {isa = PBXBuildFile; fileRef = 57A84E7B15B7C3120030180C /* Circular fluorescent lamp.1.png */; };
		57A84EA815B7C3120030180C /* clipboard-40.png in Resources */ = {isa = PBXBuildFile; fileRef = 57A84E7C15B7C3120030180C /* clipboard-40.png */; };
		57A84EA915B7C3120030180C /* Coffee Maker.png in Resources */ = {isa = PBXBuildFile; fileRef = 57A84E7D15B7C3120030180C /* Coffee Maker.png */; };
		57A84EAA15B7C3120030180C /* Compact Fluorescent downlight.1.png in Resources */ = {isa = PBXBuildFile; fileRef = 57A84E7E15B7C3120030180C /* Compact Fluorescent downlight.1.png */; };
		57A84EAB15B7C3120030180C /* Compact Fluorescent lamp.png in Resources */ = {isa = PBXBuildFile; fileRef = 57A84E7F15B7C3120030180C /* Compact Fluorescent lamp.png */; };
		57A84EAD15B7C3120030180C /* Desktop.1.png in Resources */ = {isa = PBXBuildFile; fileRef = 57A84E8115B7C3120030180C /* Desktop.1.png */; };
		57A84EAE15B7C3120030180C /* DVD.1.png in Resources */ = {isa = PBXBuildFile; fileRef = 57A84E8215B7C3120030180C /* DVD.1.png */; };
		57A84EAF15B7C3120030180C /* elecplug-40.png in Resources */ = {isa = PBXBuildFile; fileRef = 57A84E8315B7C3120030180C /* elecplug-40.png */; };
		57A84EB015B7C3120030180C /* gas-40.png in Resources */ = {isa = PBXBuildFile; fileRef = 57A84E8415B7C3120030180C /* gas-40.png */; };
		57A84EB115B7C3120030180C /* greenapp-40.png in Resources */ = {isa = PBXBuildFile; fileRef = 57A84E8515B7C3120030180C /* greenapp-40.png */; };
		57A84EB215B7C3120030180C /* Hair Straightener.1.png in Resources */ = {isa = PBXBuildFile; fileRef = 57A84E8615B7C3120030180C /* Hair Straightener.1.png */; };
		57A84EB315B7C3120030180C /* Halogen Downlight.png in Resources */ = {isa = PBXBuildFile; fileRef = 57A84E8715B7C3120030180C /* Halogen Downlight.png */; };
		57A84EB415B7C3120030180C /* home-40.png in Resources */ = {isa = PBXBuildFile; fileRef = 57A84E8815B7C3120030180C /* home-40.png */; };
		57A84EB515B7C3120030180C /* incandescent bulb.1.png in Resources */ = {isa = PBXBuildFile; fileRef = 57A84E8915B7C3120030180C /* incandescent bulb.1.png */; };
		57A84EB615B7C3120030180C /* iPod (use for iPod Charger).1.png in Resources */ = {isa = PBXBuildFile; fileRef = 57A84E8A15B7C3120030180C /* iPod (use for iPod Charger).1.png */; };
		57A84EB715B7C3120030180C /* Kettle.1.png in Resources */ = {isa = PBXBuildFile; fileRef = 57A84E8B15B7C3120030180C /* Kettle.1.png */; };
		57A84EB815B7C3120030180C /* Laptop.1.png in Resources */ = {isa = PBXBuildFile; fileRef = 57A84E8C15B7C3120030180C /* Laptop.1.png */; };
		57A84EB915B7C3120030180C /* LCD tv.1.png in Resources */ = {isa = PBXBuildFile; fileRef = 57A84E8D15B7C3120030180C /* LCD tv.1.png */; };
		57A84EBA15B7C3120030180C /* light-40.png in Resources */ = {isa = PBXBuildFile; fileRef = 57A84E8E15B7C3120030180C /* light-40.png */; };
		57A84EBB15B7C3120030180C /* Lighting.1.png in Resources */ = {isa = PBXBuildFile; fileRef = 57A84E8F15B7C3120030180C /* Lighting.1.png */; };
		57A84EBC15B7C3120030180C /* Linear Fluorescent lamp.png in Resources */ = {isa = PBXBuildFile; fileRef = 57A84E9015B7C3120030180C /* Linear Fluorescent lamp.png */; };
		57A84EBD15B7C3120030180C /* loudspeaker.1.png in Resources */ = {isa = PBXBuildFile; fileRef = 57A84E9115B7C3120030180C /* loudspeaker.1.png */; };
		57A84EBE15B7C3120030180C /* Microwave.1.png in Resources */ = {isa = PBXBuildFile; fileRef = 57A84E9215B7C3120030180C /* Microwave.1.png */; };
		57A84EBF15B7C3120030180C /* Mobile phone charger.1.png in Resources */ = {isa = PBXBuildFile; fileRef = 57A84E9315B7C3120030180C /* Mobile phone charger.1.png */; };
		57A84EC015B7C3120030180C /* plasma-tv.png in Resources */ = {isa = PBXBuildFile; fileRef = 57A84E9415B7C3120030180C /* plasma-tv.png */; };
		57A84EC115B7C3120030180C /* printer.1.png in Resources */ = {isa = PBXBuildFile; fileRef = 57A84E9515B7C3120030180C /* printer.1.png */; };
		57A84EC215B7C3120030180C /* Residence.1.png in Resources */ = {isa = PBXBuildFile; fileRef = 57A84E9615B7C3120030180C /* Residence.1.png */; };
		57A84EC315B7C3120030180C /* scanner.1.png in Resources */ = {isa = PBXBuildFile; fileRef = 57A84E9715B7C3120030180C /* scanner.1.png */; };
		57A84EC415B7C3120030180C /* shower.png in Resources */ = {isa = PBXBuildFile; fileRef = 57A84E9815B7C3120030180C /* shower.png */; };
		57A84EC515B7C3120030180C /* standard tv.1.png in Resources */ = {isa = PBXBuildFile; fileRef = 57A84E9915B7C3120030180C /* standard tv.1.png */; };
		57A84EC615B7C3120030180C /* stereo.1.png in Resources */ = {isa = PBXBuildFile; fileRef = 57A84E9A15B7C3120030180C /* stereo.1.png */; };
		57A84EC715B7C3120030180C /* tap.1.png in Resources */ = {isa = PBXBuildFile; fileRef = 57A84E9B15B7C3120030180C /* tap.1.png */; };
		57A84EC815B7C3120030180C /* Toaster.1.png in Resources */ = {isa = PBXBuildFile; fileRef = 57A84E9C15B7C3120030180C /* Toaster.1.png */; };
		57A84EC915B7C3120030180C /* toilet.1.png in Resources */ = {isa = PBXBuildFile; fileRef = 57A84E9D15B7C3120030180C /* toilet.1.png */; };
		57A84ECA15B7C3120030180C /* washing machine.1.png in Resources */ = {isa = PBXBuildFile; fileRef = 57A84E9E15B7C3120030180C /* washing machine.1.png */; };
		57A84ECB15B7C3120030180C /* water-40.png in Resources */ = {isa = PBXBuildFile; fileRef = 57A84E9F15B7C3120030180C /* water-40.png */; };
		57A84ECC15B7C3120030180C /* XBox.png in Resources */ = {isa = PBXBuildFile; fileRef = 57A84EA015B7C3120030180C /* XBox.png */; };
		57A84EF515B7C33B0030180C /* .gitignore in Resources */ = {isa = PBXBuildFile; fileRef = 57A84ECE15B7C33B0030180C /* .gitignore */; };
		57A84EF615B7C33B0030180C /* AUTHORS in Resources */ = {isa = PBXBuildFile; fileRef = 57A84ED015B7C33B0030180C /* AUTHORS */; };
		57A84EF715B7C33B0030180C /* LICENSE in Resources */ = {isa = PBXBuildFile; fileRef = 57A84ED115B7C33B0030180C /* LICENSE */; };
		57A84EF815B7C33B0030180C /* AbstractActionSheetPicker.m in Sources */ = {isa = PBXBuildFile; fileRef = 57A84ED415B7C33B0030180C /* AbstractActionSheetPicker.m */; };
		57A84EF915B7C33B0030180C /* ActionSheetDatePicker.m in Sources */ = {isa = PBXBuildFile; fileRef = 57A84ED615B7C33B0030180C /* ActionSheetDatePicker.m */; };
		57A84EFA15B7C33B0030180C /* ActionSheetDistancePicker.m in Sources */ = {isa = PBXBuildFile; fileRef = 57A84ED815B7C33B0030180C /* ActionSheetDistancePicker.m */; };
		57A84EFB15B7C33B0030180C /* ActionSheetStringPicker.m in Sources */ = {isa = PBXBuildFile; fileRef = 57A84EDA15B7C33B0030180C /* ActionSheetStringPicker.m */; };
		57A84EFC15B7C33B0030180C /* DistancePickerView.m in Sources */ = {isa = PBXBuildFile; fileRef = 57A84EDC15B7C33B0030180C /* DistancePickerView.m */; };
		57A84EFD15B7C33B0030180C /* README.md in Resources */ = {isa = PBXBuildFile; fileRef = 57A84EDD15B7C33B0030180C /* README.md */; };
		57A84F0D15B7C6040030180C /* TestTableViewController.m in Sources */ = {isa = PBXBuildFile; fileRef = 57A84F0B15B7C4970030180C /* TestTableViewController.m */; };
		57AD062713E63E67007CAEEE /* AboutAppViewController.m in Sources */ = {isa = PBXBuildFile; fileRef = 57AD062513E63E67007CAEEE /* AboutAppViewController.m */; };
		57AD062813E63E67007CAEEE /* AboutAppViewController.xib in Resources */ = {isa = PBXBuildFile; fileRef = 57AD062613E63E67007CAEEE /* AboutAppViewController.xib */; };
		57AD06FC13E667B7007CAEEE /* AboutANUGreenViewController.m in Sources */ = {isa = PBXBuildFile; fileRef = 57AD06FA13E667B7007CAEEE /* AboutANUGreenViewController.m */; };
		57AD06FD13E667B7007CAEEE /* AboutANUGreenViewController.xib in Resources */ = {isa = PBXBuildFile; fileRef = 57AD06FB13E667B7007CAEEE /* AboutANUGreenViewController.xib */; };
		57BF3FD515BFB25000B763AB /* greenapp-40-highres.png in Resources */ = {isa = PBXBuildFile; fileRef = 57BF3FD415BFB25000B763AB /* greenapp-40-highres.png */; };
		57BF3FD715BFB2F900B763AB /* greenapp-60.png in Resources */ = {isa = PBXBuildFile; fileRef = 57BF3FD615BFB2F900B763AB /* greenapp-60.png */; };
		57BF3FD915BFB50500B763AB /* elecplug-80.png in Resources */ = {isa = PBXBuildFile; fileRef = 57BF3FD815BFB50500B763AB /* elecplug-80.png */; };
		57BF3FDB15BFB50F00B763AB /* gas-80.png in Resources */ = {isa = PBXBuildFile; fileRef = 57BF3FDA15BFB50F00B763AB /* gas-80.png */; };
		57BF3FDD15BFB51B00B763AB /* water-80.png in Resources */ = {isa = PBXBuildFile; fileRef = 57BF3FDC15BFB51B00B763AB /* water-80.png */; };
		57BF3FDF15BFB53500B763AB /* home-80.png in Resources */ = {isa = PBXBuildFile; fileRef = 57BF3FDE15BFB53500B763AB /* home-80.png */; };
		57BF3FE115BFB54300B763AB /* clipboard-80.png in Resources */ = {isa = PBXBuildFile; fileRef = 57BF3FE015BFB54300B763AB /* clipboard-80.png */; };
		57BF3FE315C0D1DB00B763AB /* ANUgreen logo 2011.jpeg in Resources */ = {isa = PBXBuildFile; fileRef = 57BF3FE215C0D1DB00B763AB /* ANUgreen logo 2011.jpeg */; };
		57C28471160C158400A6FF0F /* app-icon-greencalc-114.png in Resources */ = {isa = PBXBuildFile; fileRef = 57C28470160C158400A6FF0F /* app-icon-greencalc-114.png */; };
		57C28473160C159B00A6FF0F /* app-icon-greencalc-57.png in Resources */ = {isa = PBXBuildFile; fileRef = 57C28472160C159B00A6FF0F /* app-icon-greencalc-57.png */; };
		57C28475160C162500A6FF0F /* Default@2x.png in Resources */ = {isa = PBXBuildFile; fileRef = 57C28474160C162500A6FF0F /* Default@2x.png */; };
		57C28477160C169E00A6FF0F /* Default.png in Resources */ = {isa = PBXBuildFile; fileRef = 57C28476160C169E00A6FF0F /* Default.png */; };
		57C4C0E516157ABF00C6AE6A /* greenapp-60@2x.png in Resources */ = {isa = PBXBuildFile; fileRef = 57C4C0E416157ABF00C6AE6A /* greenapp-60@2x.png */; };
		57C4C0E916157BEF00C6AE6A /* app-splash-h@2x.png in Resources */ = {isa = PBXBuildFile; fileRef = 57C4C0E816157BEF00C6AE6A /* app-splash-h@2x.png */; };
		57EACC6713EA666C0044A60F /* AuditElectricityGroomingViewController.m in Sources */ = {isa = PBXBuildFile; fileRef = 57EACC6513EA666C0044A60F /* AuditElectricityGroomingViewController.m */; };
		57FC7F181665E462000D4571 /* Default-568@2x.png in Resources */ = {isa = PBXBuildFile; fileRef = 57FC7F171665E462000D4571 /* Default-568@2x.png */; };
/* End PBXBuildFile section */

/* Begin PBXFileReference section */
		1D30AB110D05D00D00671497 /* Foundation.framework */ = {isa = PBXFileReference; lastKnownFileType = wrapper.framework; name = Foundation.framework; path = System/Library/Frameworks/Foundation.framework; sourceTree = SDKROOT; };
		1D3623240D0F684500981E51 /* ANUGreenAppDelegate.h */ = {isa = PBXFileReference; fileEncoding = 4; lastKnownFileType = sourcecode.c.h; path = ANUGreenAppDelegate.h; sourceTree = "<group>"; };
		1D3623250D0F684500981E51 /* ANUGreenAppDelegate.m */ = {isa = PBXFileReference; fileEncoding = 4; lastKnownFileType = sourcecode.c.objc; path = ANUGreenAppDelegate.m; sourceTree = "<group>"; };
		1D6058910D05DD3D006BFB54 /* GreenKey.app */ = {isa = PBXFileReference; explicitFileType = wrapper.application; includeInIndex = 0; path = GreenKey.app; sourceTree = BUILT_PRODUCTS_DIR; };
		1DF5F4DF0D08C38300B7A737 /* UIKit.framework */ = {isa = PBXFileReference; lastKnownFileType = wrapper.framework; name = UIKit.framework; path = System/Library/Frameworks/UIKit.framework; sourceTree = SDKROOT; };
		288765A40DF7441C002DB57D /* CoreGraphics.framework */ = {isa = PBXFileReference; lastKnownFileType = wrapper.framework; name = CoreGraphics.framework; path = System/Library/Frameworks/CoreGraphics.framework; sourceTree = SDKROOT; };
		2899E5210DE3E06400AC0155 /* ANUGreenViewController.xib */ = {isa = PBXFileReference; lastKnownFileType = file.xib; path = ANUGreenViewController.xib; sourceTree = "<group>"; };
		28AD733E0D9D9553002E5188 /* MainWindow.xib */ = {isa = PBXFileReference; lastKnownFileType = file.xib; path = MainWindow.xib; sourceTree = "<group>"; };
		28D7ACF60DDB3853001CB0EB /* ANUGreenViewController.h */ = {isa = PBXFileReference; fileEncoding = 4; lastKnownFileType = sourcecode.c.h; path = ANUGreenViewController.h; sourceTree = "<group>"; };
		28D7ACF70DDB3853001CB0EB /* ANUGreenViewController.m */ = {isa = PBXFileReference; fileEncoding = 4; lastKnownFileType = sourcecode.c.objc; path = ANUGreenViewController.m; sourceTree = "<group>"; };
		29B97316FDCFA39411CA2CEA /* main.m */ = {isa = PBXFileReference; fileEncoding = 4; lastKnownFileType = sourcecode.c.objc; path = main.m; sourceTree = "<group>"; };
		32CA4F630368D1EE00C91783 /* GreenKey_Prefix.pch */ = {isa = PBXFileReference; fileEncoding = 4; lastKnownFileType = sourcecode.c.h; path = GreenKey_Prefix.pch; sourceTree = "<group>"; };
		571CF9A01600526500B6C4AF /* AuditElectricityGroomingViewController.xib */ = {isa = PBXFileReference; fileEncoding = 4; lastKnownFileType = file.xib; name = AuditElectricityGroomingViewController.xib; path = Classes/AuditElectricityGroomingViewController.xib; sourceTree = "<group>"; };
		573C2F2415DCBB6A008119E9 /* Compact_Fluorescent_Downlight.jpg */ = {isa = PBXFileReference; lastKnownFileType = image.jpeg; path = Compact_Fluorescent_Downlight.jpg; sourceTree = "<group>"; };
		573C2F2615DCBC19008119E9 /* Linear_Fluorescent_Lamp.jpg */ = {isa = PBXFileReference; lastKnownFileType = image.jpeg; path = Linear_Fluorescent_Lamp.jpg; sourceTree = "<group>"; };
		57448ACC13EA335200B24345 /* InitiativesViewController.h */ = {isa = PBXFileReference; fileEncoding = 4; lastKnownFileType = sourcecode.c.h; path = InitiativesViewController.h; sourceTree = "<group>"; };
		57448ACD13EA335200B24345 /* InitiativesViewController.m */ = {isa = PBXFileReference; fileEncoding = 4; lastKnownFileType = sourcecode.c.objc; path = InitiativesViewController.m; sourceTree = "<group>"; };
		57448ACE13EA335200B24345 /* InitiativesViewController.xib */ = {isa = PBXFileReference; lastKnownFileType = file.xib; name = InitiativesViewController.xib; path = Classes/InitiativesViewController.xib; sourceTree = "<group>"; };
		5745395F15B7E276001D34A5 /* light-80.png */ = {isa = PBXFileReference; lastKnownFileType = image.png; path = "light-80.png"; sourceTree = "<group>"; };
		5777EC7F13E81A01004E12AC /* AuditResidenceViewController.h */ = {isa = PBXFileReference; fileEncoding = 4; lastKnownFileType = sourcecode.c.h; path = AuditResidenceViewController.h; sourceTree = "<group>"; };
		5777EC8013E81A01004E12AC /* AuditResidenceViewController.m */ = {isa = PBXFileReference; fileEncoding = 4; lastKnownFileType = sourcecode.c.objc; path = AuditResidenceViewController.m; sourceTree = "<group>"; };
		5777EC8113E81A01004E12AC /* AuditResidenceViewController.xib */ = {isa = PBXFileReference; lastKnownFileType = file.xib; name = AuditResidenceViewController.xib; path = Classes/AuditResidenceViewController.xib; sourceTree = "<group>"; };
		5777ECB013E81E93004E12AC /* AuditLightingViewController.h */ = {isa = PBXFileReference; fileEncoding = 4; lastKnownFileType = sourcecode.c.h; path = AuditLightingViewController.h; sourceTree = "<group>"; };
		5777ECB113E81E93004E12AC /* AuditLightingViewController.m */ = {isa = PBXFileReference; fileEncoding = 4; lastKnownFileType = sourcecode.c.objc; path = AuditLightingViewController.m; sourceTree = "<group>"; };
		5777ECB213E81E93004E12AC /* AuditLightingViewController.xib */ = {isa = PBXFileReference; lastKnownFileType = file.xib; name = AuditLightingViewController.xib; path = Classes/AuditLightingViewController.xib; sourceTree = "<group>"; };
		5777ECD713E82091004E12AC /* AuditHeatingViewController.h */ = {isa = PBXFileReference; fileEncoding = 4; lastKnownFileType = sourcecode.c.h; path = AuditHeatingViewController.h; sourceTree = "<group>"; };
		5777ECD813E82091004E12AC /* AuditHeatingViewController.m */ = {isa = PBXFileReference; fileEncoding = 4; lastKnownFileType = sourcecode.c.objc; path = AuditHeatingViewController.m; sourceTree = "<group>"; };
		5777ECD913E82091004E12AC /* AuditHeatingViewController.xib */ = {isa = PBXFileReference; lastKnownFileType = file.xib; name = AuditHeatingViewController.xib; path = Classes/AuditHeatingViewController.xib; sourceTree = "<group>"; };
		5777ECDE13E820A9004E12AC /* AuditWaterViewController.h */ = {isa = PBXFileReference; fileEncoding = 4; lastKnownFileType = sourcecode.c.h; name = AuditWaterViewController.h; path = ../AuditWaterViewController.h; sourceTree = "<group>"; };
		5777ECDF13E820A9004E12AC /* AuditWaterViewController.m */ = {isa = PBXFileReference; fileEncoding = 4; lastKnownFileType = sourcecode.c.objc; name = AuditWaterViewController.m; path = ../AuditWaterViewController.m; sourceTree = "<group>"; };
		5777ECE013E820A9004E12AC /* AuditWaterViewController.xib */ = {isa = PBXFileReference; lastKnownFileType = file.xib; path = AuditWaterViewController.xib; sourceTree = "<group>"; };
		5777ECE513E820BB004E12AC /* AuditCalculateViewController.h */ = {isa = PBXFileReference; fileEncoding = 4; lastKnownFileType = sourcecode.c.h; path = AuditCalculateViewController.h; sourceTree = "<group>"; };
		5777ECE613E820BB004E12AC /* AuditCalculateViewController.m */ = {isa = PBXFileReference; fileEncoding = 4; lastKnownFileType = sourcecode.c.objc; path = AuditCalculateViewController.m; sourceTree = "<group>"; };
		5777ECE713E820BB004E12AC /* AuditCalculateViewController.xib */ = {isa = PBXFileReference; lastKnownFileType = file.xib; name = AuditCalculateViewController.xib; path = Classes/AuditCalculateViewController.xib; sourceTree = "<group>"; };
		5777ED0113E8223F004E12AC /* AuditElectricityTableViewController.h */ = {isa = PBXFileReference; fileEncoding = 4; lastKnownFileType = sourcecode.c.h; path = AuditElectricityTableViewController.h; sourceTree = "<group>"; };
		5777ED0213E8223F004E12AC /* AuditElectricityTableViewController.m */ = {isa = PBXFileReference; fileEncoding = 4; lastKnownFileType = sourcecode.c.objc; path = AuditElectricityTableViewController.m; sourceTree = "<group>"; };
		5777ED5313E8266A004E12AC /* AuditElectricityKitchenViewController.h */ = {isa = PBXFileReference; fileEncoding = 4; lastKnownFileType = sourcecode.c.h; path = AuditElectricityKitchenViewController.h; sourceTree = "<group>"; };
		5777ED5413E8266A004E12AC /* AuditElectricityKitchenViewController.m */ = {isa = PBXFileReference; fileEncoding = 4; lastKnownFileType = sourcecode.c.objc; path = AuditElectricityKitchenViewController.m; sourceTree = "<group>"; };
		5777ED5513E8266A004E12AC /* AuditElectricityKitchenViewController.xib */ = {isa = PBXFileReference; lastKnownFileType = file.xib; name = AuditElectricityKitchenViewController.xib; path = Classes/AuditElectricityKitchenViewController.xib; sourceTree = "<group>"; };
		5777ED6613E82798004E12AC /* AuditElectricityCommunicationsViewController.h */ = {isa = PBXFileReference; fileEncoding = 4; lastKnownFileType = sourcecode.c.h; path = AuditElectricityCommunicationsViewController.h; sourceTree = "<group>"; };
		5777ED6713E82798004E12AC /* AuditElectricityCommunicationsViewController.m */ = {isa = PBXFileReference; fileEncoding = 4; lastKnownFileType = sourcecode.c.objc; path = AuditElectricityCommunicationsViewController.m; sourceTree = "<group>"; };
		5777ED6813E82798004E12AC /* AuditElectricityCommunicationsViewController.xib */ = {isa = PBXFileReference; lastKnownFileType = file.xib; name = AuditElectricityCommunicationsViewController.xib; path = Classes/AuditElectricityCommunicationsViewController.xib; sourceTree = "<group>"; };
		5777ED6F13E827F0004E12AC /* AuditElectricityEntertainmentViewController.h */ = {isa = PBXFileReference; fileEncoding = 4; lastKnownFileType = sourcecode.c.h; path = AuditElectricityEntertainmentViewController.h; sourceTree = "<group>"; };
		5777ED7013E827F0004E12AC /* AuditElectricityEntertainmentViewController.m */ = {isa = PBXFileReference; fileEncoding = 4; lastKnownFileType = sourcecode.c.objc; path = AuditElectricityEntertainmentViewController.m; sourceTree = "<group>"; };
		5777ED7113E827F0004E12AC /* AuditElectricityEntertainmentViewController.xib */ = {isa = PBXFileReference; lastKnownFileType = file.xib; name = AuditElectricityEntertainmentViewController.xib; path = Classes/AuditElectricityEntertainmentViewController.xib; sourceTree = "<group>"; };
		57A84E7515B7C3120030180C /* 725_ANUgreen_logo_small.jpg */ = {isa = PBXFileReference; lastKnownFileType = image.jpeg; name = 725_ANUgreen_logo_small.jpg; path = assets/Images/725_ANUgreen_logo_small.jpg; sourceTree = "<group>"; };
		57A84E7615B7C3120030180C /* anu_web_l.png */ = {isa = PBXFileReference; lastKnownFileType = image.png; name = anu_web_l.png; path = assets/Images/anu_web_l.png; sourceTree = "<group>"; };
		57A84E7715B7C3120030180C /* app-icon-greencalc.png */ = {isa = PBXFileReference; lastKnownFileType = image.png; name = "app-icon-greencalc.png"; path = "assets/Images/app-icon-greencalc.png"; sourceTree = "<group>"; };
		57A84E7815B7C3120030180C /* app-splash-h.png */ = {isa = PBXFileReference; lastKnownFileType = image.png; name = "app-splash-h.png"; path = "assets/Images/app-splash-h.png"; sourceTree = "<group>"; };
		57A84E7915B7C3120030180C /* app-splash-v-greencalc.png */ = {isa = PBXFileReference; lastKnownFileType = image.png; name = "app-splash-v-greencalc.png"; path = "assets/Images/app-splash-v-greencalc.png"; sourceTree = "<group>"; };
		57A84E7A15B7C3120030180C /* Blowdryer.1.png */ = {isa = PBXFileReference; lastKnownFileType = image.png; name = Blowdryer.1.png; path = assets/Images/Blowdryer.1.png; sourceTree = "<group>"; };
		57A84E7B15B7C3120030180C /* Circular fluorescent lamp.1.png */ = {isa = PBXFileReference; lastKnownFileType = image.png; name = "Circular fluorescent lamp.1.png"; path = "assets/Images/Circular fluorescent lamp.1.png"; sourceTree = "<group>"; };
		57A84E7C15B7C3120030180C /* clipboard-40.png */ = {isa = PBXFileReference; lastKnownFileType = image.png; name = "clipboard-40.png"; path = "assets/Images/clipboard-40.png"; sourceTree = "<group>"; };
		57A84E7D15B7C3120030180C /* Coffee Maker.png */ = {isa = PBXFileReference; lastKnownFileType = image.png; name = "Coffee Maker.png"; path = "assets/Images/Coffee Maker.png"; sourceTree = "<group>"; };
		57A84E7E15B7C3120030180C /* Compact Fluorescent downlight.1.png */ = {isa = PBXFileReference; lastKnownFileType = image.png; name = "Compact Fluorescent downlight.1.png"; path = "assets/Images/Compact Fluorescent downlight.1.png"; sourceTree = "<group>"; };
		57A84E7F15B7C3120030180C /* Compact Fluorescent lamp.png */ = {isa = PBXFileReference; lastKnownFileType = image.png; name = "Compact Fluorescent lamp.png"; path = "assets/Images/Compact Fluorescent lamp.png"; sourceTree = "<group>"; };
		57A84E8015B7C3120030180C /* Default.png */ = {isa = PBXFileReference; lastKnownFileType = image.png; name = Default.png; path = assets/Images/Default.png; sourceTree = "<group>"; };
		57A84E8115B7C3120030180C /* Desktop.1.png */ = {isa = PBXFileReference; lastKnownFileType = image.png; name = Desktop.1.png; path = assets/Images/Desktop.1.png; sourceTree = "<group>"; };
		57A84E8215B7C3120030180C /* DVD.1.png */ = {isa = PBXFileReference; lastKnownFileType = image.png; name = DVD.1.png; path = assets/Images/DVD.1.png; sourceTree = "<group>"; };
		57A84E8315B7C3120030180C /* elecplug-40.png */ = {isa = PBXFileReference; lastKnownFileType = image.png; name = "elecplug-40.png"; path = "assets/Images/elecplug-40.png"; sourceTree = "<group>"; };
		57A84E8415B7C3120030180C /* gas-40.png */ = {isa = PBXFileReference; lastKnownFileType = image.png; name = "gas-40.png"; path = "assets/Images/gas-40.png"; sourceTree = "<group>"; };
		57A84E8515B7C3120030180C /* greenapp-40.png */ = {isa = PBXFileReference; lastKnownFileType = image.png; name = "greenapp-40.png"; path = "assets/Images/greenapp-40.png"; sourceTree = "<group>"; };
		57A84E8615B7C3120030180C /* Hair Straightener.1.png */ = {isa = PBXFileReference; lastKnownFileType = image.png; name = "Hair Straightener.1.png"; path = "assets/Images/Hair Straightener.1.png"; sourceTree = "<group>"; };
		57A84E8715B7C3120030180C /* Halogen Downlight.png */ = {isa = PBXFileReference; lastKnownFileType = image.png; name = "Halogen Downlight.png"; path = "assets/Images/Halogen Downlight.png"; sourceTree = "<group>"; };
		57A84E8815B7C3120030180C /* home-40.png */ = {isa = PBXFileReference; lastKnownFileType = image.png; name = "home-40.png"; path = "assets/Images/home-40.png"; sourceTree = "<group>"; };
		57A84E8915B7C3120030180C /* incandescent bulb.1.png */ = {isa = PBXFileReference; lastKnownFileType = image.png; name = "incandescent bulb.1.png"; path = "assets/Images/incandescent bulb.1.png"; sourceTree = "<group>"; };
		57A84E8A15B7C3120030180C /* iPod (use for iPod Charger).1.png */ = {isa = PBXFileReference; lastKnownFileType = image.png; name = "iPod (use for iPod Charger).1.png"; path = "assets/Images/iPod (use for iPod Charger).1.png"; sourceTree = "<group>"; };
		57A84E8B15B7C3120030180C /* Kettle.1.png */ = {isa = PBXFileReference; lastKnownFileType = image.png; name = Kettle.1.png; path = assets/Images/Kettle.1.png; sourceTree = "<group>"; };
		57A84E8C15B7C3120030180C /* Laptop.1.png */ = {isa = PBXFileReference; lastKnownFileType = image.png; name = Laptop.1.png; path = assets/Images/Laptop.1.png; sourceTree = "<group>"; };
		57A84E8D15B7C3120030180C /* LCD tv.1.png */ = {isa = PBXFileReference; lastKnownFileType = image.png; name = "LCD tv.1.png"; path = "assets/Images/LCD tv.1.png"; sourceTree = "<group>"; };
		57A84E8E15B7C3120030180C /* light-40.png */ = {isa = PBXFileReference; lastKnownFileType = image.png; name = "light-40.png"; path = "assets/Images/light-40.png"; sourceTree = "<group>"; };
		57A84E8F15B7C3120030180C /* Lighting.1.png */ = {isa = PBXFileReference; lastKnownFileType = image.png; name = Lighting.1.png; path = assets/Images/Lighting.1.png; sourceTree = "<group>"; };
		57A84E9015B7C3120030180C /* Linear Fluorescent lamp.png */ = {isa = PBXFileReference; lastKnownFileType = image.png; name = "Linear Fluorescent lamp.png"; path = "assets/Images/Linear Fluorescent lamp.png"; sourceTree = "<group>"; };
		57A84E9115B7C3120030180C /* loudspeaker.1.png */ = {isa = PBXFileReference; lastKnownFileType = image.png; name = loudspeaker.1.png; path = assets/Images/loudspeaker.1.png; sourceTree = "<group>"; };
		57A84E9215B7C3120030180C /* Microwave.1.png */ = {isa = PBXFileReference; lastKnownFileType = image.png; name = Microwave.1.png; path = assets/Images/Microwave.1.png; sourceTree = "<group>"; };
		57A84E9315B7C3120030180C /* Mobile phone charger.1.png */ = {isa = PBXFileReference; lastKnownFileType = image.png; name = "Mobile phone charger.1.png"; path = "assets/Images/Mobile phone charger.1.png"; sourceTree = "<group>"; };
		57A84E9415B7C3120030180C /* plasma-tv.png */ = {isa = PBXFileReference; lastKnownFileType = image.png; name = "plasma-tv.png"; path = "assets/Images/plasma-tv.png"; sourceTree = "<group>"; };
		57A84E9515B7C3120030180C /* printer.1.png */ = {isa = PBXFileReference; lastKnownFileType = image.png; name = printer.1.png; path = assets/Images/printer.1.png; sourceTree = "<group>"; };
		57A84E9615B7C3120030180C /* Residence.1.png */ = {isa = PBXFileReference; lastKnownFileType = image.png; name = Residence.1.png; path = assets/Images/Residence.1.png; sourceTree = "<group>"; };
		57A84E9715B7C3120030180C /* scanner.1.png */ = {isa = PBXFileReference; lastKnownFileType = image.png; name = scanner.1.png; path = assets/Images/scanner.1.png; sourceTree = "<group>"; };
		57A84E9815B7C3120030180C /* shower.png */ = {isa = PBXFileReference; lastKnownFileType = image.png; name = shower.png; path = assets/Images/shower.png; sourceTree = "<group>"; };
		57A84E9915B7C3120030180C /* standard tv.1.png */ = {isa = PBXFileReference; lastKnownFileType = image.png; name = "standard tv.1.png"; path = "assets/Images/standard tv.1.png"; sourceTree = "<group>"; };
		57A84E9A15B7C3120030180C /* stereo.1.png */ = {isa = PBXFileReference; lastKnownFileType = image.png; name = stereo.1.png; path = assets/Images/stereo.1.png; sourceTree = "<group>"; };
		57A84E9B15B7C3120030180C /* tap.1.png */ = {isa = PBXFileReference; lastKnownFileType = image.png; name = tap.1.png; path = assets/Images/tap.1.png; sourceTree = "<group>"; };
		57A84E9C15B7C3120030180C /* Toaster.1.png */ = {isa = PBXFileReference; lastKnownFileType = image.png; name = Toaster.1.png; path = assets/Images/Toaster.1.png; sourceTree = "<group>"; };
		57A84E9D15B7C3120030180C /* toilet.1.png */ = {isa = PBXFileReference; lastKnownFileType = image.png; name = toilet.1.png; path = assets/Images/toilet.1.png; sourceTree = "<group>"; };
		57A84E9E15B7C3120030180C /* washing machine.1.png */ = {isa = PBXFileReference; lastKnownFileType = image.png; name = "washing machine.1.png"; path = "assets/Images/washing machine.1.png"; sourceTree = "<group>"; };
		57A84E9F15B7C3120030180C /* water-40.png */ = {isa = PBXFileReference; lastKnownFileType = image.png; name = "water-40.png"; path = "assets/Images/water-40.png"; sourceTree = "<group>"; };
		57A84EA015B7C3120030180C /* XBox.png */ = {isa = PBXFileReference; lastKnownFileType = image.png; name = XBox.png; path = assets/Images/XBox.png; sourceTree = "<group>"; };
		57A84ECE15B7C33B0030180C /* .gitignore */ = {isa = PBXFileReference; fileEncoding = 4; lastKnownFileType = text; path = .gitignore; sourceTree = "<group>"; };
		57A84ECF15B7C33B0030180C /* ActionSheetPicker.h */ = {isa = PBXFileReference; fileEncoding = 4; lastKnownFileType = sourcecode.c.h; path = ActionSheetPicker.h; sourceTree = "<group>"; };
		57A84ED015B7C33B0030180C /* AUTHORS */ = {isa = PBXFileReference; fileEncoding = 4; lastKnownFileType = text; path = AUTHORS; sourceTree = "<group>"; };
		57A84ED115B7C33B0030180C /* LICENSE */ = {isa = PBXFileReference; fileEncoding = 4; lastKnownFileType = text; path = LICENSE; sourceTree = "<group>"; };
		57A84ED315B7C33B0030180C /* AbstractActionSheetPicker.h */ = {isa = PBXFileReference; fileEncoding = 4; lastKnownFileType = sourcecode.c.h; path = AbstractActionSheetPicker.h; sourceTree = "<group>"; };
		57A84ED415B7C33B0030180C /* AbstractActionSheetPicker.m */ = {isa = PBXFileReference; fileEncoding = 4; lastKnownFileType = sourcecode.c.objc; path = AbstractActionSheetPicker.m; sourceTree = "<group>"; };
		57A84ED515B7C33B0030180C /* ActionSheetDatePicker.h */ = {isa = PBXFileReference; fileEncoding = 4; lastKnownFileType = sourcecode.c.h; path = ActionSheetDatePicker.h; sourceTree = "<group>"; };
		57A84ED615B7C33B0030180C /* ActionSheetDatePicker.m */ = {isa = PBXFileReference; fileEncoding = 4; lastKnownFileType = sourcecode.c.objc; path = ActionSheetDatePicker.m; sourceTree = "<group>"; };
		57A84ED715B7C33B0030180C /* ActionSheetDistancePicker.h */ = {isa = PBXFileReference; fileEncoding = 4; lastKnownFileType = sourcecode.c.h; path = ActionSheetDistancePicker.h; sourceTree = "<group>"; };
		57A84ED815B7C33B0030180C /* ActionSheetDistancePicker.m */ = {isa = PBXFileReference; fileEncoding = 4; lastKnownFileType = sourcecode.c.objc; path = ActionSheetDistancePicker.m; sourceTree = "<group>"; };
		57A84ED915B7C33B0030180C /* ActionSheetStringPicker.h */ = {isa = PBXFileReference; fileEncoding = 4; lastKnownFileType = sourcecode.c.h; path = ActionSheetStringPicker.h; sourceTree = "<group>"; };
		57A84EDA15B7C33B0030180C /* ActionSheetStringPicker.m */ = {isa = PBXFileReference; fileEncoding = 4; lastKnownFileType = sourcecode.c.objc; path = ActionSheetStringPicker.m; sourceTree = "<group>"; };
		57A84EDB15B7C33B0030180C /* DistancePickerView.h */ = {isa = PBXFileReference; fileEncoding = 4; lastKnownFileType = sourcecode.c.h; path = DistancePickerView.h; sourceTree = "<group>"; };
		57A84EDC15B7C33B0030180C /* DistancePickerView.m */ = {isa = PBXFileReference; fileEncoding = 4; lastKnownFileType = sourcecode.c.objc; path = DistancePickerView.m; sourceTree = "<group>"; };
		57A84EDD15B7C33B0030180C /* README.md */ = {isa = PBXFileReference; fileEncoding = 4; lastKnownFileType = text; path = README.md; sourceTree = "<group>"; };
		57A84F0A15B7C4970030180C /* TestTableViewController.h */ = {isa = PBXFileReference; fileEncoding = 4; lastKnownFileType = sourcecode.c.h; path = TestTableViewController.h; sourceTree = "<group>"; };
		57A84F0B15B7C4970030180C /* TestTableViewController.m */ = {isa = PBXFileReference; fileEncoding = 4; lastKnownFileType = sourcecode.c.objc; path = TestTableViewController.m; sourceTree = "<group>"; };
		57AD062413E63E67007CAEEE /* AboutAppViewController.h */ = {isa = PBXFileReference; fileEncoding = 4; lastKnownFileType = sourcecode.c.h; path = AboutAppViewController.h; sourceTree = "<group>"; };
		57AD062513E63E67007CAEEE /* AboutAppViewController.m */ = {isa = PBXFileReference; fileEncoding = 4; lastKnownFileType = sourcecode.c.objc; path = AboutAppViewController.m; sourceTree = "<group>"; };
		57AD062613E63E67007CAEEE /* AboutAppViewController.xib */ = {isa = PBXFileReference; lastKnownFileType = file.xib; name = AboutAppViewController.xib; path = Classes/AboutAppViewController.xib; sourceTree = "<group>"; };
		57AD06F913E667B7007CAEEE /* AboutANUGreenViewController.h */ = {isa = PBXFileReference; fileEncoding = 4; lastKnownFileType = sourcecode.c.h; path = AboutANUGreenViewController.h; sourceTree = "<group>"; };
		57AD06FA13E667B7007CAEEE /* AboutANUGreenViewController.m */ = {isa = PBXFileReference; fileEncoding = 4; lastKnownFileType = sourcecode.c.objc; path = AboutANUGreenViewController.m; sourceTree = "<group>"; };
		57AD06FB13E667B7007CAEEE /* AboutANUGreenViewController.xib */ = {isa = PBXFileReference; lastKnownFileType = file.xib; name = AboutANUGreenViewController.xib; path = Classes/AboutANUGreenViewController.xib; sourceTree = "<group>"; };
		57BF3FD415BFB25000B763AB /* greenapp-40-highres.png */ = {isa = PBXFileReference; lastKnownFileType = image.png; path = "greenapp-40-highres.png"; sourceTree = "<group>"; };
		57BF3FD615BFB2F900B763AB /* greenapp-60.png */ = {isa = PBXFileReference; lastKnownFileType = image.png; path = "greenapp-60.png"; sourceTree = "<group>"; };
		57BF3FD815BFB50500B763AB /* elecplug-80.png */ = {isa = PBXFileReference; lastKnownFileType = image.png; path = "elecplug-80.png"; sourceTree = "<group>"; };
		57BF3FDA15BFB50F00B763AB /* gas-80.png */ = {isa = PBXFileReference; lastKnownFileType = image.png; path = "gas-80.png"; sourceTree = "<group>"; };
		57BF3FDC15BFB51B00B763AB /* water-80.png */ = {isa = PBXFileReference; lastKnownFileType = image.png; path = "water-80.png"; sourceTree = "<group>"; };
		57BF3FDE15BFB53500B763AB /* home-80.png */ = {isa = PBXFileReference; lastKnownFileType = image.png; path = "home-80.png"; sourceTree = "<group>"; };
		57BF3FE015BFB54300B763AB /* clipboard-80.png */ = {isa = PBXFileReference; lastKnownFileType = image.png; path = "clipboard-80.png"; sourceTree = "<group>"; };
		57BF3FE215C0D1DB00B763AB /* ANUgreen logo 2011.jpeg */ = {isa = PBXFileReference; lastKnownFileType = image.jpeg; path = "ANUgreen logo 2011.jpeg"; sourceTree = "<group>"; };
		57C28470160C158400A6FF0F /* app-icon-greencalc-114.png */ = {isa = PBXFileReference; lastKnownFileType = image.png; path = "app-icon-greencalc-114.png"; sourceTree = "<group>"; };
		57C28472160C159B00A6FF0F /* app-icon-greencalc-57.png */ = {isa = PBXFileReference; lastKnownFileType = image.png; path = "app-icon-greencalc-57.png"; sourceTree = "<group>"; };
		57C28474160C162500A6FF0F /* Default@2x.png */ = {isa = PBXFileReference; lastKnownFileType = image.png; path = "Default@2x.png"; sourceTree = "<group>"; };
		57C28476160C169E00A6FF0F /* Default.png */ = {isa = PBXFileReference; lastKnownFileType = image.png; path = Default.png; sourceTree = "<group>"; };
		57C4C0E416157ABF00C6AE6A /* greenapp-60@2x.png */ = {isa = PBXFileReference; lastKnownFileType = image.png; path = "greenapp-60@2x.png"; sourceTree = "<group>"; };
		57C4C0E816157BEF00C6AE6A /* app-splash-h@2x.png */ = {isa = PBXFileReference; lastKnownFileType = image.png; name = "app-splash-h@2x.png"; path = "assets/Images/app-splash-h@2x.png"; sourceTree = "<group>"; };
		57EACC6413EA666C0044A60F /* AuditElectricityGroomingViewController.h */ = {isa = PBXFileReference; fileEncoding = 4; lastKnownFileType = sourcecode.c.h; path = AuditElectricityGroomingViewController.h; sourceTree = "<group>"; };
		57EACC6513EA666C0044A60F /* AuditElectricityGroomingViewController.m */ = {isa = PBXFileReference; fileEncoding = 4; lastKnownFileType = sourcecode.c.objc; path = AuditElectricityGroomingViewController.m; sourceTree = "<group>"; };
		57FC7F171665E462000D4571 /* Default-568@2x.png */ = {isa = PBXFileReference; lastKnownFileType = image.png; path = "Default-568@2x.png"; sourceTree = "<group>"; };
		8D1107310486CEB800E47090 /* GreenKey-Info.plist */ = {isa = PBXFileReference; fileEncoding = 4; lastKnownFileType = text.plist.xml; path = "GreenKey-Info.plist"; plistStructureDefinitionIdentifier = "com.apple.xcode.plist.structure-definition.iphone.info-plist"; sourceTree = "<group>"; };
/* End PBXFileReference section */

/* Begin PBXFrameworksBuildPhase section */
		1D60588F0D05DD3D006BFB54 /* Frameworks */ = {
			isa = PBXFrameworksBuildPhase;
			buildActionMask = 2147483647;
			files = (
				1D60589F0D05DD5A006BFB54 /* Foundation.framework in Frameworks */,
				1DF5F4E00D08C38300B7A737 /* UIKit.framework in Frameworks */,
				288765A50DF7441C002DB57D /* CoreGraphics.framework in Frameworks */,
			);
			runOnlyForDeploymentPostprocessing = 0;
		};
/* End PBXFrameworksBuildPhase section */

/* Begin PBXGroup section */
		080E96DDFE201D6D7F000001 /* Classes */ = {
			isa = PBXGroup;
			children = (
				57A84F0A15B7C4970030180C /* TestTableViewController.h */,
				57A84F0B15B7C4970030180C /* TestTableViewController.m */,
				57A84ECD15B7C33B0030180C /* TimCinel-ActionSheetPicker-5937d2f */,
				1D3623240D0F684500981E51 /* ANUGreenAppDelegate.h */,
				1D3623250D0F684500981E51 /* ANUGreenAppDelegate.m */,
				57EACC6413EA666C0044A60F /* AuditElectricityGroomingViewController.h */,
				57EACC6513EA666C0044A60F /* AuditElectricityGroomingViewController.m */,
				5777ED5313E8266A004E12AC /* AuditElectricityKitchenViewController.h */,
				5777ED5413E8266A004E12AC /* AuditElectricityKitchenViewController.m */,
				28D7ACF60DDB3853001CB0EB /* ANUGreenViewController.h */,
				28D7ACF70DDB3853001CB0EB /* ANUGreenViewController.m */,
				5777EC7F13E81A01004E12AC /* AuditResidenceViewController.h */,
				5777EC8013E81A01004E12AC /* AuditResidenceViewController.m */,
				5777ECD713E82091004E12AC /* AuditHeatingViewController.h */,
				5777ECD813E82091004E12AC /* AuditHeatingViewController.m */,
				5777ECB013E81E93004E12AC /* AuditLightingViewController.h */,
				5777ECB113E81E93004E12AC /* AuditLightingViewController.m */,
				57AD062413E63E67007CAEEE /* AboutAppViewController.h */,
				57AD062513E63E67007CAEEE /* AboutAppViewController.m */,
				5777ED6F13E827F0004E12AC /* AuditElectricityEntertainmentViewController.h */,
				5777ED7013E827F0004E12AC /* AuditElectricityEntertainmentViewController.m */,
				5777ED6613E82798004E12AC /* AuditElectricityCommunicationsViewController.h */,
				5777ED6713E82798004E12AC /* AuditElectricityCommunicationsViewController.m */,
				57448ACC13EA335200B24345 /* InitiativesViewController.h */,
				57448ACD13EA335200B24345 /* InitiativesViewController.m */,
				57AD06F913E667B7007CAEEE /* AboutANUGreenViewController.h */,
				57AD06FA13E667B7007CAEEE /* AboutANUGreenViewController.m */,
				5777ECDE13E820A9004E12AC /* AuditWaterViewController.h */,
				5777ECDF13E820A9004E12AC /* AuditWaterViewController.m */,
				5777ECE513E820BB004E12AC /* AuditCalculateViewController.h */,
				5777ECE613E820BB004E12AC /* AuditCalculateViewController.m */,
				5777ED0113E8223F004E12AC /* AuditElectricityTableViewController.h */,
				5777ED0213E8223F004E12AC /* AuditElectricityTableViewController.m */,
			);
			path = Classes;
			sourceTree = "<group>";
		};
		19C28FACFE9D520D11CA2CBB /* Products */ = {
			isa = PBXGroup;
			children = (
				1D6058910D05DD3D006BFB54 /* GreenKey.app */,
			);
			name = Products;
			sourceTree = "<group>";
		};
		29B97314FDCFA39411CA2CEA /* CustomTemplate */ = {
			isa = PBXGroup;
			children = (
				57C28476160C169E00A6FF0F /* Default.png */,
				57C28474160C162500A6FF0F /* Default@2x.png */,
				57FC7F171665E462000D4571 /* Default-568@2x.png */,
				57C28472160C159B00A6FF0F /* app-icon-greencalc-57.png */,
				57C28470160C158400A6FF0F /* app-icon-greencalc-114.png */,
				080E96DDFE201D6D7F000001 /* Classes */,
				29B97315FDCFA39411CA2CEA /* Other Sources */,
				29B97317FDCFA39411CA2CEA /* Resources */,
				19C28FACFE9D520D11CA2CBB /* Products */,
			);
			name = CustomTemplate;
			sourceTree = "<group>";
		};
		29B97315FDCFA39411CA2CEA /* Other Sources */ = {
			isa = PBXGroup;
			children = (
				32CA4F630368D1EE00C91783 /* GreenKey_Prefix.pch */,
				29B97316FDCFA39411CA2CEA /* main.m */,
			);
			name = "Other Sources";
			sourceTree = "<group>";
		};
		29B97317FDCFA39411CA2CEA /* Resources */ = {
			isa = PBXGroup;
			children = (
				57448AD113EA336700B24345 /* Images */,
				57448ACE13EA335200B24345 /* InitiativesViewController.xib */,
				571CF9A01600526500B6C4AF /* AuditElectricityGroomingViewController.xib */,
				5777ED6813E82798004E12AC /* AuditElectricityCommunicationsViewController.xib */,
				5777ED7113E827F0004E12AC /* AuditElectricityEntertainmentViewController.xib */,
				5777ED5513E8266A004E12AC /* AuditElectricityKitchenViewController.xib */,
				5777ECE713E820BB004E12AC /* AuditCalculateViewController.xib */,
				5777ECD913E82091004E12AC /* AuditHeatingViewController.xib */,
				5777ECE013E820A9004E12AC /* AuditWaterViewController.xib */,
				5777ECB213E81E93004E12AC /* AuditLightingViewController.xib */,
				5777EC8113E81A01004E12AC /* AuditResidenceViewController.xib */,
				57AD06FB13E667B7007CAEEE /* AboutANUGreenViewController.xib */,
				2899E5210DE3E06400AC0155 /* ANUGreenViewController.xib */,
				57AD062613E63E67007CAEEE /* AboutAppViewController.xib */,
				28AD733E0D9D9553002E5188 /* MainWindow.xib */,
				8D1107310486CEB800E47090 /* GreenKey-Info.plist */,
				29B97323FDCFA39411CA2CEA /* Frameworks */,
			);
			name = Resources;
			sourceTree = "<group>";
		};
		29B97323FDCFA39411CA2CEA /* Frameworks */ = {
			isa = PBXGroup;
			children = (
				1DF5F4DF0D08C38300B7A737 /* UIKit.framework */,
				1D30AB110D05D00D00671497 /* Foundation.framework */,
				288765A40DF7441C002DB57D /* CoreGraphics.framework */,
			);
			name = Frameworks;
			sourceTree = "<group>";
		};
		57448AD113EA336700B24345 /* Images */ = {
			isa = PBXGroup;
			children = (
				573C2F2615DCBC19008119E9 /* Linear_Fluorescent_Lamp.jpg */,
				573C2F2415DCBB6A008119E9 /* Compact_Fluorescent_Downlight.jpg */,
				57BF3FE215C0D1DB00B763AB /* ANUgreen logo 2011.jpeg */,
				57A84E7515B7C3120030180C /* 725_ANUgreen_logo_small.jpg */,
				57A84E7615B7C3120030180C /* anu_web_l.png */,
				57A84E7715B7C3120030180C /* app-icon-greencalc.png */,
				57A84E7815B7C3120030180C /* app-splash-h.png */,
				57C4C0E816157BEF00C6AE6A /* app-splash-h@2x.png */,
				57A84E7915B7C3120030180C /* app-splash-v-greencalc.png */,
				57A84E7A15B7C3120030180C /* Blowdryer.1.png */,
				57A84E7B15B7C3120030180C /* Circular fluorescent lamp.1.png */,
				57A84E7C15B7C3120030180C /* clipboard-40.png */,
				57BF3FE015BFB54300B763AB /* clipboard-80.png */,
				57A84E7D15B7C3120030180C /* Coffee Maker.png */,
				57A84E7E15B7C3120030180C /* Compact Fluorescent downlight.1.png */,
				57A84E7F15B7C3120030180C /* Compact Fluorescent lamp.png */,
				57A84E8015B7C3120030180C /* Default.png */,
				57A84E8115B7C3120030180C /* Desktop.1.png */,
				57A84E8215B7C3120030180C /* DVD.1.png */,
				57A84E8315B7C3120030180C /* elecplug-40.png */,
				57BF3FD815BFB50500B763AB /* elecplug-80.png */,
				57A84E8415B7C3120030180C /* gas-40.png */,
				57BF3FDA15BFB50F00B763AB /* gas-80.png */,
				57A84E8515B7C3120030180C /* greenapp-40.png */,
				57BF3FD415BFB25000B763AB /* greenapp-40-highres.png */,
				57C4C0E416157ABF00C6AE6A /* greenapp-60@2x.png */,
				57BF3FD615BFB2F900B763AB /* greenapp-60.png */,
				57A84E8615B7C3120030180C /* Hair Straightener.1.png */,
				57A84E8715B7C3120030180C /* Halogen Downlight.png */,
				57A84E8815B7C3120030180C /* home-40.png */,
				57BF3FDE15BFB53500B763AB /* home-80.png */,
				57A84E8915B7C3120030180C /* incandescent bulb.1.png */,
				57A84E8A15B7C3120030180C /* iPod (use for iPod Charger).1.png */,
				57A84E8B15B7C3120030180C /* Kettle.1.png */,
				57A84E8C15B7C3120030180C /* Laptop.1.png */,
				57A84E8D15B7C3120030180C /* LCD tv.1.png */,
				57A84E8E15B7C3120030180C /* light-40.png */,
				5745395F15B7E276001D34A5 /* light-80.png */,
				57A84E8F15B7C3120030180C /* Lighting.1.png */,
				57A84E9015B7C3120030180C /* Linear Fluorescent lamp.png */,
				57A84E9115B7C3120030180C /* loudspeaker.1.png */,
				57A84E9215B7C3120030180C /* Microwave.1.png */,
				57A84E9315B7C3120030180C /* Mobile phone charger.1.png */,
				57A84E9415B7C3120030180C /* plasma-tv.png */,
				57A84E9515B7C3120030180C /* printer.1.png */,
				57A84E9615B7C3120030180C /* Residence.1.png */,
				57A84E9715B7C3120030180C /* scanner.1.png */,
				57A84E9815B7C3120030180C /* shower.png */,
				57A84E9915B7C3120030180C /* standard tv.1.png */,
				57A84E9A15B7C3120030180C /* stereo.1.png */,
				57A84E9B15B7C3120030180C /* tap.1.png */,
				57A84E9C15B7C3120030180C /* Toaster.1.png */,
				57A84E9D15B7C3120030180C /* toilet.1.png */,
				57A84E9E15B7C3120030180C /* washing machine.1.png */,
				57A84E9F15B7C3120030180C /* water-40.png */,
				57BF3FDC15BFB51B00B763AB /* water-80.png */,
				57A84EA015B7C3120030180C /* XBox.png */,
			);
			name = Images;
			sourceTree = "<group>";
		};
		57A84ECD15B7C33B0030180C /* TimCinel-ActionSheetPicker-5937d2f */ = {
			isa = PBXGroup;
			children = (
				57A84ECE15B7C33B0030180C /* .gitignore */,
				57A84ECF15B7C33B0030180C /* ActionSheetPicker.h */,
				57A84ED015B7C33B0030180C /* AUTHORS */,
				57A84ED115B7C33B0030180C /* LICENSE */,
				57A84ED215B7C33B0030180C /* Pickers */,
				57A84EDD15B7C33B0030180C /* README.md */,
			);
			path = "TimCinel-ActionSheetPicker-5937d2f";
			sourceTree = "<group>";
		};
		57A84ED215B7C33B0030180C /* Pickers */ = {
			isa = PBXGroup;
			children = (
				57A84ED315B7C33B0030180C /* AbstractActionSheetPicker.h */,
				57A84ED415B7C33B0030180C /* AbstractActionSheetPicker.m */,
				57A84ED515B7C33B0030180C /* ActionSheetDatePicker.h */,
				57A84ED615B7C33B0030180C /* ActionSheetDatePicker.m */,
				57A84ED715B7C33B0030180C /* ActionSheetDistancePicker.h */,
				57A84ED815B7C33B0030180C /* ActionSheetDistancePicker.m */,
				57A84ED915B7C33B0030180C /* ActionSheetStringPicker.h */,
				57A84EDA15B7C33B0030180C /* ActionSheetStringPicker.m */,
				57A84EDB15B7C33B0030180C /* DistancePickerView.h */,
				57A84EDC15B7C33B0030180C /* DistancePickerView.m */,
			);
			path = Pickers;
			sourceTree = "<group>";
		};
/* End PBXGroup section */

/* Begin PBXNativeTarget section */
		1D6058900D05DD3D006BFB54 /* GreenKey */ = {
			isa = PBXNativeTarget;
			buildConfigurationList = 1D6058960D05DD3E006BFB54 /* Build configuration list for PBXNativeTarget "GreenKey" */;
			buildPhases = (
				1D60588D0D05DD3D006BFB54 /* Resources */,
				1D60588E0D05DD3D006BFB54 /* Sources */,
				1D60588F0D05DD3D006BFB54 /* Frameworks */,
			);
			buildRules = (
			);
			dependencies = (
			);
			name = GreenKey;
			productName = ANUGreen;
			productReference = 1D6058910D05DD3D006BFB54 /* GreenKey.app */;
			productType = "com.apple.product-type.application";
		};
/* End PBXNativeTarget section */

/* Begin PBXProject section */
		29B97313FDCFA39411CA2CEA /* Project object */ = {
			isa = PBXProject;
			attributes = {
				LastUpgradeCheck = 0410;
				ORGANIZATIONNAME = ANUGreen;
			};
			buildConfigurationList = C01FCF4E08A954540054247B /* Build configuration list for PBXProject "GreenKey" */;
			compatibilityVersion = "Xcode 3.2";
			developmentRegion = English;
			hasScannedForEncodings = 1;
			knownRegions = (
				English,
				Japanese,
				French,
				German,
			);
			mainGroup = 29B97314FDCFA39411CA2CEA /* CustomTemplate */;
			projectDirPath = "";
			projectRoot = "";
			targets = (
				1D6058900D05DD3D006BFB54 /* GreenKey */,
			);
		};
/* End PBXProject section */

/* Begin PBXResourcesBuildPhase section */
		1D60588D0D05DD3D006BFB54 /* Resources */ = {
			isa = PBXResourcesBuildPhase;
			buildActionMask = 2147483647;
			files = (
				28AD733F0D9D9553002E5188 /* MainWindow.xib in Resources */,
				2899E5220DE3E06400AC0155 /* ANUGreenViewController.xib in Resources */,
				57AD062813E63E67007CAEEE /* AboutAppViewController.xib in Resources */,
				57AD06FD13E667B7007CAEEE /* AboutANUGreenViewController.xib in Resources */,
				5777EC8313E81A01004E12AC /* AuditResidenceViewController.xib in Resources */,
				5777ECB413E81E93004E12AC /* AuditLightingViewController.xib in Resources */,
				5777ECDB13E82091004E12AC /* AuditHeatingViewController.xib in Resources */,
				5777ECE213E820A9004E12AC /* AuditWaterViewController.xib in Resources */,
				5777ECE913E820BB004E12AC /* AuditCalculateViewController.xib in Resources */,
				5777ED5713E8266A004E12AC /* AuditElectricityKitchenViewController.xib in Resources */,
				5777ED6A13E82798004E12AC /* AuditElectricityCommunicationsViewController.xib in Resources */,
				5777ED7313E827F0004E12AC /* AuditElectricityEntertainmentViewController.xib in Resources */,
				57448AD013EA335200B24345 /* InitiativesViewController.xib in Resources */,
				57A84EA115B7C3120030180C /* 725_ANUgreen_logo_small.jpg in Resources */,
				57A84EA215B7C3120030180C /* anu_web_l.png in Resources */,
				57A84EA315B7C3120030180C /* app-icon-greencalc.png in Resources */,
				57A84EA415B7C3120030180C /* app-splash-h.png in Resources */,
				57A84EA515B7C3120030180C /* app-splash-v-greencalc.png in Resources */,
				57A84EA615B7C3120030180C /* Blowdryer.1.png in Resources */,
				57A84EA715B7C3120030180C /* Circular fluorescent lamp.1.png in Resources */,
				57A84EA815B7C3120030180C /* clipboard-40.png in Resources */,
				57A84EA915B7C3120030180C /* Coffee Maker.png in Resources */,
				57A84EAA15B7C3120030180C /* Compact Fluorescent downlight.1.png in Resources */,
				57A84EAB15B7C3120030180C /* Compact Fluorescent lamp.png in Resources */,
				57A84EAD15B7C3120030180C /* Desktop.1.png in Resources */,
				57A84EAE15B7C3120030180C /* DVD.1.png in Resources */,
				57A84EAF15B7C3120030180C /* elecplug-40.png in Resources */,
				57A84EB015B7C3120030180C /* gas-40.png in Resources */,
				57A84EB115B7C3120030180C /* greenapp-40.png in Resources */,
				57A84EB215B7C3120030180C /* Hair Straightener.1.png in Resources */,
				57A84EB315B7C3120030180C /* Halogen Downlight.png in Resources */,
				57A84EB415B7C3120030180C /* home-40.png in Resources */,
				57A84EB515B7C3120030180C /* incandescent bulb.1.png in Resources */,
				57A84EB615B7C3120030180C /* iPod (use for iPod Charger).1.png in Resources */,
				57A84EB715B7C3120030180C /* Kettle.1.png in Resources */,
				57A84EB815B7C3120030180C /* Laptop.1.png in Resources */,
				57A84EB915B7C3120030180C /* LCD tv.1.png in Resources */,
				57A84EBA15B7C3120030180C /* light-40.png in Resources */,
				57A84EBB15B7C3120030180C /* Lighting.1.png in Resources */,
				57A84EBC15B7C3120030180C /* Linear Fluorescent lamp.png in Resources */,
				57A84EBD15B7C3120030180C /* loudspeaker.1.png in Resources */,
				57A84EBE15B7C3120030180C /* Microwave.1.png in Resources */,
				57A84EBF15B7C3120030180C /* Mobile phone charger.1.png in Resources */,
				57A84EC015B7C3120030180C /* plasma-tv.png in Resources */,
				57A84EC115B7C3120030180C /* printer.1.png in Resources */,
				57A84EC215B7C3120030180C /* Residence.1.png in Resources */,
				57A84EC315B7C3120030180C /* scanner.1.png in Resources */,
				57A84EC415B7C3120030180C /* shower.png in Resources */,
				57A84EC515B7C3120030180C /* standard tv.1.png in Resources */,
				57A84EC615B7C3120030180C /* stereo.1.png in Resources */,
				57A84EC715B7C3120030180C /* tap.1.png in Resources */,
				57A84EC815B7C3120030180C /* Toaster.1.png in Resources */,
				57A84EC915B7C3120030180C /* toilet.1.png in Resources */,
				57A84ECA15B7C3120030180C /* washing machine.1.png in Resources */,
				57A84ECB15B7C3120030180C /* water-40.png in Resources */,
				57A84ECC15B7C3120030180C /* XBox.png in Resources */,
				57A84EF515B7C33B0030180C /* .gitignore in Resources */,
				57A84EF615B7C33B0030180C /* AUTHORS in Resources */,
				57A84EF715B7C33B0030180C /* LICENSE in Resources */,
				57A84EFD15B7C33B0030180C /* README.md in Resources */,
				5745396015B7E276001D34A5 /* light-80.png in Resources */,
				57BF3FD515BFB25000B763AB /* greenapp-40-highres.png in Resources */,
				57BF3FD715BFB2F900B763AB /* greenapp-60.png in Resources */,
				57BF3FD915BFB50500B763AB /* elecplug-80.png in Resources */,
				57BF3FDB15BFB50F00B763AB /* gas-80.png in Resources */,
				57BF3FDD15BFB51B00B763AB /* water-80.png in Resources */,
				57BF3FDF15BFB53500B763AB /* home-80.png in Resources */,
				57BF3FE115BFB54300B763AB /* clipboard-80.png in Resources */,
				57BF3FE315C0D1DB00B763AB /* ANUgreen logo 2011.jpeg in Resources */,
				573C2F2515DCBB6A008119E9 /* Compact_Fluorescent_Downlight.jpg in Resources */,
				573C2F2715DCBC19008119E9 /* Linear_Fluorescent_Lamp.jpg in Resources */,
				571CF9A11600526500B6C4AF /* AuditElectricityGroomingViewController.xib in Resources */,
				57C28471160C158400A6FF0F /* app-icon-greencalc-114.png in Resources */,
				57C28473160C159B00A6FF0F /* app-icon-greencalc-57.png in Resources */,
				57C28475160C162500A6FF0F /* Default@2x.png in Resources */,
				57C28477160C169E00A6FF0F /* Default.png in Resources */,
				57C4C0E516157ABF00C6AE6A /* greenapp-60@2x.png in Resources */,
				57C4C0E916157BEF00C6AE6A /* app-splash-h@2x.png in Resources */,
				57FC7F181665E462000D4571 /* Default-568@2x.png in Resources */,
			);
			runOnlyForDeploymentPostprocessing = 0;
		};
/* End PBXResourcesBuildPhase section */

/* Begin PBXSourcesBuildPhase section */
		1D60588E0D05DD3D006BFB54 /* Sources */ = {
			isa = PBXSourcesBuildPhase;
			buildActionMask = 2147483647;
			files = (
				57A84F0D15B7C6040030180C /* TestTableViewController.m in Sources */,
				1D60589B0D05DD56006BFB54 /* main.m in Sources */,
				1D3623260D0F684500981E51 /* ANUGreenAppDelegate.m in Sources */,
				28D7ACF80DDB3853001CB0EB /* ANUGreenViewController.m in Sources */,
				57AD062713E63E67007CAEEE /* AboutAppViewController.m in Sources */,
				57AD06FC13E667B7007CAEEE /* AboutANUGreenViewController.m in Sources */,
				5777EC8213E81A01004E12AC /* AuditResidenceViewController.m in Sources */,
				5777ECB313E81E93004E12AC /* AuditLightingViewController.m in Sources */,
				5777ECDA13E82091004E12AC /* AuditHeatingViewController.m in Sources */,
				5777ECE113E820A9004E12AC /* AuditWaterViewController.m in Sources */,
				5777ECE813E820BB004E12AC /* AuditCalculateViewController.m in Sources */,
				5777ED0313E8223F004E12AC /* AuditElectricityTableViewController.m in Sources */,
				5777ED5613E8266A004E12AC /* AuditElectricityKitchenViewController.m in Sources */,
				5777ED6913E82798004E12AC /* AuditElectricityCommunicationsViewController.m in Sources */,
				5777ED7213E827F0004E12AC /* AuditElectricityEntertainmentViewController.m in Sources */,
				57448ACF13EA335200B24345 /* InitiativesViewController.m in Sources */,
				57EACC6713EA666C0044A60F /* AuditElectricityGroomingViewController.m in Sources */,
				57A84EF815B7C33B0030180C /* AbstractActionSheetPicker.m in Sources */,
				57A84EF915B7C33B0030180C /* ActionSheetDatePicker.m in Sources */,
				57A84EFA15B7C33B0030180C /* ActionSheetDistancePicker.m in Sources */,
				57A84EFB15B7C33B0030180C /* ActionSheetStringPicker.m in Sources */,
				57A84EFC15B7C33B0030180C /* DistancePickerView.m in Sources */,
			);
			runOnlyForDeploymentPostprocessing = 0;
		};
/* End PBXSourcesBuildPhase section */

/* Begin XCBuildConfiguration section */
		1D6058940D05DD3E006BFB54 /* Debug */ = {
			isa = XCBuildConfiguration;
			buildSettings = {
				ALWAYS_SEARCH_USER_PATHS = YES;
				COPY_PHASE_STRIP = NO;
				GCC_DYNAMIC_NO_PIC = NO;
				GCC_OPTIMIZATION_LEVEL = 0;
				GCC_PRECOMPILE_PREFIX_HEADER = YES;
				GCC_PREFIX_HEADER = GreenKey_Prefix.pch;
				GCC_VERSION = com.apple.compilers.llvm.clang.1_0;
				INFOPLIST_FILE = "GreenKey-Info.plist";
				IPHONEOS_DEPLOYMENT_TARGET = 6.1;
				PRODUCT_NAME = GreenKey;
				TARGETED_DEVICE_FAMILY = 1;
			};
			name = Debug;
		};
		1D6058950D05DD3E006BFB54 /* Release */ = {
			isa = XCBuildConfiguration;
			buildSettings = {
				ALWAYS_SEARCH_USER_PATHS = YES;
				COPY_PHASE_STRIP = YES;
				GCC_PRECOMPILE_PREFIX_HEADER = YES;
				GCC_PREFIX_HEADER = GreenKey_Prefix.pch;
				GCC_VERSION = com.apple.compilers.llvm.clang.1_0;
				INFOPLIST_FILE = "GreenKey-Info.plist";
				IPHONEOS_DEPLOYMENT_TARGET = 6.1;
				LIBRARY_SEARCH_PATHS = "";
				PRODUCT_NAME = GreenKey;
				TARGETED_DEVICE_FAMILY = 1;
				VALIDATE_PRODUCT = YES;
			};
			name = Release;
		};
		C01FCF4F08A954540054247B /* Debug */ = {
			isa = XCBuildConfiguration;
			buildSettings = {
				ARCHS = "$(ARCHS_STANDARD_32_BIT)";
				CODE_SIGN_IDENTITY = "iPhone Developer: Victor Wibisono (7CVK9W88RR)";
				"CODE_SIGN_IDENTITY[sdk=iphoneos*]" = "iPhone Developer: Victor Wibisono (7CVK9W88RR)";
				GCC_C_LANGUAGE_STANDARD = c99;
				GCC_VERSION = com.apple.compilers.llvm.clang.1_0;
				GCC_WARN_ABOUT_RETURN_TYPE = YES;
				GCC_WARN_UNUSED_VARIABLE = YES;
				PRODUCT_NAME = GreenKey;
				PROVISIONING_PROFILE = "E2968ECD-AB82-4EBC-AC92-C028762DE7D3";
				"PROVISIONING_PROFILE[sdk=iphoneos*]" = "E2968ECD-AB82-4EBC-AC92-C028762DE7D3";
				SDKROOT = iphoneos;
			};
			name = Debug;
		};
		C01FCF5008A954540054247B /* Release */ = {
			isa = XCBuildConfiguration;
			buildSettings = {
				ARCHS = "$(ARCHS_STANDARD_32_BIT)";
				CODE_SIGN_IDENTITY = "iPhone Developer: Victor Wibisono (7CVK9W88RR)";
				"CODE_SIGN_IDENTITY[sdk=iphoneos*]" = "iPhone Developer: Victor Wibisono (7CVK9W88RR)";
				GCC_C_LANGUAGE_STANDARD = c99;
				GCC_VERSION = com.apple.compilers.llvm.clang.1_0;
				GCC_WARN_ABOUT_RETURN_TYPE = YES;
				GCC_WARN_UNUSED_VARIABLE = YES;
				OTHER_CFLAGS = "-DNS_BLOCK_ASSERTIONS=1";
				PRODUCT_NAME = GreenKey;
				PROVISIONING_PROFILE = "E2968ECD-AB82-4EBC-AC92-C028762DE7D3";
				"PROVISIONING_PROFILE[sdk=iphoneos*]" = "E2968ECD-AB82-4EBC-AC92-C028762DE7D3";
				SDKROOT = iphoneos;
			};
			name = Release;
		};
/* End XCBuildConfiguration section */

/* Begin XCConfigurationList section */
		1D6058960D05DD3E006BFB54 /* Build configuration list for PBXNativeTarget "GreenKey" */ = {
			isa = XCConfigurationList;
			buildConfigurations = (
				1D6058940D05DD3E006BFB54 /* Debug */,
				1D6058950D05DD3E006BFB54 /* Release */,
			);
			defaultConfigurationIsVisible = 0;
			defaultConfigurationName = Release;
		};
		C01FCF4E08A954540054247B /* Build configuration list for PBXProject "GreenKey" */ = {
			isa = XCConfigurationList;
			buildConfigurations = (
				C01FCF4F08A954540054247B /* Debug */,
				C01FCF5008A954540054247B /* Release */,
			);
			defaultConfigurationIsVisible = 0;
			defaultConfigurationName = Release;
		};
/* End XCConfigurationList section */
	};
	rootObject = 29B97313FDCFA39411CA2CEA /* Project object */;
}
