// !$*UTF8*$!
{
	archiveVersion = 1;
	classes = {
	};
	objectVersion = 46;
	objects = {

/* Begin PBXBuildFile section */
		1D3623260D0F684500981E51 /* ANUGreenAppDelegate.m in Sources */ = {isa = PBXBuildFile; fileRef = 1D3623250D0F684500981E51 /* ANUGreenAppDelegate.m */; };
		1D60589B0D05DD56006BFB54 /* main.m in Sources */ = {isa = PBXBuildFile; fileRef = 29B97316FDCFA39411CA2CEA /* main.m */; };
		1D60589F0D05DD5A006BFB54 /* Foundation.framework in Frameworks */ = {isa = PBXBuildFile; fileRef = 1D30AB110D05D00D00671497 /* Foundation.framework */; };
		1DF5F4E00D08C38300B7A737 /* UIKit.framework in Frameworks */ = {isa = PBXBuildFile; fileRef = 1DF5F4DF0D08C38300B7A737 /* UIKit.framework */; };
		288765A50DF7441C002DB57D /* CoreGraphics.framework in Frameworks */ = {isa = PBXBuildFile; fileRef = 288765A40DF7441C002DB57D /* CoreGraphics.framework */; };
		2899E5220DE3E06400AC0155 /* ANUGreenViewController.xib in Resources */ = {isa = PBXBuildFile; fileRef = 2899E5210DE3E06400AC0155 /* ANUGreenViewController.xib */; };
		28AD733F0D9D9553002E5188 /* MainWindow.xib in Resources */ = {isa = PBXBuildFile; fileRef = 28AD733E0D9D9553002E5188 /* MainWindow.xib */; };
		28D7ACF80DDB3853001CB0EB /* ANUGreenViewController.m in Sources */ = {isa = PBXBuildFile; fileRef = 28D7ACF70DDB3853001CB0EB /* ANUGreenViewController.m */; };
		571D5D7513EBB250006B7559 /* Default.png in Resources */ = {isa = PBXBuildFile; fileRef = 571D5D7413EBB250006B7559 /* Default.png */; };
		57398AD713F0A46F00DE14B3 /* Linear Fluorescent lamp.png in Resources */ = {isa = PBXBuildFile; fileRef = 57398AD613F0A46F00DE14B3 /* Linear Fluorescent lamp.png */; };
		57398AD913F0A4AC00DE14B3 /* Circular fluorescent lamp.1.png in Resources */ = {isa = PBXBuildFile; fileRef = 57398AD813F0A4AC00DE14B3 /* Circular fluorescent lamp.1.png */; };
		57398ADB13F0A4C700DE14B3 /* Compact Fluorescent downlight.1.png in Resources */ = {isa = PBXBuildFile; fileRef = 57398ADA13F0A4C700DE14B3 /* Compact Fluorescent downlight.1.png */; };
		57398ADD13F0A4E300DE14B3 /* incandescent bulb.1.png in Resources */ = {isa = PBXBuildFile; fileRef = 57398ADC13F0A4E300DE14B3 /* incandescent bulb.1.png */; };
		57398ADF13F0A53500DE14B3 /* LCD tv.1.png in Resources */ = {isa = PBXBuildFile; fileRef = 57398ADE13F0A53500DE14B3 /* LCD tv.1.png */; };
		57398AE113F0A63A00DE14B3 /* plasma-tv.png in Resources */ = {isa = PBXBuildFile; fileRef = 57398AE013F0A63A00DE14B3 /* plasma-tv.png */; };
		57398AE313F0A65900DE14B3 /* standard tv.1.png in Resources */ = {isa = PBXBuildFile; fileRef = 57398AE213F0A65900DE14B3 /* standard tv.1.png */; };
		57398AE513F0A7F600DE14B3 /* Mobile phone charger.1.png in Resources */ = {isa = PBXBuildFile; fileRef = 57398AE413F0A7F600DE14B3 /* Mobile phone charger.1.png */; };
		57398AEA13F0AF3400DE14B3 /* shower.png in Resources */ = {isa = PBXBuildFile; fileRef = 57398AE613F0AF3400DE14B3 /* shower.png */; };
		57398AEB13F0AF3400DE14B3 /* tap.1.png in Resources */ = {isa = PBXBuildFile; fileRef = 57398AE713F0AF3400DE14B3 /* tap.1.png */; };
		57398AEC13F0AF3400DE14B3 /* toilet.1.png in Resources */ = {isa = PBXBuildFile; fileRef = 57398AE813F0AF3400DE14B3 /* toilet.1.png */; };
		57398AED13F0AF3400DE14B3 /* washing machine.1.png in Resources */ = {isa = PBXBuildFile; fileRef = 57398AE913F0AF3400DE14B3 /* washing machine.1.png */; };
		57398AEF13F0C54600DE14B3 /* home-40.png in Resources */ = {isa = PBXBuildFile; fileRef = 57398AEE13F0C54600DE14B3 /* home-40.png */; };
		57398AF113F0C79400DE14B3 /* app-splash-v-greencalc.png in Resources */ = {isa = PBXBuildFile; fileRef = 57398AF013F0C79400DE14B3 /* app-splash-v-greencalc.png */; };
		57398AF313F0C81300DE14B3 /* app-splash-h.png in Resources */ = {isa = PBXBuildFile; fileRef = 57398AF213F0C81300DE14B3 /* app-splash-h.png */; };
		574092C713F202F00054AB68 /* light-40.png in Resources */ = {isa = PBXBuildFile; fileRef = 574092C613F202F00054AB68 /* light-40.png */; };
		574092C913F202FF0054AB68 /* water-40.png in Resources */ = {isa = PBXBuildFile; fileRef = 574092C813F202FF0054AB68 /* water-40.png */; };
		574092CB13F203280054AB68 /* gas-40.png in Resources */ = {isa = PBXBuildFile; fileRef = 574092CA13F203280054AB68 /* gas-40.png */; };
		574092CD13F203300054AB68 /* elecplug-40.png in Resources */ = {isa = PBXBuildFile; fileRef = 574092CC13F203300054AB68 /* elecplug-40.png */; };
		574092CF13F2033A0054AB68 /* clipboard-40.png in Resources */ = {isa = PBXBuildFile; fileRef = 574092CE13F2033A0054AB68 /* clipboard-40.png */; };
		574092D113F203860054AB68 /* stereo.1.png in Resources */ = {isa = PBXBuildFile; fileRef = 574092D013F203860054AB68 /* stereo.1.png */; };
		574092D913F261C90054AB68 /* greenapp-40.png in Resources */ = {isa = PBXBuildFile; fileRef = 574092D813F261C90054AB68 /* greenapp-40.png */; };
		57448AC313EA30E300B24345 /* Lighting.1.png in Resources */ = {isa = PBXBuildFile; fileRef = 57448AC213EA30E300B24345 /* Lighting.1.png */; };
		57448ACF13EA335200B24345 /* InitiativesViewController.m in Sources */ = {isa = PBXBuildFile; fileRef = 57448ACD13EA335200B24345 /* InitiativesViewController.m */; };
		57448AD013EA335200B24345 /* InitiativesViewController.xib in Resources */ = {isa = PBXBuildFile; fileRef = 57448ACE13EA335200B24345 /* InitiativesViewController.xib */; };
		57448AF013EA33E800B24345 /* Residence.1.png in Resources */ = {isa = PBXBuildFile; fileRef = 57448AEF13EA33E800B24345 /* Residence.1.png */; };
		5777EC8213E81A01004E12AC /* AuditResidenceViewController.m in Sources */ = {isa = PBXBuildFile; fileRef = 5777EC8013E81A01004E12AC /* AuditResidenceViewController.m */; };
		5777EC8313E81A01004E12AC /* AuditResidenceViewController.xib in Resources */ = {isa = PBXBuildFile; fileRef = 5777EC8113E81A01004E12AC /* AuditResidenceViewController.xib */; };
		5777ECB313E81E93004E12AC /* AuditLightingViewController.m in Sources */ = {isa = PBXBuildFile; fileRef = 5777ECB113E81E93004E12AC /* AuditLightingViewController.m */; };
		5777ECB413E81E93004E12AC /* AuditLightingViewController.xib in Resources */ = {isa = PBXBuildFile; fileRef = 5777ECB213E81E93004E12AC /* AuditLightingViewController.xib */; };
		5777ECDA13E82091004E12AC /* AuditHeatingViewController.m in Sources */ = {isa = PBXBuildFile; fileRef = 5777ECD813E82091004E12AC /* AuditHeatingViewController.m */; };
		5777ECDB13E82091004E12AC /* AuditHeatingViewController.xib in Resources */ = {isa = PBXBuildFile; fileRef = 5777ECD913E82091004E12AC /* AuditHeatingViewController.xib */; };
		5777ECE113E820A9004E12AC /* AuditWaterViewController.m in Sources */ = {isa = PBXBuildFile; fileRef = 5777ECDF13E820A9004E12AC /* AuditWaterViewController.m */; };
		5777ECE213E820A9004E12AC /* AuditWaterViewController.xib in Resources */ = {isa = PBXBuildFile; fileRef = 5777ECE013E820A9004E12AC /* AuditWaterViewController.xib */; };
		5777ECE813E820BB004E12AC /* AuditCalculateViewController.m in Sources */ = {isa = PBXBuildFile; fileRef = 5777ECE613E820BB004E12AC /* AuditCalculateViewController.m */; };
		5777ECE913E820BB004E12AC /* AuditCalculateViewController.xib in Resources */ = {isa = PBXBuildFile; fileRef = 5777ECE713E820BB004E12AC /* AuditCalculateViewController.xib */; };
		5777ED0313E8223F004E12AC /* AuditElectricityTableViewController.m in Sources */ = {isa = PBXBuildFile; fileRef = 5777ED0213E8223F004E12AC /* AuditElectricityTableViewController.m */; };
		5777ED5613E8266A004E12AC /* AuditElectricityKitchenViewController.m in Sources */ = {isa = PBXBuildFile; fileRef = 5777ED5413E8266A004E12AC /* AuditElectricityKitchenViewController.m */; };
		5777ED5713E8266A004E12AC /* AuditElectricityKitchenViewController.xib in Resources */ = {isa = PBXBuildFile; fileRef = 5777ED5513E8266A004E12AC /* AuditElectricityKitchenViewController.xib */; };
		5777ED6913E82798004E12AC /* AuditElectricityCommunicationsViewController.m in Sources */ = {isa = PBXBuildFile; fileRef = 5777ED6713E82798004E12AC /* AuditElectricityCommunicationsViewController.m */; };
		5777ED6A13E82798004E12AC /* AuditElectricityCommunicationsViewController.xib in Resources */ = {isa = PBXBuildFile; fileRef = 5777ED6813E82798004E12AC /* AuditElectricityCommunicationsViewController.xib */; };
		5777ED7213E827F0004E12AC /* AuditElectricityEntertainmentViewController.m in Sources */ = {isa = PBXBuildFile; fileRef = 5777ED7013E827F0004E12AC /* AuditElectricityEntertainmentViewController.m */; };
		5777ED7313E827F0004E12AC /* AuditElectricityEntertainmentViewController.xib in Resources */ = {isa = PBXBuildFile; fileRef = 5777ED7113E827F0004E12AC /* AuditElectricityEntertainmentViewController.xib */; };
		578CB46013E7729E00B7F628 /* TestTableViewController.m in Sources */ = {isa = PBXBuildFile; fileRef = 578CB45F13E7729E00B7F628 /* TestTableViewController.m */; };
		5791A3A613F4212200E1305A /* anu_web_l.png in Resources */ = {isa = PBXBuildFile; fileRef = 5791A3A513F4212200E1305A /* anu_web_l.png */; };
		5791A3A813F4216200E1305A /* 725_ANUgreen_logo_small.jpg in Resources */ = {isa = PBXBuildFile; fileRef = 5791A3A713F4216200E1305A /* 725_ANUgreen_logo_small.jpg */; };
		57AD062713E63E67007CAEEE /* AboutAppViewController.m in Sources */ = {isa = PBXBuildFile; fileRef = 57AD062513E63E67007CAEEE /* AboutAppViewController.m */; };
		57AD062813E63E67007CAEEE /* AboutAppViewController.xib in Resources */ = {isa = PBXBuildFile; fileRef = 57AD062613E63E67007CAEEE /* AboutAppViewController.xib */; };
		57AD06FC13E667B7007CAEEE /* AboutANUGreenViewController.m in Sources */ = {isa = PBXBuildFile; fileRef = 57AD06FA13E667B7007CAEEE /* AboutANUGreenViewController.m */; };
		57AD06FD13E667B7007CAEEE /* AboutANUGreenViewController.xib in Resources */ = {isa = PBXBuildFile; fileRef = 57AD06FB13E667B7007CAEEE /* AboutANUGreenViewController.xib */; };
		57E5F6D315AE65550011E417 /* AbstractActionSheetPicker.m in Sources */ = {isa = PBXBuildFile; fileRef = 57E5F6C915AE62330011E417 /* AbstractActionSheetPicker.m */; };
		57E5F6D415AE65550011E417 /* ActionSheetDatePicker.m in Sources */ = {isa = PBXBuildFile; fileRef = 57E5F6CB15AE62330011E417 /* ActionSheetDatePicker.m */; };
		57E5F6D515AE65550011E417 /* ActionSheetDistancePicker.m in Sources */ = {isa = PBXBuildFile; fileRef = 57E5F6CD15AE62330011E417 /* ActionSheetDistancePicker.m */; };
		57E5F6D615AE65550011E417 /* ActionSheetStringPicker.m in Sources */ = {isa = PBXBuildFile; fileRef = 57E5F6CF15AE62330011E417 /* ActionSheetStringPicker.m */; };
		57E5F6D715AE65550011E417 /* DistancePickerView.m in Sources */ = {isa = PBXBuildFile; fileRef = 57E5F6D115AE62330011E417 /* DistancePickerView.m */; };
		57EACBE413EA4D2D0044A60F /* Blowdryer.1.png in Resources */ = {isa = PBXBuildFile; fileRef = 57EACBE313EA4D2D0044A60F /* Blowdryer.1.png */; };
		57EACBE613EA4D340044A60F /* Desktop.1.png in Resources */ = {isa = PBXBuildFile; fileRef = 57EACBE513EA4D340044A60F /* Desktop.1.png */; };
		57EACBF113EA4D490044A60F /* DVD.1.png in Resources */ = {isa = PBXBuildFile; fileRef = 57EACBE713EA4D490044A60F /* DVD.1.png */; };
		57EACBF213EA4D490044A60F /* Hair Straightener.1.png in Resources */ = {isa = PBXBuildFile; fileRef = 57EACBE813EA4D490044A60F /* Hair Straightener.1.png */; };
		57EACBF313EA4D490044A60F /* iPod (use for iPod Charger).1.png in Resources */ = {isa = PBXBuildFile; fileRef = 57EACBE913EA4D490044A60F /* iPod (use for iPod Charger).1.png */; };
		57EACBF413EA4D490044A60F /* Kettle.1.png in Resources */ = {isa = PBXBuildFile; fileRef = 57EACBEA13EA4D490044A60F /* Kettle.1.png */; };
		57EACBF513EA4D490044A60F /* Laptop.1.png in Resources */ = {isa = PBXBuildFile; fileRef = 57EACBEB13EA4D490044A60F /* Laptop.1.png */; };
		57EACBF613EA4D490044A60F /* loudspeaker.1.png in Resources */ = {isa = PBXBuildFile; fileRef = 57EACBEC13EA4D490044A60F /* loudspeaker.1.png */; };
		57EACBF713EA4D490044A60F /* Microwave.1.png in Resources */ = {isa = PBXBuildFile; fileRef = 57EACBED13EA4D490044A60F /* Microwave.1.png */; };
		57EACBF813EA4D490044A60F /* printer.1.png in Resources */ = {isa = PBXBuildFile; fileRef = 57EACBEE13EA4D490044A60F /* printer.1.png */; };
		57EACBF913EA4D490044A60F /* scanner.1.png in Resources */ = {isa = PBXBuildFile; fileRef = 57EACBEF13EA4D490044A60F /* scanner.1.png */; };
		57EACBFA13EA4D490044A60F /* Toaster.1.png in Resources */ = {isa = PBXBuildFile; fileRef = 57EACBF013EA4D490044A60F /* Toaster.1.png */; };
		57EACBFD13EA4DF80044A60F /* Coffee Maker.png in Resources */ = {isa = PBXBuildFile; fileRef = 57EACBFC13EA4DF80044A60F /* Coffee Maker.png */; };
		57EACC0613EA51960044A60F /* XBox.png in Resources */ = {isa = PBXBuildFile; fileRef = 57EACC0513EA51960044A60F /* XBox.png */; };
		57EACC0C13EA5D550044A60F /* app-icon-greencalc.png in Resources */ = {isa = PBXBuildFile; fileRef = 57EACC0B13EA5D550044A60F /* app-icon-greencalc.png */; };
		57EACC6713EA666C0044A60F /* AuditElectricityGroomingViewController.m in Sources */ = {isa = PBXBuildFile; fileRef = 57EACC6513EA666C0044A60F /* AuditElectricityGroomingViewController.m */; };
		57EACC6813EA666C0044A60F /* AuditElectricityGroomingViewController.xib in Resources */ = {isa = PBXBuildFile; fileRef = 57EACC6613EA666C0044A60F /* AuditElectricityGroomingViewController.xib */; };
		57EACC7813EA68660044A60F /* Compact Fluorescent lamp.png in Resources */ = {isa = PBXBuildFile; fileRef = 57EACC7613EA68660044A60F /* Compact Fluorescent lamp.png */; };
		57EACC7913EA68660044A60F /* Halogen Downlight.png in Resources */ = {isa = PBXBuildFile; fileRef = 57EACC7713EA68660044A60F /* Halogen Downlight.png */; };
/* End PBXBuildFile section */

/* Begin PBXFileReference section */
		1D30AB110D05D00D00671497 /* Foundation.framework */ = {isa = PBXFileReference; lastKnownFileType = wrapper.framework; name = Foundation.framework; path = System/Library/Frameworks/Foundation.framework; sourceTree = SDKROOT; };
		1D3623240D0F684500981E51 /* ANUGreenAppDelegate.h */ = {isa = PBXFileReference; fileEncoding = 4; lastKnownFileType = sourcecode.c.h; path = ANUGreenAppDelegate.h; sourceTree = "<group>"; };
		1D3623250D0F684500981E51 /* ANUGreenAppDelegate.m */ = {isa = PBXFileReference; fileEncoding = 4; lastKnownFileType = sourcecode.c.objc; path = ANUGreenAppDelegate.m; sourceTree = "<group>"; };
		1D6058910D05DD3D006BFB54 /* GreenKey.app */ = {isa = PBXFileReference; explicitFileType = wrapper.application; includeInIndex = 0; path = GreenKey.app; sourceTree = BUILT_PRODUCTS_DIR; };
		1DF5F4DF0D08C38300B7A737 /* UIKit.framework */ = {isa = PBXFileReference; lastKnownFileType = wrapper.framework; name = UIKit.framework; path = System/Library/Frameworks/UIKit.framework; sourceTree = SDKROOT; };
		288765A40DF7441C002DB57D /* CoreGraphics.framework */ = {isa = PBXFileReference; lastKnownFileType = wrapper.framework; name = CoreGraphics.framework; path = System/Library/Frameworks/CoreGraphics.framework; sourceTree = SDKROOT; };
		2899E5210DE3E06400AC0155 /* ANUGreenViewController.xib */ = {isa = PBXFileReference; lastKnownFileType = file.xib; path = ANUGreenViewController.xib; sourceTree = "<group>"; };
		28AD733E0D9D9553002E5188 /* MainWindow.xib */ = {isa = PBXFileReference; lastKnownFileType = file.xib; path = MainWindow.xib; sourceTree = "<group>"; };
		28D7ACF60DDB3853001CB0EB /* ANUGreenViewController.h */ = {isa = PBXFileReference; fileEncoding = 4; lastKnownFileType = sourcecode.c.h; path = ANUGreenViewController.h; sourceTree = "<group>"; };
		28D7ACF70DDB3853001CB0EB /* ANUGreenViewController.m */ = {isa = PBXFileReference; fileEncoding = 4; lastKnownFileType = sourcecode.c.objc; path = ANUGreenViewController.m; sourceTree = "<group>"; };
		29B97316FDCFA39411CA2CEA /* main.m */ = {isa = PBXFileReference; fileEncoding = 4; lastKnownFileType = sourcecode.c.objc; path = main.m; sourceTree = "<group>"; };
		32CA4F630368D1EE00C91783 /* GreenKey_Prefix.pch */ = {isa = PBXFileReference; fileEncoding = 4; lastKnownFileType = sourcecode.c.h; path = GreenKey_Prefix.pch; sourceTree = "<group>"; };
		571D5D7413EBB250006B7559 /* Default.png */ = {isa = PBXFileReference; lastKnownFileType = image.png; path = Default.png; sourceTree = "<group>"; };
		57398AD613F0A46F00DE14B3 /* Linear Fluorescent lamp.png */ = {isa = PBXFileReference; lastKnownFileType = image.png; path = "Linear Fluorescent lamp.png"; sourceTree = "<group>"; };
		57398AD813F0A4AC00DE14B3 /* Circular fluorescent lamp.1.png */ = {isa = PBXFileReference; lastKnownFileType = image.png; path = "Circular fluorescent lamp.1.png"; sourceTree = "<group>"; };
		57398ADA13F0A4C700DE14B3 /* Compact Fluorescent downlight.1.png */ = {isa = PBXFileReference; lastKnownFileType = image.png; path = "Compact Fluorescent downlight.1.png"; sourceTree = "<group>"; };
		57398ADC13F0A4E300DE14B3 /* incandescent bulb.1.png */ = {isa = PBXFileReference; lastKnownFileType = image.png; path = "incandescent bulb.1.png"; sourceTree = "<group>"; };
		57398ADE13F0A53500DE14B3 /* LCD tv.1.png */ = {isa = PBXFileReference; lastKnownFileType = image.png; path = "LCD tv.1.png"; sourceTree = "<group>"; };
		57398AE013F0A63A00DE14B3 /* plasma-tv.png */ = {isa = PBXFileReference; lastKnownFileType = image.png; path = "plasma-tv.png"; sourceTree = "<group>"; };
		57398AE213F0A65900DE14B3 /* standard tv.1.png */ = {isa = PBXFileReference; lastKnownFileType = image.png; path = "standard tv.1.png"; sourceTree = "<group>"; };
		57398AE413F0A7F600DE14B3 /* Mobile phone charger.1.png */ = {isa = PBXFileReference; lastKnownFileType = image.png; path = "Mobile phone charger.1.png"; sourceTree = "<group>"; };
		57398AE613F0AF3400DE14B3 /* shower.png */ = {isa = PBXFileReference; lastKnownFileType = image.png; path = shower.png; sourceTree = "<group>"; };
		57398AE713F0AF3400DE14B3 /* tap.1.png */ = {isa = PBXFileReference; lastKnownFileType = image.png; path = tap.1.png; sourceTree = "<group>"; };
		57398AE813F0AF3400DE14B3 /* toilet.1.png */ = {isa = PBXFileReference; lastKnownFileType = image.png; path = toilet.1.png; sourceTree = "<group>"; };
		57398AE913F0AF3400DE14B3 /* washing machine.1.png */ = {isa = PBXFileReference; lastKnownFileType = image.png; path = "washing machine.1.png"; sourceTree = "<group>"; };
		57398AEE13F0C54600DE14B3 /* home-40.png */ = {isa = PBXFileReference; lastKnownFileType = image.png; path = "home-40.png"; sourceTree = "<group>"; };
		57398AF013F0C79400DE14B3 /* app-splash-v-greencalc.png */ = {isa = PBXFileReference; lastKnownFileType = image.png; path = "app-splash-v-greencalc.png"; sourceTree = "<group>"; };
		57398AF213F0C81300DE14B3 /* app-splash-h.png */ = {isa = PBXFileReference; lastKnownFileType = image.png; path = "app-splash-h.png"; sourceTree = "<group>"; };
		574092C613F202F00054AB68 /* light-40.png */ = {isa = PBXFileReference; lastKnownFileType = image.png; path = "light-40.png"; sourceTree = "<group>"; };
		574092C813F202FF0054AB68 /* water-40.png */ = {isa = PBXFileReference; lastKnownFileType = image.png; path = "water-40.png"; sourceTree = "<group>"; };
		574092CA13F203280054AB68 /* gas-40.png */ = {isa = PBXFileReference; lastKnownFileType = image.png; path = "gas-40.png"; sourceTree = "<group>"; };
		574092CC13F203300054AB68 /* elecplug-40.png */ = {isa = PBXFileReference; lastKnownFileType = image.png; path = "elecplug-40.png"; sourceTree = "<group>"; };
		574092CE13F2033A0054AB68 /* clipboard-40.png */ = {isa = PBXFileReference; lastKnownFileType = image.png; path = "clipboard-40.png"; sourceTree = "<group>"; };
		574092D013F203860054AB68 /* stereo.1.png */ = {isa = PBXFileReference; lastKnownFileType = image.png; path = stereo.1.png; sourceTree = "<group>"; };
		574092D813F261C90054AB68 /* greenapp-40.png */ = {isa = PBXFileReference; lastKnownFileType = image.png; path = "greenapp-40.png"; sourceTree = "<group>"; };
		57448AC213EA30E300B24345 /* Lighting.1.png */ = {isa = PBXFileReference; lastKnownFileType = image.png; path = Lighting.1.png; sourceTree = "<group>"; };
		57448ACC13EA335200B24345 /* InitiativesViewController.h */ = {isa = PBXFileReference; fileEncoding = 4; lastKnownFileType = sourcecode.c.h; path = InitiativesViewController.h; sourceTree = "<group>"; };
		57448ACD13EA335200B24345 /* InitiativesViewController.m */ = {isa = PBXFileReference; fileEncoding = 4; lastKnownFileType = sourcecode.c.objc; path = InitiativesViewController.m; sourceTree = "<group>"; };
		57448ACE13EA335200B24345 /* InitiativesViewController.xib */ = {isa = PBXFileReference; lastKnownFileType = file.xib; name = InitiativesViewController.xib; path = Classes/InitiativesViewController.xib; sourceTree = "<group>"; };
		57448AEF13EA33E800B24345 /* Residence.1.png */ = {isa = PBXFileReference; lastKnownFileType = image.png; path = Residence.1.png; sourceTree = "<group>"; };
		5777EC7F13E81A01004E12AC /* AuditResidenceViewController.h */ = {isa = PBXFileReference; fileEncoding = 4; lastKnownFileType = sourcecode.c.h; path = AuditResidenceViewController.h; sourceTree = "<group>"; };
		5777EC8013E81A01004E12AC /* AuditResidenceViewController.m */ = {isa = PBXFileReference; fileEncoding = 4; lastKnownFileType = sourcecode.c.objc; path = AuditResidenceViewController.m; sourceTree = "<group>"; };
		5777EC8113E81A01004E12AC /* AuditResidenceViewController.xib */ = {isa = PBXFileReference; lastKnownFileType = file.xib; name = AuditResidenceViewController.xib; path = Classes/AuditResidenceViewController.xib; sourceTree = "<group>"; };
		5777ECB013E81E93004E12AC /* AuditLightingViewController.h */ = {isa = PBXFileReference; fileEncoding = 4; lastKnownFileType = sourcecode.c.h; path = AuditLightingViewController.h; sourceTree = "<group>"; };
		5777ECB113E81E93004E12AC /* AuditLightingViewController.m */ = {isa = PBXFileReference; fileEncoding = 4; lastKnownFileType = sourcecode.c.objc; path = AuditLightingViewController.m; sourceTree = "<group>"; };
		5777ECB213E81E93004E12AC /* AuditLightingViewController.xib */ = {isa = PBXFileReference; lastKnownFileType = file.xib; name = AuditLightingViewController.xib; path = Classes/AuditLightingViewController.xib; sourceTree = "<group>"; };
		5777ECD713E82091004E12AC /* AuditHeatingViewController.h */ = {isa = PBXFileReference; fileEncoding = 4; lastKnownFileType = sourcecode.c.h; path = AuditHeatingViewController.h; sourceTree = "<group>"; };
		5777ECD813E82091004E12AC /* AuditHeatingViewController.m */ = {isa = PBXFileReference; fileEncoding = 4; lastKnownFileType = sourcecode.c.objc; path = AuditHeatingViewController.m; sourceTree = "<group>"; };
		5777ECD913E82091004E12AC /* AuditHeatingViewController.xib */ = {isa = PBXFileReference; lastKnownFileType = file.xib; name = AuditHeatingViewController.xib; path = Classes/AuditHeatingViewController.xib; sourceTree = "<group>"; };
		5777ECDE13E820A9004E12AC /* AuditWaterViewController.h */ = {isa = PBXFileReference; fileEncoding = 4; lastKnownFileType = sourcecode.c.h; name = AuditWaterViewController.h; path = ../AuditWaterViewController.h; sourceTree = "<group>"; };
		5777ECDF13E820A9004E12AC /* AuditWaterViewController.m */ = {isa = PBXFileReference; fileEncoding = 4; lastKnownFileType = sourcecode.c.objc; name = AuditWaterViewController.m; path = ../AuditWaterViewController.m; sourceTree = "<group>"; };
		5777ECE013E820A9004E12AC /* AuditWaterViewController.xib */ = {isa = PBXFileReference; lastKnownFileType = file.xib; path = AuditWaterViewController.xib; sourceTree = "<group>"; };
		5777ECE513E820BB004E12AC /* AuditCalculateViewController.h */ = {isa = PBXFileReference; fileEncoding = 4; lastKnownFileType = sourcecode.c.h; path = AuditCalculateViewController.h; sourceTree = "<group>"; };
		5777ECE613E820BB004E12AC /* AuditCalculateViewController.m */ = {isa = PBXFileReference; fileEncoding = 4; lastKnownFileType = sourcecode.c.objc; path = AuditCalculateViewController.m; sourceTree = "<group>"; };
		5777ECE713E820BB004E12AC /* AuditCalculateViewController.xib */ = {isa = PBXFileReference; lastKnownFileType = file.xib; name = AuditCalculateViewController.xib; path = Classes/AuditCalculateViewController.xib; sourceTree = "<group>"; };
		5777ED0113E8223F004E12AC /* AuditElectricityTableViewController.h */ = {isa = PBXFileReference; fileEncoding = 4; lastKnownFileType = sourcecode.c.h; path = AuditElectricityTableViewController.h; sourceTree = "<group>"; };
		5777ED0213E8223F004E12AC /* AuditElectricityTableViewController.m */ = {isa = PBXFileReference; fileEncoding = 4; lastKnownFileType = sourcecode.c.objc; path = AuditElectricityTableViewController.m; sourceTree = "<group>"; };
		5777ED5313E8266A004E12AC /* AuditElectricityKitchenViewController.h */ = {isa = PBXFileReference; fileEncoding = 4; lastKnownFileType = sourcecode.c.h; path = AuditElectricityKitchenViewController.h; sourceTree = "<group>"; };
		5777ED5413E8266A004E12AC /* AuditElectricityKitchenViewController.m */ = {isa = PBXFileReference; fileEncoding = 4; lastKnownFileType = sourcecode.c.objc; path = AuditElectricityKitchenViewController.m; sourceTree = "<group>"; };
		5777ED5513E8266A004E12AC /* AuditElectricityKitchenViewController.xib */ = {isa = PBXFileReference; lastKnownFileType = file.xib; name = AuditElectricityKitchenViewController.xib; path = Classes/AuditElectricityKitchenViewController.xib; sourceTree = "<group>"; };
		5777ED6613E82798004E12AC /* AuditElectricityCommunicationsViewController.h */ = {isa = PBXFileReference; fileEncoding = 4; lastKnownFileType = sourcecode.c.h; path = AuditElectricityCommunicationsViewController.h; sourceTree = "<group>"; };
		5777ED6713E82798004E12AC /* AuditElectricityCommunicationsViewController.m */ = {isa = PBXFileReference; fileEncoding = 4; lastKnownFileType = sourcecode.c.objc; path = AuditElectricityCommunicationsViewController.m; sourceTree = "<group>"; };
		5777ED6813E82798004E12AC /* AuditElectricityCommunicationsViewController.xib */ = {isa = PBXFileReference; lastKnownFileType = file.xib; name = AuditElectricityCommunicationsViewController.xib; path = Classes/AuditElectricityCommunicationsViewController.xib; sourceTree = "<group>"; };
		5777ED6F13E827F0004E12AC /* AuditElectricityEntertainmentViewController.h */ = {isa = PBXFileReference; fileEncoding = 4; lastKnownFileType = sourcecode.c.h; path = AuditElectricityEntertainmentViewController.h; sourceTree = "<group>"; };
		5777ED7013E827F0004E12AC /* AuditElectricityEntertainmentViewController.m */ = {isa = PBXFileReference; fileEncoding = 4; lastKnownFileType = sourcecode.c.objc; path = AuditElectricityEntertainmentViewController.m; sourceTree = "<group>"; };
		5777ED7113E827F0004E12AC /* AuditElectricityEntertainmentViewController.xib */ = {isa = PBXFileReference; lastKnownFileType = file.xib; name = AuditElectricityEntertainmentViewController.xib; path = Classes/AuditElectricityEntertainmentViewController.xib; sourceTree = "<group>"; };
		578CB45E13E7729E00B7F628 /* TestTableViewController.h */ = {isa = PBXFileReference; fileEncoding = 4; lastKnownFileType = sourcecode.c.h; path = TestTableViewController.h; sourceTree = "<group>"; };
		578CB45F13E7729E00B7F628 /* TestTableViewController.m */ = {isa = PBXFileReference; fileEncoding = 4; lastKnownFileType = sourcecode.c.objc; path = TestTableViewController.m; sourceTree = "<group>"; };
		5791A3A513F4212200E1305A /* anu_web_l.png */ = {isa = PBXFileReference; lastKnownFileType = image.png; path = anu_web_l.png; sourceTree = "<group>"; };
		5791A3A713F4216200E1305A /* 725_ANUgreen_logo_small.jpg */ = {isa = PBXFileReference; lastKnownFileType = image.jpeg; path = 725_ANUgreen_logo_small.jpg; sourceTree = "<group>"; };
		57AD062413E63E67007CAEEE /* AboutAppViewController.h */ = {isa = PBXFileReference; fileEncoding = 4; lastKnownFileType = sourcecode.c.h; path = AboutAppViewController.h; sourceTree = "<group>"; };
		57AD062513E63E67007CAEEE /* AboutAppViewController.m */ = {isa = PBXFileReference; fileEncoding = 4; lastKnownFileType = sourcecode.c.objc; path = AboutAppViewController.m; sourceTree = "<group>"; };
		57AD062613E63E67007CAEEE /* AboutAppViewController.xib */ = {isa = PBXFileReference; lastKnownFileType = file.xib; name = AboutAppViewController.xib; path = Classes/AboutAppViewController.xib; sourceTree = "<group>"; };
		57AD06F913E667B7007CAEEE /* AboutANUGreenViewController.h */ = {isa = PBXFileReference; fileEncoding = 4; lastKnownFileType = sourcecode.c.h; path = AboutANUGreenViewController.h; sourceTree = "<group>"; };
		57AD06FA13E667B7007CAEEE /* AboutANUGreenViewController.m */ = {isa = PBXFileReference; fileEncoding = 4; lastKnownFileType = sourcecode.c.objc; path = AboutANUGreenViewController.m; sourceTree = "<group>"; };
		57AD06FB13E667B7007CAEEE /* AboutANUGreenViewController.xib */ = {isa = PBXFileReference; lastKnownFileType = file.xib; name = AboutANUGreenViewController.xib; path = Classes/AboutANUGreenViewController.xib; sourceTree = "<group>"; };
		57E5F6C615AE62330011E417 /* ActionSheetPicker.h */ = {isa = PBXFileReference; lastKnownFileType = sourcecode.c.h; name = ActionSheetPicker.h; path = "../../../Desktop/TimCinel-ActionSheetPicker-5937d2f/ActionSheetPicker.h"; sourceTree = "<group>"; };
		57E5F6C815AE62330011E417 /* AbstractActionSheetPicker.h */ = {isa = PBXFileReference; lastKnownFileType = sourcecode.c.h; path = AbstractActionSheetPicker.h; sourceTree = "<group>"; };
		57E5F6C915AE62330011E417 /* AbstractActionSheetPicker.m */ = {isa = PBXFileReference; lastKnownFileType = sourcecode.c.objc; path = AbstractActionSheetPicker.m; sourceTree = "<group>"; };
		57E5F6CA15AE62330011E417 /* ActionSheetDatePicker.h */ = {isa = PBXFileReference; lastKnownFileType = sourcecode.c.h; path = ActionSheetDatePicker.h; sourceTree = "<group>"; };
		57E5F6CB15AE62330011E417 /* ActionSheetDatePicker.m */ = {isa = PBXFileReference; lastKnownFileType = sourcecode.c.objc; path = ActionSheetDatePicker.m; sourceTree = "<group>"; };
		57E5F6CC15AE62330011E417 /* ActionSheetDistancePicker.h */ = {isa = PBXFileReference; lastKnownFileType = sourcecode.c.h; path = ActionSheetDistancePicker.h; sourceTree = "<group>"; };
		57E5F6CD15AE62330011E417 /* ActionSheetDistancePicker.m */ = {isa = PBXFileReference; lastKnownFileType = sourcecode.c.objc; path = ActionSheetDistancePicker.m; sourceTree = "<group>"; };
		57E5F6CE15AE62330011E417 /* ActionSheetStringPicker.h */ = {isa = PBXFileReference; lastKnownFileType = sourcecode.c.h; path = ActionSheetStringPicker.h; sourceTree = "<group>"; };
		57E5F6CF15AE62330011E417 /* ActionSheetStringPicker.m */ = {isa = PBXFileReference; lastKnownFileType = sourcecode.c.objc; path = ActionSheetStringPicker.m; sourceTree = "<group>"; };
		57E5F6D015AE62330011E417 /* DistancePickerView.h */ = {isa = PBXFileReference; lastKnownFileType = sourcecode.c.h; path = DistancePickerView.h; sourceTree = "<group>"; };
		57E5F6D115AE62330011E417 /* DistancePickerView.m */ = {isa = PBXFileReference; lastKnownFileType = sourcecode.c.objc; path = DistancePickerView.m; sourceTree = "<group>"; };
		57EACBE313EA4D2D0044A60F /* Blowdryer.1.png */ = {isa = PBXFileReference; lastKnownFileType = image.png; path = Blowdryer.1.png; sourceTree = "<group>"; };
		57EACBE513EA4D340044A60F /* Desktop.1.png */ = {isa = PBXFileReference; lastKnownFileType = image.png; path = Desktop.1.png; sourceTree = "<group>"; };
		57EACBE713EA4D490044A60F /* DVD.1.png */ = {isa = PBXFileReference; lastKnownFileType = image.png; path = DVD.1.png; sourceTree = "<group>"; };
		57EACBE813EA4D490044A60F /* Hair Straightener.1.png */ = {isa = PBXFileReference; lastKnownFileType = image.png; path = "Hair Straightener.1.png"; sourceTree = "<group>"; };
		57EACBE913EA4D490044A60F /* iPod (use for iPod Charger).1.png */ = {isa = PBXFileReference; lastKnownFileType = image.png; path = "iPod (use for iPod Charger).1.png"; sourceTree = "<group>"; };
		57EACBEA13EA4D490044A60F /* Kettle.1.png */ = {isa = PBXFileReference; lastKnownFileType = image.png; path = Kettle.1.png; sourceTree = "<group>"; };
		57EACBEB13EA4D490044A60F /* Laptop.1.png */ = {isa = PBXFileReference; lastKnownFileType = image.png; path = Laptop.1.png; sourceTree = "<group>"; };
		57EACBEC13EA4D490044A60F /* loudspeaker.1.png */ = {isa = PBXFileReference; lastKnownFileType = image.png; path = loudspeaker.1.png; sourceTree = "<group>"; };
		57EACBED13EA4D490044A60F /* Microwave.1.png */ = {isa = PBXFileReference; lastKnownFileType = image.png; path = Microwave.1.png; sourceTree = "<group>"; };
		57EACBEE13EA4D490044A60F /* printer.1.png */ = {isa = PBXFileReference; lastKnownFileType = image.png; path = printer.1.png; sourceTree = "<group>"; };
		57EACBEF13EA4D490044A60F /* scanner.1.png */ = {isa = PBXFileReference; lastKnownFileType = image.png; path = scanner.1.png; sourceTree = "<group>"; };
		57EACBF013EA4D490044A60F /* Toaster.1.png */ = {isa = PBXFileReference; lastKnownFileType = image.png; path = Toaster.1.png; sourceTree = "<group>"; };
		57EACBFC13EA4DF80044A60F /* Coffee Maker.png */ = {isa = PBXFileReference; lastKnownFileType = image.png; path = "Coffee Maker.png"; sourceTree = "<group>"; };
		57EACC0513EA51960044A60F /* XBox.png */ = {isa = PBXFileReference; lastKnownFileType = image.png; path = XBox.png; sourceTree = "<group>"; };
		57EACC0B13EA5D550044A60F /* app-icon-greencalc.png */ = {isa = PBXFileReference; lastKnownFileType = image.png; path = "app-icon-greencalc.png"; sourceTree = "<group>"; };
		57EACC6413EA666C0044A60F /* AuditElectricityGroomingViewController.h */ = {isa = PBXFileReference; fileEncoding = 4; lastKnownFileType = sourcecode.c.h; path = AuditElectricityGroomingViewController.h; sourceTree = "<group>"; };
		57EACC6513EA666C0044A60F /* AuditElectricityGroomingViewController.m */ = {isa = PBXFileReference; fileEncoding = 4; lastKnownFileType = sourcecode.c.objc; path = AuditElectricityGroomingViewController.m; sourceTree = "<group>"; };
		57EACC6613EA666C0044A60F /* AuditElectricityGroomingViewController.xib */ = {isa = PBXFileReference; lastKnownFileType = file.xib; name = AuditElectricityGroomingViewController.xib; path = Classes/AuditElectricityGroomingViewController.xib; sourceTree = "<group>"; };
		57EACC7613EA68660044A60F /* Compact Fluorescent lamp.png */ = {isa = PBXFileReference; lastKnownFileType = image.png; path = "Compact Fluorescent lamp.png"; sourceTree = "<group>"; };
		57EACC7713EA68660044A60F /* Halogen Downlight.png */ = {isa = PBXFileReference; lastKnownFileType = image.png; path = "Halogen Downlight.png"; sourceTree = "<group>"; };
		8D1107310486CEB800E47090 /* GreenKey-Info.plist */ = {isa = PBXFileReference; fileEncoding = 4; lastKnownFileType = text.plist.xml; path = "GreenKey-Info.plist"; plistStructureDefinitionIdentifier = "com.apple.xcode.plist.structure-definition.iphone.info-plist"; sourceTree = "<group>"; };
/* End PBXFileReference section */

/* Begin PBXFrameworksBuildPhase section */
		1D60588F0D05DD3D006BFB54 /* Frameworks */ = {
			isa = PBXFrameworksBuildPhase;
			buildActionMask = 2147483647;
			files = (
				1D60589F0D05DD5A006BFB54 /* Foundation.framework in Frameworks */,
				1DF5F4E00D08C38300B7A737 /* UIKit.framework in Frameworks */,
				288765A50DF7441C002DB57D /* CoreGraphics.framework in Frameworks */,
			);
			runOnlyForDeploymentPostprocessing = 0;
		};
/* End PBXFrameworksBuildPhase section */

/* Begin PBXGroup section */
		080E96DDFE201D6D7F000001 /* Classes */ = {
			isa = PBXGroup;
			children = (
				57E5F6D215AE62430011E417 /* ActionSheetPicker */,
				1D3623240D0F684500981E51 /* ANUGreenAppDelegate.h */,
				1D3623250D0F684500981E51 /* ANUGreenAppDelegate.m */,
				578CB45E13E7729E00B7F628 /* TestTableViewController.h */,
				578CB45F13E7729E00B7F628 /* TestTableViewController.m */,
				57EACC6413EA666C0044A60F /* AuditElectricityGroomingViewController.h */,
				57EACC6513EA666C0044A60F /* AuditElectricityGroomingViewController.m */,
				5777ED5313E8266A004E12AC /* AuditElectricityKitchenViewController.h */,
				5777ED5413E8266A004E12AC /* AuditElectricityKitchenViewController.m */,
				28D7ACF60DDB3853001CB0EB /* ANUGreenViewController.h */,
				28D7ACF70DDB3853001CB0EB /* ANUGreenViewController.m */,
				5777EC7F13E81A01004E12AC /* AuditResidenceViewController.h */,
				5777EC8013E81A01004E12AC /* AuditResidenceViewController.m */,
				5777ECD713E82091004E12AC /* AuditHeatingViewController.h */,
				5777ECD813E82091004E12AC /* AuditHeatingViewController.m */,
				5777ECB013E81E93004E12AC /* AuditLightingViewController.h */,
				5777ECB113E81E93004E12AC /* AuditLightingViewController.m */,
				57AD062413E63E67007CAEEE /* AboutAppViewController.h */,
				57AD062513E63E67007CAEEE /* AboutAppViewController.m */,
				5777ED6F13E827F0004E12AC /* AuditElectricityEntertainmentViewController.h */,
				5777ED7013E827F0004E12AC /* AuditElectricityEntertainmentViewController.m */,
				5777ED6613E82798004E12AC /* AuditElectricityCommunicationsViewController.h */,
				5777ED6713E82798004E12AC /* AuditElectricityCommunicationsViewController.m */,
				57448ACC13EA335200B24345 /* InitiativesViewController.h */,
				57448ACD13EA335200B24345 /* InitiativesViewController.m */,
				57AD06F913E667B7007CAEEE /* AboutANUGreenViewController.h */,
				57AD06FA13E667B7007CAEEE /* AboutANUGreenViewController.m */,
				5777ECDE13E820A9004E12AC /* AuditWaterViewController.h */,
				5777ECDF13E820A9004E12AC /* AuditWaterViewController.m */,
				5777ECE513E820BB004E12AC /* AuditCalculateViewController.h */,
				5777ECE613E820BB004E12AC /* AuditCalculateViewController.m */,
				5777ED0113E8223F004E12AC /* AuditElectricityTableViewController.h */,
				5777ED0213E8223F004E12AC /* AuditElectricityTableViewController.m */,
			);
			path = Classes;
			sourceTree = "<group>";
		};
		19C28FACFE9D520D11CA2CBB /* Products */ = {
			isa = PBXGroup;
			children = (
				1D6058910D05DD3D006BFB54 /* GreenKey.app */,
			);
			name = Products;
			sourceTree = "<group>";
		};
		29B97314FDCFA39411CA2CEA /* CustomTemplate */ = {
			isa = PBXGroup;
			children = (
				571D5D7413EBB250006B7559 /* Default.png */,
				080E96DDFE201D6D7F000001 /* Classes */,
				29B97315FDCFA39411CA2CEA /* Other Sources */,
				29B97317FDCFA39411CA2CEA /* Resources */,
				19C28FACFE9D520D11CA2CBB /* Products */,
			);
			name = CustomTemplate;
			sourceTree = "<group>";
		};
		29B97315FDCFA39411CA2CEA /* Other Sources */ = {
			isa = PBXGroup;
			children = (
				32CA4F630368D1EE00C91783 /* GreenKey_Prefix.pch */,
				29B97316FDCFA39411CA2CEA /* main.m */,
			);
			name = "Other Sources";
			sourceTree = "<group>";
		};
		29B97317FDCFA39411CA2CEA /* Resources */ = {
			isa = PBXGroup;
			children = (
				57448AD113EA336700B24345 /* Images */,
				57448ACE13EA335200B24345 /* InitiativesViewController.xib */,
				57EACC6613EA666C0044A60F /* AuditElectricityGroomingViewController.xib */,
				5777ED6813E82798004E12AC /* AuditElectricityCommunicationsViewController.xib */,
				5777ED7113E827F0004E12AC /* AuditElectricityEntertainmentViewController.xib */,
				5777ED5513E8266A004E12AC /* AuditElectricityKitchenViewController.xib */,
				5777ECE713E820BB004E12AC /* AuditCalculateViewController.xib */,
				5777ECD913E82091004E12AC /* AuditHeatingViewController.xib */,
				5777ECE013E820A9004E12AC /* AuditWaterViewController.xib */,
				5777ECB213E81E93004E12AC /* AuditLightingViewController.xib */,
				5777EC8113E81A01004E12AC /* AuditResidenceViewController.xib */,
				57AD06FB13E667B7007CAEEE /* AboutANUGreenViewController.xib */,
				2899E5210DE3E06400AC0155 /* ANUGreenViewController.xib */,
				57AD062613E63E67007CAEEE /* AboutAppViewController.xib */,
				28AD733E0D9D9553002E5188 /* MainWindow.xib */,
				8D1107310486CEB800E47090 /* GreenKey-Info.plist */,
				29B97323FDCFA39411CA2CEA /* Frameworks */,
			);
			name = Resources;
			sourceTree = "<group>";
		};
		29B97323FDCFA39411CA2CEA /* Frameworks */ = {
			isa = PBXGroup;
			children = (
				1DF5F4DF0D08C38300B7A737 /* UIKit.framework */,
				1D30AB110D05D00D00671497 /* Foundation.framework */,
				288765A40DF7441C002DB57D /* CoreGraphics.framework */,
			);
			name = Frameworks;
			sourceTree = "<group>";
		};
		57448AD113EA336700B24345 /* Images */ = {
			isa = PBXGroup;
			children = (
				5791A3A713F4216200E1305A /* 725_ANUgreen_logo_small.jpg */,
				5791A3A513F4212200E1305A /* anu_web_l.png */,
				574092D813F261C90054AB68 /* greenapp-40.png */,
				574092D013F203860054AB68 /* stereo.1.png */,
				574092CE13F2033A0054AB68 /* clipboard-40.png */,
				574092CC13F203300054AB68 /* elecplug-40.png */,
				574092CA13F203280054AB68 /* gas-40.png */,
				574092C813F202FF0054AB68 /* water-40.png */,
				574092C613F202F00054AB68 /* light-40.png */,
				57398AF213F0C81300DE14B3 /* app-splash-h.png */,
				57398AF013F0C79400DE14B3 /* app-splash-v-greencalc.png */,
				57398AEE13F0C54600DE14B3 /* home-40.png */,
				57398AE613F0AF3400DE14B3 /* shower.png */,
				57398AE713F0AF3400DE14B3 /* tap.1.png */,
				57398AE813F0AF3400DE14B3 /* toilet.1.png */,
				57398AE913F0AF3400DE14B3 /* washing machine.1.png */,
				57398AE413F0A7F600DE14B3 /* Mobile phone charger.1.png */,
				57398AE213F0A65900DE14B3 /* standard tv.1.png */,
				57398AE013F0A63A00DE14B3 /* plasma-tv.png */,
				57398ADC13F0A4E300DE14B3 /* incandescent bulb.1.png */,
				57398ADA13F0A4C700DE14B3 /* Compact Fluorescent downlight.1.png */,
				57398AD813F0A4AC00DE14B3 /* Circular fluorescent lamp.1.png */,
				57398AD613F0A46F00DE14B3 /* Linear Fluorescent lamp.png */,
				57EACC7613EA68660044A60F /* Compact Fluorescent lamp.png */,
				57EACC7713EA68660044A60F /* Halogen Downlight.png */,
				57EACC0B13EA5D550044A60F /* app-icon-greencalc.png */,
				57EACBE713EA4D490044A60F /* DVD.1.png */,
				57EACBFC13EA4DF80044A60F /* Coffee Maker.png */,
				57398ADE13F0A53500DE14B3 /* LCD tv.1.png */,
				57EACBE813EA4D490044A60F /* Hair Straightener.1.png */,
				57EACC0513EA51960044A60F /* XBox.png */,
				57EACBE913EA4D490044A60F /* iPod (use for iPod Charger).1.png */,
				57EACBEA13EA4D490044A60F /* Kettle.1.png */,
				57EACBEB13EA4D490044A60F /* Laptop.1.png */,
				57EACBEC13EA4D490044A60F /* loudspeaker.1.png */,
				57EACBED13EA4D490044A60F /* Microwave.1.png */,
				57EACBEE13EA4D490044A60F /* printer.1.png */,
				57EACBEF13EA4D490044A60F /* scanner.1.png */,
				57EACBF013EA4D490044A60F /* Toaster.1.png */,
				57EACBE513EA4D340044A60F /* Desktop.1.png */,
				57EACBE313EA4D2D0044A60F /* Blowdryer.1.png */,
				57448AEF13EA33E800B24345 /* Residence.1.png */,
				57448AC213EA30E300B24345 /* Lighting.1.png */,
			);
			name = Images;
			sourceTree = "<group>";
		};
		57E5F6C715AE62330011E417 /* Pickers */ = {
			isa = PBXGroup;
			children = (
				57E5F6C815AE62330011E417 /* AbstractActionSheetPicker.h */,
				57E5F6C915AE62330011E417 /* AbstractActionSheetPicker.m */,
				57E5F6CA15AE62330011E417 /* ActionSheetDatePicker.h */,
				57E5F6CB15AE62330011E417 /* ActionSheetDatePicker.m */,
				57E5F6CC15AE62330011E417 /* ActionSheetDistancePicker.h */,
				57E5F6CD15AE62330011E417 /* ActionSheetDistancePicker.m */,
				57E5F6CE15AE62330011E417 /* ActionSheetStringPicker.h */,
				57E5F6CF15AE62330011E417 /* ActionSheetStringPicker.m */,
				57E5F6D015AE62330011E417 /* DistancePickerView.h */,
				57E5F6D115AE62330011E417 /* DistancePickerView.m */,
			);
			name = Pickers;
			path = "../../../Desktop/TimCinel-ActionSheetPicker-5937d2f/Pickers";
			sourceTree = "<group>";
		};
		57E5F6D215AE62430011E417 /* ActionSheetPicker */ = {
			isa = PBXGroup;
			children = (
				57E5F6C715AE62330011E417 /* Pickers */,
				57E5F6C615AE62330011E417 /* ActionSheetPicker.h */,
			);
			name = ActionSheetPicker;
			sourceTree = "<group>";
		};
/* End PBXGroup section */

/* Begin PBXNativeTarget section */
		1D6058900D05DD3D006BFB54 /* GreenKey */ = {
			isa = PBXNativeTarget;
			buildConfigurationList = 1D6058960D05DD3E006BFB54 /* Build configuration list for PBXNativeTarget "GreenKey" */;
			buildPhases = (
				1D60588D0D05DD3D006BFB54 /* Resources */,
				1D60588E0D05DD3D006BFB54 /* Sources */,
				1D60588F0D05DD3D006BFB54 /* Frameworks */,
			);
			buildRules = (
			);
			dependencies = (
			);
			name = GreenKey;
			productName = ANUGreen;
			productReference = 1D6058910D05DD3D006BFB54 /* GreenKey.app */;
			productType = "com.apple.product-type.application";
		};
/* End PBXNativeTarget section */

/* Begin PBXProject section */
		29B97313FDCFA39411CA2CEA /* Project object */ = {
			isa = PBXProject;
			attributes = {
				LastUpgradeCheck = 0410;
				ORGANIZATIONNAME = ANUGreen;
			};
			buildConfigurationList = C01FCF4E08A954540054247B /* Build configuration list for PBXProject "GreenKey" */;
			compatibilityVersion = "Xcode 3.2";
			developmentRegion = English;
			hasScannedForEncodings = 1;
			knownRegions = (
				English,
				Japanese,
				French,
				German,
			);
			mainGroup = 29B97314FDCFA39411CA2CEA /* CustomTemplate */;
			projectDirPath = "";
			projectRoot = "";
			targets = (
				1D6058900D05DD3D006BFB54 /* GreenKey */,
			);
		};
/* End PBXProject section */

/* Begin PBXResourcesBuildPhase section */
		1D60588D0D05DD3D006BFB54 /* Resources */ = {
			isa = PBXResourcesBuildPhase;
			buildActionMask = 2147483647;
			files = (
				28AD733F0D9D9553002E5188 /* MainWindow.xib in Resources */,
				2899E5220DE3E06400AC0155 /* ANUGreenViewController.xib in Resources */,
				57AD062813E63E67007CAEEE /* AboutAppViewController.xib in Resources */,
				57AD06FD13E667B7007CAEEE /* AboutANUGreenViewController.xib in Resources */,
				5777EC8313E81A01004E12AC /* AuditResidenceViewController.xib in Resources */,
				5777ECB413E81E93004E12AC /* AuditLightingViewController.xib in Resources */,
				5777ECDB13E82091004E12AC /* AuditHeatingViewController.xib in Resources */,
				5777ECE213E820A9004E12AC /* AuditWaterViewController.xib in Resources */,
				5777ECE913E820BB004E12AC /* AuditCalculateViewController.xib in Resources */,
				5777ED5713E8266A004E12AC /* AuditElectricityKitchenViewController.xib in Resources */,
				5777ED6A13E82798004E12AC /* AuditElectricityCommunicationsViewController.xib in Resources */,
				5777ED7313E827F0004E12AC /* AuditElectricityEntertainmentViewController.xib in Resources */,
				57448AC313EA30E300B24345 /* Lighting.1.png in Resources */,
				57448AD013EA335200B24345 /* InitiativesViewController.xib in Resources */,
				57448AF013EA33E800B24345 /* Residence.1.png in Resources */,
				57EACBE413EA4D2D0044A60F /* Blowdryer.1.png in Resources */,
				57EACBE613EA4D340044A60F /* Desktop.1.png in Resources */,
				57EACBF113EA4D490044A60F /* DVD.1.png in Resources */,
				57EACBF213EA4D490044A60F /* Hair Straightener.1.png in Resources */,
				57EACBF313EA4D490044A60F /* iPod (use for iPod Charger).1.png in Resources */,
				57EACBF413EA4D490044A60F /* Kettle.1.png in Resources */,
				57EACBF513EA4D490044A60F /* Laptop.1.png in Resources */,
				57EACBF613EA4D490044A60F /* loudspeaker.1.png in Resources */,
				57EACBF713EA4D490044A60F /* Microwave.1.png in Resources */,
				57EACBF813EA4D490044A60F /* printer.1.png in Resources */,
				57EACBF913EA4D490044A60F /* scanner.1.png in Resources */,
				57EACBFA13EA4D490044A60F /* Toaster.1.png in Resources */,
				57EACBFD13EA4DF80044A60F /* Coffee Maker.png in Resources */,
				57EACC0613EA51960044A60F /* XBox.png in Resources */,
				57EACC0C13EA5D550044A60F /* app-icon-greencalc.png in Resources */,
				57EACC6813EA666C0044A60F /* AuditElectricityGroomingViewController.xib in Resources */,
				57EACC7813EA68660044A60F /* Compact Fluorescent lamp.png in Resources */,
				57EACC7913EA68660044A60F /* Halogen Downlight.png in Resources */,
				571D5D7513EBB250006B7559 /* Default.png in Resources */,
				57398AD713F0A46F00DE14B3 /* Linear Fluorescent lamp.png in Resources */,
				57398AD913F0A4AC00DE14B3 /* Circular fluorescent lamp.1.png in Resources */,
				57398ADB13F0A4C700DE14B3 /* Compact Fluorescent downlight.1.png in Resources */,
				57398ADD13F0A4E300DE14B3 /* incandescent bulb.1.png in Resources */,
				57398ADF13F0A53500DE14B3 /* LCD tv.1.png in Resources */,
				57398AE113F0A63A00DE14B3 /* plasma-tv.png in Resources */,
				57398AE313F0A65900DE14B3 /* standard tv.1.png in Resources */,
				57398AE513F0A7F600DE14B3 /* Mobile phone charger.1.png in Resources */,
				57398AEA13F0AF3400DE14B3 /* shower.png in Resources */,
				57398AEB13F0AF3400DE14B3 /* tap.1.png in Resources */,
				57398AEC13F0AF3400DE14B3 /* toilet.1.png in Resources */,
				57398AED13F0AF3400DE14B3 /* washing machine.1.png in Resources */,
				57398AEF13F0C54600DE14B3 /* home-40.png in Resources */,
				57398AF113F0C79400DE14B3 /* app-splash-v-greencalc.png in Resources */,
				57398AF313F0C81300DE14B3 /* app-splash-h.png in Resources */,
				574092C713F202F00054AB68 /* light-40.png in Resources */,
				574092C913F202FF0054AB68 /* water-40.png in Resources */,
				574092CB13F203280054AB68 /* gas-40.png in Resources */,
				574092CD13F203300054AB68 /* elecplug-40.png in Resources */,
				574092CF13F2033A0054AB68 /* clipboard-40.png in Resources */,
				574092D113F203860054AB68 /* stereo.1.png in Resources */,
				574092D913F261C90054AB68 /* greenapp-40.png in Resources */,
				5791A3A613F4212200E1305A /* anu_web_l.png in Resources */,
				5791A3A813F4216200E1305A /* 725_ANUgreen_logo_small.jpg in Resources */,
			);
			runOnlyForDeploymentPostprocessing = 0;
		};
/* End PBXResourcesBuildPhase section */

/* Begin PBXSourcesBuildPhase section */
		1D60588E0D05DD3D006BFB54 /* Sources */ = {
			isa = PBXSourcesBuildPhase;
			buildActionMask = 2147483647;
			files = (
				57E5F6D315AE65550011E417 /* AbstractActionSheetPicker.m in Sources */,
				57E5F6D415AE65550011E417 /* ActionSheetDatePicker.m in Sources */,
				57E5F6D515AE65550011E417 /* ActionSheetDistancePicker.m in Sources */,
				57E5F6D615AE65550011E417 /* ActionSheetStringPicker.m in Sources */,
				57E5F6D715AE65550011E417 /* DistancePickerView.m in Sources */,
				1D60589B0D05DD56006BFB54 /* main.m in Sources */,
				1D3623260D0F684500981E51 /* ANUGreenAppDelegate.m in Sources */,
				28D7ACF80DDB3853001CB0EB /* ANUGreenViewController.m in Sources */,
				57AD062713E63E67007CAEEE /* AboutAppViewController.m in Sources */,
				57AD06FC13E667B7007CAEEE /* AboutANUGreenViewController.m in Sources */,
				578CB46013E7729E00B7F628 /* TestTableViewController.m in Sources */,
				5777EC8213E81A01004E12AC /* AuditResidenceViewController.m in Sources */,
				5777ECB313E81E93004E12AC /* AuditLightingViewController.m in Sources */,
				5777ECDA13E82091004E12AC /* AuditHeatingViewController.m in Sources */,
				5777ECE113E820A9004E12AC /* AuditWaterViewController.m in Sources */,
				5777ECE813E820BB004E12AC /* AuditCalculateViewController.m in Sources */,
				5777ED0313E8223F004E12AC /* AuditElectricityTableViewController.m in Sources */,
				5777ED5613E8266A004E12AC /* AuditElectricityKitchenViewController.m in Sources */,
				5777ED6913E82798004E12AC /* AuditElectricityCommunicationsViewController.m in Sources */,
				5777ED7213E827F0004E12AC /* AuditElectricityEntertainmentViewController.m in Sources */,
				57448ACF13EA335200B24345 /* InitiativesViewController.m in Sources */,
				57EACC6713EA666C0044A60F /* AuditElectricityGroomingViewController.m in Sources */,
			);
			runOnlyForDeploymentPostprocessing = 0;
		};
/* End PBXSourcesBuildPhase section */

/* Begin XCBuildConfiguration section */
		1D6058940D05DD3E006BFB54 /* Debug */ = {
			isa = XCBuildConfiguration;
			buildSettings = {
				ALWAYS_SEARCH_USER_PATHS = NO;
				COPY_PHASE_STRIP = NO;
				GCC_DYNAMIC_NO_PIC = NO;
				GCC_OPTIMIZATION_LEVEL = 0;
				GCC_PRECOMPILE_PREFIX_HEADER = YES;
				GCC_PREFIX_HEADER = GreenKey_Prefix.pch;
				GCC_VERSION = com.apple.compilers.llvm.clang.1_0;
				INFOPLIST_FILE = "GreenKey-Info.plist";
				PRODUCT_NAME = GreenKey;
			};
			name = Debug;
		};
		1D6058950D05DD3E006BFB54 /* Release */ = {
			isa = XCBuildConfiguration;
			buildSettings = {
				ALWAYS_SEARCH_USER_PATHS = NO;
				COPY_PHASE_STRIP = YES;
				GCC_PRECOMPILE_PREFIX_HEADER = YES;
				GCC_PREFIX_HEADER = GreenKey_Prefix.pch;
				GCC_VERSION = com.apple.compilers.llvm.clang.1_0;
				INFOPLIST_FILE = "GreenKey-Info.plist";
				PRODUCT_NAME = GreenKey;
				VALIDATE_PRODUCT = YES;
			};
			name = Release;
		};
		C01FCF4F08A954540054247B /* Debug */ = {
			isa = XCBuildConfiguration;
			buildSettings = {
				ARCHS = "$(ARCHS_STANDARD_32_BIT)";
				CODE_SIGN_IDENTITY = "iPhone Developer: Victor Wibisono (7CVK9W88RR)";
				"CODE_SIGN_IDENTITY[sdk=iphoneos*]" = "iPhone Developer: Victor Wibisono (7CVK9W88RR)";
				GCC_C_LANGUAGE_STANDARD = c99;
				GCC_VERSION = com.apple.compilers.llvm.clang.1_0;
				GCC_WARN_ABOUT_RETURN_TYPE = YES;
				GCC_WARN_UNUSED_VARIABLE = YES;
				PROVISIONING_PROFILE = "E2968ECD-AB82-4EBC-AC92-C028762DE7D3";
				"PROVISIONING_PROFILE[sdk=iphoneos*]" = "E2968ECD-AB82-4EBC-AC92-C028762DE7D3";
				SDKROOT = iphoneos;
			};
			name = Debug;
		};
		C01FCF5008A954540054247B /* Release */ = {
			isa = XCBuildConfiguration;
			buildSettings = {
				ARCHS = "$(ARCHS_STANDARD_32_BIT)";
				CODE_SIGN_IDENTITY = "iPhone Developer: Victor Wibisono (7CVK9W88RR)";
				"CODE_SIGN_IDENTITY[sdk=iphoneos*]" = "iPhone Developer: Victor Wibisono (7CVK9W88RR)";
				GCC_C_LANGUAGE_STANDARD = c99;
				GCC_VERSION = com.apple.compilers.llvm.clang.1_0;
				GCC_WARN_ABOUT_RETURN_TYPE = YES;
				GCC_WARN_UNUSED_VARIABLE = YES;
				OTHER_CFLAGS = "-DNS_BLOCK_ASSERTIONS=1";
				PROVISIONING_PROFILE = "E2968ECD-AB82-4EBC-AC92-C028762DE7D3";
				"PROVISIONING_PROFILE[sdk=iphoneos*]" = "E2968ECD-AB82-4EBC-AC92-C028762DE7D3";
				SDKROOT = iphoneos;
			};
			name = Release;
		};
/* End XCBuildConfiguration section */

/* Begin XCConfigurationList section */
		1D6058960D05DD3E006BFB54 /* Build configuration list for PBXNativeTarget "GreenKey" */ = {
			isa = XCConfigurationList;
			buildConfigurations = (
				1D6058940D05DD3E006BFB54 /* Debug */,
				1D6058950D05DD3E006BFB54 /* Release */,
			);
			defaultConfigurationIsVisible = 0;
			defaultConfigurationName = Release;
		};
		C01FCF4E08A954540054247B /* Build configuration list for PBXProject "GreenKey" */ = {
			isa = XCConfigurationList;
			buildConfigurations = (
				C01FCF4F08A954540054247B /* Debug */,
				C01FCF5008A954540054247B /* Release */,
			);
			defaultConfigurationIsVisible = 0;
			defaultConfigurationName = Release;
		};
/* End XCConfigurationList section */
	};
	rootObject = 29B97313FDCFA39411CA2CEA /* Project object */;
}
