// !$*UTF8*$!
{
	archiveVersion = 1;
	classes = {
	};
	objectVersion = 46;
	objects = {

/* Begin PBXBuildFile section */
		1D60589F0D05DD5A006BFB54 /* Foundation.framework in Frameworks */ = {isa = PBXBuildFile; fileRef = 1D30AB110D05D00D00671497 /* Foundation.framework */; };
		1DF5F4E00D08C38300B7A737 /* UIKit.framework in Frameworks */ = {isa = PBXBuildFile; fileRef = 1DF5F4DF0D08C38300B7A737 /* UIKit.framework */; };
		288765A50DF7441C002DB57D /* CoreGraphics.framework in Frameworks */ = {isa = PBXBuildFile; fileRef = 288765A40DF7441C002DB57D /* CoreGraphics.framework */; };
		572B0770181D151100ADC63F /* Social.framework in Frameworks */ = {isa = PBXBuildFile; fileRef = 572B076F181D151100ADC63F /* Social.framework */; };
		572B0776181D246500ADC63F /* Default~iphone.png in Resources */ = {isa = PBXBuildFile; fileRef = 572B0775181D246500ADC63F /* Default~iphone.png */; };
		573C2F2515DCBB6A008119E9 /* Compact_Fluorescent_Downlight.jpg in Resources */ = {isa = PBXBuildFile; fileRef = 573C2F2415DCBB6A008119E9 /* Compact_Fluorescent_Downlight.jpg */; };
		573C2F2715DCBC19008119E9 /* Linear_Fluorescent_Lamp.jpg in Resources */ = {isa = PBXBuildFile; fileRef = 573C2F2615DCBC19008119E9 /* Linear_Fluorescent_Lamp.jpg */; };
		5745396015B7E276001D34A5 /* light-80.png in Resources */ = {isa = PBXBuildFile; fileRef = 5745395F15B7E276001D34A5 /* light-80.png */; };
		57469DE7182DE379000D3B25 /* libz.dylib in Frameworks */ = {isa = PBXBuildFile; fileRef = 57469DE6182DE379000D3B25 /* libz.dylib */; };
		57469DE9182DE381000D3B25 /* AdSupport.framework in Frameworks */ = {isa = PBXBuildFile; fileRef = 57469DE8182DE381000D3B25 /* AdSupport.framework */; };
		57469DEA182DE408000D3B25 /* libGoogleAnalyticsServices.a in Frameworks */ = {isa = PBXBuildFile; fileRef = 571D4B9F182DDF9400113E90 /* libGoogleAnalyticsServices.a */; };
		574A547818247DE30026F11A /* MenuTableViewController.m in Sources */ = {isa = PBXBuildFile; fileRef = 57A84F0B15B7C4970030180C /* MenuTableViewController.m */; };
		574A547918247DE90026F11A /* ANUGreenAppDelegate.m in Sources */ = {isa = PBXBuildFile; fileRef = 1D3623250D0F684500981E51 /* ANUGreenAppDelegate.m */; };
		574A547A18247F4F0026F11A /* HomeViewController.m in Sources */ = {isa = PBXBuildFile; fileRef = 28D7ACF70DDB3853001CB0EB /* HomeViewController.m */; };
		5789D89D18248166008665B2 /* HomeViewController.xib in Resources */ = {isa = PBXBuildFile; fileRef = 2899E5210DE3E06400AC0155 /* HomeViewController.xib */; };
		5789D89E18248169008665B2 /* AuditElectricityGroomingViewController.xib in Resources */ = {isa = PBXBuildFile; fileRef = 571CF9A01600526500B6C4AF /* AuditElectricityGroomingViewController.xib */; };
		57A84EA215B7C3120030180C /* anu_web_l.png in Resources */ = {isa = PBXBuildFile; fileRef = 57A84E7615B7C3120030180C /* anu_web_l.png */; };
		57A84EA315B7C3120030180C /* app-icon-greencalc.png in Resources */ = {isa = PBXBuildFile; fileRef = 57A84E7715B7C3120030180C /* app-icon-greencalc.png */; };
		57A84EA415B7C3120030180C /* app-splash-h.png in Resources */ = {isa = PBXBuildFile; fileRef = 57A84E7815B7C3120030180C /* app-splash-h.png */; };
		57A84EA515B7C3120030180C /* app-splash-v-greencalc.png in Resources */ = {isa = PBXBuildFile; fileRef = 57A84E7915B7C3120030180C /* app-splash-v-greencalc.png */; };
		57A84EA615B7C3120030180C /* Blowdryer.1.png in Resources */ = {isa = PBXBuildFile; fileRef = 57A84E7A15B7C3120030180C /* Blowdryer.1.png */; };
		57A84EA715B7C3120030180C /* Circular fluorescent lamp.1.png in Resources */ = {isa = PBXBuildFile; fileRef = 57A84E7B15B7C3120030180C /* Circular fluorescent lamp.1.png */; };
		57A84EA815B7C3120030180C /* clipboard-40.png in Resources */ = {isa = PBXBuildFile; fileRef = 57A84E7C15B7C3120030180C /* clipboard-40.png */; };
		57A84EA915B7C3120030180C /* Coffee Maker.png in Resources */ = {isa = PBXBuildFile; fileRef = 57A84E7D15B7C3120030180C /* Coffee Maker.png */; };
		57A84EAA15B7C3120030180C /* Compact Fluorescent downlight.1.png in Resources */ = {isa = PBXBuildFile; fileRef = 57A84E7E15B7C3120030180C /* Compact Fluorescent downlight.1.png */; };
		57A84EAB15B7C3120030180C /* Compact Fluorescent lamp.png in Resources */ = {isa = PBXBuildFile; fileRef = 57A84E7F15B7C3120030180C /* Compact Fluorescent lamp.png */; };
		57A84EAD15B7C3120030180C /* Desktop.1.png in Resources */ = {isa = PBXBuildFile; fileRef = 57A84E8115B7C3120030180C /* Desktop.1.png */; };
		57A84EAE15B7C3120030180C /* DVD.1.png in Resources */ = {isa = PBXBuildFile; fileRef = 57A84E8215B7C3120030180C /* DVD.1.png */; };
		57A84EAF15B7C3120030180C /* elecplug-40.png in Resources */ = {isa = PBXBuildFile; fileRef = 57A84E8315B7C3120030180C /* elecplug-40.png */; };
		57A84EB015B7C3120030180C /* gas-40.png in Resources */ = {isa = PBXBuildFile; fileRef = 57A84E8415B7C3120030180C /* gas-40.png */; };
		57A84EB115B7C3120030180C /* greenapp-40.png in Resources */ = {isa = PBXBuildFile; fileRef = 57A84E8515B7C3120030180C /* greenapp-40.png */; };
		57A84EB215B7C3120030180C /* Hair Straightener.1.png in Resources */ = {isa = PBXBuildFile; fileRef = 57A84E8615B7C3120030180C /* Hair Straightener.1.png */; };
		57A84EB315B7C3120030180C /* Halogen Downlight.png in Resources */ = {isa = PBXBuildFile; fileRef = 57A84E8715B7C3120030180C /* Halogen Downlight.png */; };
		57A84EB415B7C3120030180C /* home-40.png in Resources */ = {isa = PBXBuildFile; fileRef = 57A84E8815B7C3120030180C /* home-40.png */; };
		57A84EB515B7C3120030180C /* incandescent bulb.1.png in Resources */ = {isa = PBXBuildFile; fileRef = 57A84E8915B7C3120030180C /* incandescent bulb.1.png */; };
		57A84EB615B7C3120030180C /* iPod (use for iPod Charger).1.png in Resources */ = {isa = PBXBuildFile; fileRef = 57A84E8A15B7C3120030180C /* iPod (use for iPod Charger).1.png */; };
		57A84EB715B7C3120030180C /* Kettle.1.png in Resources */ = {isa = PBXBuildFile; fileRef = 57A84E8B15B7C3120030180C /* Kettle.1.png */; };
		57A84EB815B7C3120030180C /* Laptop.1.png in Resources */ = {isa = PBXBuildFile; fileRef = 57A84E8C15B7C3120030180C /* Laptop.1.png */; };
		57A84EB915B7C3120030180C /* LCD tv.1.png in Resources */ = {isa = PBXBuildFile; fileRef = 57A84E8D15B7C3120030180C /* LCD tv.1.png */; };
		57A84EBA15B7C3120030180C /* light-40.png in Resources */ = {isa = PBXBuildFile; fileRef = 57A84E8E15B7C3120030180C /* light-40.png */; };
		57A84EBB15B7C3120030180C /* Lighting.1.png in Resources */ = {isa = PBXBuildFile; fileRef = 57A84E8F15B7C3120030180C /* Lighting.1.png */; };
		57A84EBC15B7C3120030180C /* Linear Fluorescent lamp.png in Resources */ = {isa = PBXBuildFile; fileRef = 57A84E9015B7C3120030180C /* Linear Fluorescent lamp.png */; };
		57A84EBD15B7C3120030180C /* loudspeaker.1.png in Resources */ = {isa = PBXBuildFile; fileRef = 57A84E9115B7C3120030180C /* loudspeaker.1.png */; };
		57A84EBE15B7C3120030180C /* Microwave.1.png in Resources */ = {isa = PBXBuildFile; fileRef = 57A84E9215B7C3120030180C /* Microwave.1.png */; };
		57A84EBF15B7C3120030180C /* Mobile phone charger.1.png in Resources */ = {isa = PBXBuildFile; fileRef = 57A84E9315B7C3120030180C /* Mobile phone charger.1.png */; };
		57A84EC015B7C3120030180C /* plasma-tv.png in Resources */ = {isa = PBXBuildFile; fileRef = 57A84E9415B7C3120030180C /* plasma-tv.png */; };
		57A84EC115B7C3120030180C /* printer.1.png in Resources */ = {isa = PBXBuildFile; fileRef = 57A84E9515B7C3120030180C /* printer.1.png */; };
		57A84EC215B7C3120030180C /* Residence.1.png in Resources */ = {isa = PBXBuildFile; fileRef = 57A84E9615B7C3120030180C /* Residence.1.png */; };
		57A84EC315B7C3120030180C /* scanner.1.png in Resources */ = {isa = PBXBuildFile; fileRef = 57A84E9715B7C3120030180C /* scanner.1.png */; };
		57A84EC415B7C3120030180C /* shower.png in Resources */ = {isa = PBXBuildFile; fileRef = 57A84E9815B7C3120030180C /* shower.png */; };
		57A84EC515B7C3120030180C /* standard tv.1.png in Resources */ = {isa = PBXBuildFile; fileRef = 57A84E9915B7C3120030180C /* standard tv.1.png */; };
		57A84EC615B7C3120030180C /* stereo.1.png in Resources */ = {isa = PBXBuildFile; fileRef = 57A84E9A15B7C3120030180C /* stereo.1.png */; };
		57A84EC715B7C3120030180C /* tap.1.png in Resources */ = {isa = PBXBuildFile; fileRef = 57A84E9B15B7C3120030180C /* tap.1.png */; };
		57A84EC815B7C3120030180C /* Toaster.1.png in Resources */ = {isa = PBXBuildFile; fileRef = 57A84E9C15B7C3120030180C /* Toaster.1.png */; };
		57A84EC915B7C3120030180C /* toilet.1.png in Resources */ = {isa = PBXBuildFile; fileRef = 57A84E9D15B7C3120030180C /* toilet.1.png */; };
		57A84ECA15B7C3120030180C /* washing machine.1.png in Resources */ = {isa = PBXBuildFile; fileRef = 57A84E9E15B7C3120030180C /* washing machine.1.png */; };
		57A84ECB15B7C3120030180C /* water-40.png in Resources */ = {isa = PBXBuildFile; fileRef = 57A84E9F15B7C3120030180C /* water-40.png */; };
		57A84ECC15B7C3120030180C /* XBox.png in Resources */ = {isa = PBXBuildFile; fileRef = 57A84EA015B7C3120030180C /* XBox.png */; };
		57BF3FD515BFB25000B763AB /* greenapp-40-highres.png in Resources */ = {isa = PBXBuildFile; fileRef = 57BF3FD415BFB25000B763AB /* greenapp-40-highres.png */; };
		57BF3FD715BFB2F900B763AB /* greenapp-60.png in Resources */ = {isa = PBXBuildFile; fileRef = 57BF3FD615BFB2F900B763AB /* greenapp-60.png */; };
		57BF3FD915BFB50500B763AB /* elecplug-80.png in Resources */ = {isa = PBXBuildFile; fileRef = 57BF3FD815BFB50500B763AB /* elecplug-80.png */; };
		57BF3FDB15BFB50F00B763AB /* gas-80.png in Resources */ = {isa = PBXBuildFile; fileRef = 57BF3FDA15BFB50F00B763AB /* gas-80.png */; };
		57BF3FDD15BFB51B00B763AB /* water-80.png in Resources */ = {isa = PBXBuildFile; fileRef = 57BF3FDC15BFB51B00B763AB /* water-80.png */; };
		57BF3FDF15BFB53500B763AB /* home-80.png in Resources */ = {isa = PBXBuildFile; fileRef = 57BF3FDE15BFB53500B763AB /* home-80.png */; };
		57BF3FE115BFB54300B763AB /* clipboard-80.png in Resources */ = {isa = PBXBuildFile; fileRef = 57BF3FE015BFB54300B763AB /* clipboard-80.png */; };
		57BF3FE315C0D1DB00B763AB /* ANUgreen logo 2011.jpeg in Resources */ = {isa = PBXBuildFile; fileRef = 57BF3FE215C0D1DB00B763AB /* ANUgreen logo 2011.jpeg */; };
		57C28471160C158400A6FF0F /* app-icon-greencalc-114.png in Resources */ = {isa = PBXBuildFile; fileRef = 57C28470160C158400A6FF0F /* app-icon-greencalc-114.png */; };
		57C28473160C159B00A6FF0F /* app-icon-greencalc-57.png in Resources */ = {isa = PBXBuildFile; fileRef = 57C28472160C159B00A6FF0F /* app-icon-greencalc-57.png */; };
		57C28475160C162500A6FF0F /* Default@2x.png in Resources */ = {isa = PBXBuildFile; fileRef = 57C28474160C162500A6FF0F /* Default@2x.png */; };
		57C28477160C169E00A6FF0F /* Default.png in Resources */ = {isa = PBXBuildFile; fileRef = 57C28476160C169E00A6FF0F /* Default.png */; };
		57C4C0E516157ABF00C6AE6A /* greenapp-60@2x.png in Resources */ = {isa = PBXBuildFile; fileRef = 57C4C0E416157ABF00C6AE6A /* greenapp-60@2x.png */; };
		57C4C0E916157BEF00C6AE6A /* app-splash-h@2x.png in Resources */ = {isa = PBXBuildFile; fileRef = 57C4C0E816157BEF00C6AE6A /* app-splash-h@2x.png */; };
		57D46E781824B75F0054706D /* AuditElectricityCommunicationsViewController.xib in Resources */ = {isa = PBXBuildFile; fileRef = 5777ED6813E82798004E12AC /* AuditElectricityCommunicationsViewController.xib */; };
		57D46E791824B75F0054706D /* AuditElectricityEntertainmentViewController.xib in Resources */ = {isa = PBXBuildFile; fileRef = 5777ED7113E827F0004E12AC /* AuditElectricityEntertainmentViewController.xib */; };
		57D46E7A1824B75F0054706D /* AuditElectricityKitchenViewController.xib in Resources */ = {isa = PBXBuildFile; fileRef = 5777ED5513E8266A004E12AC /* AuditElectricityKitchenViewController.xib */; };
		57D46E7D1824B76E0054706D /* AuditCalculateViewController.xib in Resources */ = {isa = PBXBuildFile; fileRef = 5777ECE713E820BB004E12AC /* AuditCalculateViewController.xib */; };
		57D46E7E1824B76E0054706D /* AboutAppViewController.xib in Resources */ = {isa = PBXBuildFile; fileRef = 57AD062613E63E67007CAEEE /* AboutAppViewController.xib */; };
		57D46E7F1824B76E0054706D /* AboutANUGreenViewController.xib in Resources */ = {isa = PBXBuildFile; fileRef = 57AD06FB13E667B7007CAEEE /* AboutANUGreenViewController.xib */; };
		57D46E801824B76E0054706D /* AuditWaterViewController.xib in Resources */ = {isa = PBXBuildFile; fileRef = 5777ECE013E820A9004E12AC /* AuditWaterViewController.xib */; };
		57D46E811824B76E0054706D /* AuditResidenceViewController.xib in Resources */ = {isa = PBXBuildFile; fileRef = 5777EC8113E81A01004E12AC /* AuditResidenceViewController.xib */; };
		57D46E871824B78E0054706D /* main.m in Sources */ = {isa = PBXBuildFile; fileRef = 29B97316FDCFA39411CA2CEA /* main.m */; };
		57D46E881824B78E0054706D /* AuditElectricityGroomingViewController.m in Sources */ = {isa = PBXBuildFile; fileRef = 57EACC6513EA666C0044A60F /* AuditElectricityGroomingViewController.m */; };
		57D46E891824B78E0054706D /* AuditElectricityKitchenViewController.m in Sources */ = {isa = PBXBuildFile; fileRef = 5777ED5413E8266A004E12AC /* AuditElectricityKitchenViewController.m */; };
		57D46E8A1824B78E0054706D /* AuditElectricityTableViewController.m in Sources */ = {isa = PBXBuildFile; fileRef = 5777ED0213E8223F004E12AC /* AuditElectricityTableViewController.m */; };
		57D46E8B1824B78E0054706D /* AuditElectricityEntertainmentViewController.m in Sources */ = {isa = PBXBuildFile; fileRef = 5777ED7013E827F0004E12AC /* AuditElectricityEntertainmentViewController.m */; };
		57D46E8C1824B78E0054706D /* AuditElectricityCommunicationsViewController.m in Sources */ = {isa = PBXBuildFile; fileRef = 5777ED6713E82798004E12AC /* AuditElectricityCommunicationsViewController.m */; };
		57D46E8D1824B78E0054706D /* AuditLightingViewController.m in Sources */ = {isa = PBXBuildFile; fileRef = 5777ECB113E81E93004E12AC /* AuditLightingViewController.m */; };
		57D46E8E1824B78E0054706D /* AuditHeatingViewController.m in Sources */ = {isa = PBXBuildFile; fileRef = 5777ECD813E82091004E12AC /* AuditHeatingViewController.m */; };
		57D46E8F1824B78E0054706D /* AuditCalculateViewController.m in Sources */ = {isa = PBXBuildFile; fileRef = 5777ECE613E820BB004E12AC /* AuditCalculateViewController.m */; };
		57D46E901824B78E0054706D /* AboutAppViewController.m in Sources */ = {isa = PBXBuildFile; fileRef = 57AD062513E63E67007CAEEE /* AboutAppViewController.m */; };
		57D46E911824B78E0054706D /* AboutANUGreenViewController.m in Sources */ = {isa = PBXBuildFile; fileRef = 57AD06FA13E667B7007CAEEE /* AboutANUGreenViewController.m */; };
		57D46E921824B78E0054706D /* AuditWaterViewController.m in Sources */ = {isa = PBXBuildFile; fileRef = 5777ECDF13E820A9004E12AC /* AuditWaterViewController.m */; };
		57D46E931824B78E0054706D /* AuditResidenceViewController.m in Sources */ = {isa = PBXBuildFile; fileRef = 5777EC8013E81A01004E12AC /* AuditResidenceViewController.m */; };
		57D46E941824B7D70054706D /* AuditLightingViewController.xib in Resources */ = {isa = PBXBuildFile; fileRef = 5777ECB213E81E93004E12AC /* AuditLightingViewController.xib */; };
		57D46E951824B7D70054706D /* AuditHeatingViewController.xib in Resources */ = {isa = PBXBuildFile; fileRef = 5777ECD913E82091004E12AC /* AuditHeatingViewController.xib */; };
		57D46E961824B8120054706D /* AbstractActionSheetPicker.m in Sources */ = {isa = PBXBuildFile; fileRef = 57A84ED415B7C33B0030180C /* AbstractActionSheetPicker.m */; };
		57D46E971824B8120054706D /* ActionSheetDatePicker.m in Sources */ = {isa = PBXBuildFile; fileRef = 57A84ED615B7C33B0030180C /* ActionSheetDatePicker.m */; };
		57D46E981824B8120054706D /* ActionSheetDistancePicker.m in Sources */ = {isa = PBXBuildFile; fileRef = 57A84ED815B7C33B0030180C /* ActionSheetDistancePicker.m */; };
		57D46E991824B8120054706D /* ActionSheetStringPicker.m in Sources */ = {isa = PBXBuildFile; fileRef = 57A84EDA15B7C33B0030180C /* ActionSheetStringPicker.m */; };
		57D46E9A1824B8120054706D /* DistancePickerView.m in Sources */ = {isa = PBXBuildFile; fileRef = 57A84EDC15B7C33B0030180C /* DistancePickerView.m */; };
		57DAAF92182DD3A800D8FCC0 /* CoreData.framework in Frameworks */ = {isa = PBXBuildFile; fileRef = 57DAAF91182DD3A800D8FCC0 /* CoreData.framework */; };
		57DAAF94182DD3B300D8FCC0 /* SystemConfiguration.framework in Frameworks */ = {isa = PBXBuildFile; fileRef = 57DAAF93182DD3B300D8FCC0 /* SystemConfiguration.framework */; };
/* End PBXBuildFile section */

/* Begin PBXFileReference section */
		1D30AB110D05D00D00671497 /* Foundation.framework */ = {isa = PBXFileReference; lastKnownFileType = wrapper.framework; name = Foundation.framework; path = System/Library/Frameworks/Foundation.framework; sourceTree = SDKROOT; };
		1D3623240D0F684500981E51 /* ANUGreenAppDelegate.h */ = {isa = PBXFileReference; fileEncoding = 4; lastKnownFileType = sourcecode.c.h; lineEnding = 0; path = ANUGreenAppDelegate.h; sourceTree = "<group>"; xcLanguageSpecificationIdentifier = xcode.lang.objcpp; };
		1D3623250D0F684500981E51 /* ANUGreenAppDelegate.m */ = {isa = PBXFileReference; fileEncoding = 4; lastKnownFileType = sourcecode.c.objc; lineEnding = 0; path = ANUGreenAppDelegate.m; sourceTree = SOURCE_ROOT; xcLanguageSpecificationIdentifier = xcode.lang.objc; };
		1D6058910D05DD3D006BFB54 /* GreenKey.app */ = {isa = PBXFileReference; explicitFileType = wrapper.application; includeInIndex = 0; path = GreenKey.app; sourceTree = BUILT_PRODUCTS_DIR; };
		1DF5F4DF0D08C38300B7A737 /* UIKit.framework */ = {isa = PBXFileReference; lastKnownFileType = wrapper.framework; name = UIKit.framework; path = System/Library/Frameworks/UIKit.framework; sourceTree = SDKROOT; };
		288765A40DF7441C002DB57D /* CoreGraphics.framework */ = {isa = PBXFileReference; lastKnownFileType = wrapper.framework; name = CoreGraphics.framework; path = System/Library/Frameworks/CoreGraphics.framework; sourceTree = SDKROOT; };
		2899E5210DE3E06400AC0155 /* HomeViewController.xib */ = {isa = PBXFileReference; lastKnownFileType = file.xib; name = HomeViewController.xib; path = "Home Screen/HomeViewController.xib"; sourceTree = SOURCE_ROOT; };
		28D7ACF60DDB3853001CB0EB /* HomeViewController.h */ = {isa = PBXFileReference; fileEncoding = 4; lastKnownFileType = sourcecode.c.h; lineEnding = 0; name = HomeViewController.h; path = "Home Screen/HomeViewController.h"; sourceTree = SOURCE_ROOT; xcLanguageSpecificationIdentifier = xcode.lang.objcpp; };
		28D7ACF70DDB3853001CB0EB /* HomeViewController.m */ = {isa = PBXFileReference; fileEncoding = 4; lastKnownFileType = sourcecode.c.objc; lineEnding = 0; name = HomeViewController.m; path = "Home Screen/HomeViewController.m"; sourceTree = SOURCE_ROOT; xcLanguageSpecificationIdentifier = xcode.lang.objc; };
		29B97316FDCFA39411CA2CEA /* main.m */ = {isa = PBXFileReference; fileEncoding = 4; lastKnownFileType = sourcecode.c.objc; lineEnding = 0; path = main.m; sourceTree = SOURCE_ROOT; xcLanguageSpecificationIdentifier = xcode.lang.objc; };
		32CA4F630368D1EE00C91783 /* GreenKey_Prefix.pch */ = {isa = PBXFileReference; fileEncoding = 4; lastKnownFileType = sourcecode.c.h; name = GreenKey_Prefix.pch; path = ../GreenKey/GreenKey_Prefix.pch; sourceTree = "<group>"; };
		571CF9A01600526500B6C4AF /* AuditElectricityGroomingViewController.xib */ = {isa = PBXFileReference; fileEncoding = 4; lastKnownFileType = file.xib; name = AuditElectricityGroomingViewController.xib; path = Electricity/AuditElectricityGroomingViewController.xib; sourceTree = SOURCE_ROOT; };
		571D4B9F182DDF9400113E90 /* libGoogleAnalyticsServices.a */ = {isa = PBXFileReference; lastKnownFileType = archive.ar; name = libGoogleAnalyticsServices.a; path = "3rd Party/GoogleAnalytics/libGoogleAnalyticsServices.a"; sourceTree = SOURCE_ROOT; };
		572B076F181D151100ADC63F /* Social.framework */ = {isa = PBXFileReference; lastKnownFileType = wrapper.framework; name = Social.framework; path = System/Library/Frameworks/Social.framework; sourceTree = SDKROOT; };
		572B0775181D246500ADC63F /* Default~iphone.png */ = {isa = PBXFileReference; lastKnownFileType = image.png; name = "Default~iphone.png"; path = "Resources/Submission Assets/Default~iphone.png"; sourceTree = SOURCE_ROOT; };
		573C2F2415DCBB6A008119E9 /* Compact_Fluorescent_Downlight.jpg */ = {isa = PBXFileReference; lastKnownFileType = image.jpeg; name = Compact_Fluorescent_Downlight.jpg; path = Resources/Images/Compact_Fluorescent_Downlight.jpg; sourceTree = SOURCE_ROOT; };
		573C2F2615DCBC19008119E9 /* Linear_Fluorescent_Lamp.jpg */ = {isa = PBXFileReference; lastKnownFileType = image.jpeg; name = Linear_Fluorescent_Lamp.jpg; path = Resources/Images/Linear_Fluorescent_Lamp.jpg; sourceTree = SOURCE_ROOT; };
		5745395F15B7E276001D34A5 /* light-80.png */ = {isa = PBXFileReference; lastKnownFileType = image.png; path = "light-80.png"; sourceTree = "<group>"; };
		57469DE6182DE379000D3B25 /* libz.dylib */ = {isa = PBXFileReference; lastKnownFileType = "compiled.mach-o.dylib"; name = libz.dylib; path = usr/lib/libz.dylib; sourceTree = SDKROOT; };
		57469DE8182DE381000D3B25 /* AdSupport.framework */ = {isa = PBXFileReference; lastKnownFileType = wrapper.framework; name = AdSupport.framework; path = System/Library/Frameworks/AdSupport.framework; sourceTree = SDKROOT; };
		5777EC7F13E81A01004E12AC /* AuditResidenceViewController.h */ = {isa = PBXFileReference; fileEncoding = 4; lastKnownFileType = sourcecode.c.h; name = AuditResidenceViewController.h; path = Residence/AuditResidenceViewController.h; sourceTree = SOURCE_ROOT; };
		5777EC8013E81A01004E12AC /* AuditResidenceViewController.m */ = {isa = PBXFileReference; fileEncoding = 4; lastKnownFileType = sourcecode.c.objc; name = AuditResidenceViewController.m; path = Residence/AuditResidenceViewController.m; sourceTree = SOURCE_ROOT; };
		5777EC8113E81A01004E12AC /* AuditResidenceViewController.xib */ = {isa = PBXFileReference; lastKnownFileType = file.xib; name = AuditResidenceViewController.xib; path = Residence/AuditResidenceViewController.xib; sourceTree = SOURCE_ROOT; };
		5777ECB013E81E93004E12AC /* AuditLightingViewController.h */ = {isa = PBXFileReference; fileEncoding = 4; lastKnownFileType = sourcecode.c.h; name = AuditLightingViewController.h; path = Lighting/AuditLightingViewController.h; sourceTree = SOURCE_ROOT; };
		5777ECB113E81E93004E12AC /* AuditLightingViewController.m */ = {isa = PBXFileReference; fileEncoding = 4; lastKnownFileType = sourcecode.c.objc; name = AuditLightingViewController.m; path = Lighting/AuditLightingViewController.m; sourceTree = SOURCE_ROOT; };
		5777ECB213E81E93004E12AC /* AuditLightingViewController.xib */ = {isa = PBXFileReference; lastKnownFileType = file.xib; name = AuditLightingViewController.xib; path = Lighting/AuditLightingViewController.xib; sourceTree = SOURCE_ROOT; };
		5777ECD713E82091004E12AC /* AuditHeatingViewController.h */ = {isa = PBXFileReference; fileEncoding = 4; lastKnownFileType = sourcecode.c.h; name = AuditHeatingViewController.h; path = Heating/AuditHeatingViewController.h; sourceTree = SOURCE_ROOT; };
		5777ECD813E82091004E12AC /* AuditHeatingViewController.m */ = {isa = PBXFileReference; fileEncoding = 4; lastKnownFileType = sourcecode.c.objc; name = AuditHeatingViewController.m; path = Heating/AuditHeatingViewController.m; sourceTree = SOURCE_ROOT; };
		5777ECD913E82091004E12AC /* AuditHeatingViewController.xib */ = {isa = PBXFileReference; lastKnownFileType = file.xib; name = AuditHeatingViewController.xib; path = Heating/AuditHeatingViewController.xib; sourceTree = SOURCE_ROOT; };
		5777ECDE13E820A9004E12AC /* AuditWaterViewController.h */ = {isa = PBXFileReference; fileEncoding = 4; lastKnownFileType = sourcecode.c.h; name = AuditWaterViewController.h; path = Water/AuditWaterViewController.h; sourceTree = SOURCE_ROOT; };
		5777ECDF13E820A9004E12AC /* AuditWaterViewController.m */ = {isa = PBXFileReference; fileEncoding = 4; lastKnownFileType = sourcecode.c.objc; name = AuditWaterViewController.m; path = Water/AuditWaterViewController.m; sourceTree = SOURCE_ROOT; };
		5777ECE013E820A9004E12AC /* AuditWaterViewController.xib */ = {isa = PBXFileReference; lastKnownFileType = file.xib; name = AuditWaterViewController.xib; path = Water/AuditWaterViewController.xib; sourceTree = SOURCE_ROOT; };
		5777ECE513E820BB004E12AC /* AuditCalculateViewController.h */ = {isa = PBXFileReference; fileEncoding = 4; lastKnownFileType = sourcecode.c.h; name = AuditCalculateViewController.h; path = Calculate/AuditCalculateViewController.h; sourceTree = SOURCE_ROOT; };
		5777ECE613E820BB004E12AC /* AuditCalculateViewController.m */ = {isa = PBXFileReference; fileEncoding = 4; lastKnownFileType = sourcecode.c.objc; name = AuditCalculateViewController.m; path = Calculate/AuditCalculateViewController.m; sourceTree = SOURCE_ROOT; };
		5777ECE713E820BB004E12AC /* AuditCalculateViewController.xib */ = {isa = PBXFileReference; lastKnownFileType = file.xib; name = AuditCalculateViewController.xib; path = Calculate/AuditCalculateViewController.xib; sourceTree = SOURCE_ROOT; };
		5777ED0113E8223F004E12AC /* AuditElectricityTableViewController.h */ = {isa = PBXFileReference; fileEncoding = 4; lastKnownFileType = sourcecode.c.h; name = AuditElectricityTableViewController.h; path = Electricity/AuditElectricityTableViewController.h; sourceTree = SOURCE_ROOT; };
		5777ED0213E8223F004E12AC /* AuditElectricityTableViewController.m */ = {isa = PBXFileReference; fileEncoding = 4; lastKnownFileType = sourcecode.c.objc; name = AuditElectricityTableViewController.m; path = Electricity/AuditElectricityTableViewController.m; sourceTree = SOURCE_ROOT; };
		5777ED5313E8266A004E12AC /* AuditElectricityKitchenViewController.h */ = {isa = PBXFileReference; fileEncoding = 4; lastKnownFileType = sourcecode.c.h; name = AuditElectricityKitchenViewController.h; path = Electricity/AuditElectricityKitchenViewController.h; sourceTree = SOURCE_ROOT; };
		5777ED5413E8266A004E12AC /* AuditElectricityKitchenViewController.m */ = {isa = PBXFileReference; fileEncoding = 4; lastKnownFileType = sourcecode.c.objc; name = AuditElectricityKitchenViewController.m; path = Electricity/AuditElectricityKitchenViewController.m; sourceTree = SOURCE_ROOT; };
		5777ED5513E8266A004E12AC /* AuditElectricityKitchenViewController.xib */ = {isa = PBXFileReference; lastKnownFileType = file.xib; name = AuditElectricityKitchenViewController.xib; path = Electricity/AuditElectricityKitchenViewController.xib; sourceTree = SOURCE_ROOT; };
		5777ED6613E82798004E12AC /* AuditElectricityCommunicationsViewController.h */ = {isa = PBXFileReference; fileEncoding = 4; lastKnownFileType = sourcecode.c.h; name = AuditElectricityCommunicationsViewController.h; path = Electricity/AuditElectricityCommunicationsViewController.h; sourceTree = SOURCE_ROOT; };
		5777ED6713E82798004E12AC /* AuditElectricityCommunicationsViewController.m */ = {isa = PBXFileReference; fileEncoding = 4; lastKnownFileType = sourcecode.c.objc; name = AuditElectricityCommunicationsViewController.m; path = Electricity/AuditElectricityCommunicationsViewController.m; sourceTree = SOURCE_ROOT; };
		5777ED6813E82798004E12AC /* AuditElectricityCommunicationsViewController.xib */ = {isa = PBXFileReference; lastKnownFileType = file.xib; name = AuditElectricityCommunicationsViewController.xib; path = Electricity/AuditElectricityCommunicationsViewController.xib; sourceTree = SOURCE_ROOT; };
		5777ED6F13E827F0004E12AC /* AuditElectricityEntertainmentViewController.h */ = {isa = PBXFileReference; fileEncoding = 4; lastKnownFileType = sourcecode.c.h; name = AuditElectricityEntertainmentViewController.h; path = Electricity/AuditElectricityEntertainmentViewController.h; sourceTree = SOURCE_ROOT; };
		5777ED7013E827F0004E12AC /* AuditElectricityEntertainmentViewController.m */ = {isa = PBXFileReference; fileEncoding = 4; lastKnownFileType = sourcecode.c.objc; name = AuditElectricityEntertainmentViewController.m; path = Electricity/AuditElectricityEntertainmentViewController.m; sourceTree = SOURCE_ROOT; };
		5777ED7113E827F0004E12AC /* AuditElectricityEntertainmentViewController.xib */ = {isa = PBXFileReference; lastKnownFileType = file.xib; name = AuditElectricityEntertainmentViewController.xib; path = Electricity/AuditElectricityEntertainmentViewController.xib; sourceTree = SOURCE_ROOT; };
		57A84E7615B7C3120030180C /* anu_web_l.png */ = {isa = PBXFileReference; lastKnownFileType = image.png; name = anu_web_l.png; path = Resources/Images/anu_web_l.png; sourceTree = SOURCE_ROOT; };
		57A84E7715B7C3120030180C /* app-icon-greencalc.png */ = {isa = PBXFileReference; lastKnownFileType = image.png; name = "app-icon-greencalc.png"; path = "Resources/Submission Assets/app-icon-greencalc.png"; sourceTree = SOURCE_ROOT; };
		57A84E7815B7C3120030180C /* app-splash-h.png */ = {isa = PBXFileReference; lastKnownFileType = image.png; path = "app-splash-h.png"; sourceTree = "<group>"; };
		57A84E7915B7C3120030180C /* app-splash-v-greencalc.png */ = {isa = PBXFileReference; lastKnownFileType = image.png; path = "app-splash-v-greencalc.png"; sourceTree = "<group>"; };
		57A84E7A15B7C3120030180C /* Blowdryer.1.png */ = {isa = PBXFileReference; lastKnownFileType = image.png; name = Blowdryer.1.png; path = Resources/Images/Blowdryer.1.png; sourceTree = SOURCE_ROOT; };
		57A84E7B15B7C3120030180C /* Circular fluorescent lamp.1.png */ = {isa = PBXFileReference; lastKnownFileType = image.png; name = "Circular fluorescent lamp.1.png"; path = "Resources/Images/Circular fluorescent lamp.1.png"; sourceTree = SOURCE_ROOT; };
		57A84E7C15B7C3120030180C /* clipboard-40.png */ = {isa = PBXFileReference; lastKnownFileType = image.png; path = "clipboard-40.png"; sourceTree = "<group>"; };
		57A84E7D15B7C3120030180C /* Coffee Maker.png */ = {isa = PBXFileReference; lastKnownFileType = image.png; name = "Coffee Maker.png"; path = "Resources/Images/Coffee Maker.png"; sourceTree = SOURCE_ROOT; };
		57A84E7E15B7C3120030180C /* Compact Fluorescent downlight.1.png */ = {isa = PBXFileReference; lastKnownFileType = image.png; name = "Compact Fluorescent downlight.1.png"; path = "Resources/Images/Compact Fluorescent downlight.1.png"; sourceTree = SOURCE_ROOT; };
		57A84E7F15B7C3120030180C /* Compact Fluorescent lamp.png */ = {isa = PBXFileReference; lastKnownFileType = image.png; name = "Compact Fluorescent lamp.png"; path = "Resources/Images/Compact Fluorescent lamp.png"; sourceTree = SOURCE_ROOT; };
		57A84E8115B7C3120030180C /* Desktop.1.png */ = {isa = PBXFileReference; lastKnownFileType = image.png; name = Desktop.1.png; path = Resources/Images/Desktop.1.png; sourceTree = SOURCE_ROOT; };
		57A84E8215B7C3120030180C /* DVD.1.png */ = {isa = PBXFileReference; lastKnownFileType = image.png; name = DVD.1.png; path = Resources/Images/DVD.1.png; sourceTree = SOURCE_ROOT; };
		57A84E8315B7C3120030180C /* elecplug-40.png */ = {isa = PBXFileReference; lastKnownFileType = image.png; path = "elecplug-40.png"; sourceTree = "<group>"; };
		57A84E8415B7C3120030180C /* gas-40.png */ = {isa = PBXFileReference; lastKnownFileType = image.png; path = "gas-40.png"; sourceTree = "<group>"; };
		57A84E8515B7C3120030180C /* greenapp-40.png */ = {isa = PBXFileReference; lastKnownFileType = image.png; path = "greenapp-40.png"; sourceTree = "<group>"; };
		57A84E8615B7C3120030180C /* Hair Straightener.1.png */ = {isa = PBXFileReference; lastKnownFileType = image.png; name = "Hair Straightener.1.png"; path = "Resources/Images/Hair Straightener.1.png"; sourceTree = SOURCE_ROOT; };
		57A84E8715B7C3120030180C /* Halogen Downlight.png */ = {isa = PBXFileReference; lastKnownFileType = image.png; name = "Halogen Downlight.png"; path = "Resources/Images/Halogen Downlight.png"; sourceTree = SOURCE_ROOT; };
		57A84E8815B7C3120030180C /* home-40.png */ = {isa = PBXFileReference; lastKnownFileType = image.png; path = "home-40.png"; sourceTree = "<group>"; };
		57A84E8915B7C3120030180C /* incandescent bulb.1.png */ = {isa = PBXFileReference; lastKnownFileType = image.png; name = "incandescent bulb.1.png"; path = "Resources/Images/incandescent bulb.1.png"; sourceTree = SOURCE_ROOT; };
		57A84E8A15B7C3120030180C /* iPod (use for iPod Charger).1.png */ = {isa = PBXFileReference; lastKnownFileType = image.png; name = "iPod (use for iPod Charger).1.png"; path = "Resources/Images/iPod (use for iPod Charger).1.png"; sourceTree = SOURCE_ROOT; };
		57A84E8B15B7C3120030180C /* Kettle.1.png */ = {isa = PBXFileReference; lastKnownFileType = image.png; name = Kettle.1.png; path = Resources/Images/Kettle.1.png; sourceTree = SOURCE_ROOT; };
		57A84E8C15B7C3120030180C /* Laptop.1.png */ = {isa = PBXFileReference; lastKnownFileType = image.png; name = Laptop.1.png; path = Resources/Images/Laptop.1.png; sourceTree = SOURCE_ROOT; };
		57A84E8D15B7C3120030180C /* LCD tv.1.png */ = {isa = PBXFileReference; lastKnownFileType = image.png; name = "LCD tv.1.png"; path = "Resources/Images/LCD tv.1.png"; sourceTree = SOURCE_ROOT; };
		57A84E8E15B7C3120030180C /* light-40.png */ = {isa = PBXFileReference; lastKnownFileType = image.png; path = "light-40.png"; sourceTree = "<group>"; };
		57A84E8F15B7C3120030180C /* Lighting.1.png */ = {isa = PBXFileReference; lastKnownFileType = image.png; name = Lighting.1.png; path = Resources/Images/Lighting.1.png; sourceTree = SOURCE_ROOT; };
		57A84E9015B7C3120030180C /* Linear Fluorescent lamp.png */ = {isa = PBXFileReference; lastKnownFileType = image.png; name = "Linear Fluorescent lamp.png"; path = "Resources/Images/Linear Fluorescent lamp.png"; sourceTree = SOURCE_ROOT; };
		57A84E9115B7C3120030180C /* loudspeaker.1.png */ = {isa = PBXFileReference; lastKnownFileType = image.png; name = loudspeaker.1.png; path = Resources/Images/loudspeaker.1.png; sourceTree = SOURCE_ROOT; };
		57A84E9215B7C3120030180C /* Microwave.1.png */ = {isa = PBXFileReference; lastKnownFileType = image.png; name = Microwave.1.png; path = Resources/Images/Microwave.1.png; sourceTree = SOURCE_ROOT; };
		57A84E9315B7C3120030180C /* Mobile phone charger.1.png */ = {isa = PBXFileReference; lastKnownFileType = image.png; name = "Mobile phone charger.1.png"; path = "Resources/Images/Mobile phone charger.1.png"; sourceTree = SOURCE_ROOT; };
		57A84E9415B7C3120030180C /* plasma-tv.png */ = {isa = PBXFileReference; lastKnownFileType = image.png; name = "plasma-tv.png"; path = "Resources/Images/plasma-tv.png"; sourceTree = SOURCE_ROOT; };
		57A84E9515B7C3120030180C /* printer.1.png */ = {isa = PBXFileReference; lastKnownFileType = image.png; name = printer.1.png; path = Resources/Images/printer.1.png; sourceTree = SOURCE_ROOT; };
		57A84E9615B7C3120030180C /* Residence.1.png */ = {isa = PBXFileReference; lastKnownFileType = image.png; name = Residence.1.png; path = Resources/Images/Residence.1.png; sourceTree = SOURCE_ROOT; };
		57A84E9715B7C3120030180C /* scanner.1.png */ = {isa = PBXFileReference; lastKnownFileType = image.png; name = scanner.1.png; path = Resources/Images/scanner.1.png; sourceTree = SOURCE_ROOT; };
		57A84E9815B7C3120030180C /* shower.png */ = {isa = PBXFileReference; lastKnownFileType = image.png; name = shower.png; path = Resources/Images/shower.png; sourceTree = SOURCE_ROOT; };
		57A84E9915B7C3120030180C /* standard tv.1.png */ = {isa = PBXFileReference; lastKnownFileType = image.png; name = "standard tv.1.png"; path = "Resources/Images/standard tv.1.png"; sourceTree = SOURCE_ROOT; };
		57A84E9A15B7C3120030180C /* stereo.1.png */ = {isa = PBXFileReference; lastKnownFileType = image.png; name = stereo.1.png; path = Resources/Images/stereo.1.png; sourceTree = SOURCE_ROOT; };
		57A84E9B15B7C3120030180C /* tap.1.png */ = {isa = PBXFileReference; lastKnownFileType = image.png; name = tap.1.png; path = Resources/Images/tap.1.png; sourceTree = SOURCE_ROOT; };
		57A84E9C15B7C3120030180C /* Toaster.1.png */ = {isa = PBXFileReference; lastKnownFileType = image.png; name = Toaster.1.png; path = Resources/Images/Toaster.1.png; sourceTree = SOURCE_ROOT; };
		57A84E9D15B7C3120030180C /* toilet.1.png */ = {isa = PBXFileReference; lastKnownFileType = image.png; name = toilet.1.png; path = Resources/Images/toilet.1.png; sourceTree = SOURCE_ROOT; };
		57A84E9E15B7C3120030180C /* washing machine.1.png */ = {isa = PBXFileReference; lastKnownFileType = image.png; name = "washing machine.1.png"; path = "Resources/Images/washing machine.1.png"; sourceTree = SOURCE_ROOT; };
		57A84E9F15B7C3120030180C /* water-40.png */ = {isa = PBXFileReference; lastKnownFileType = image.png; path = "water-40.png"; sourceTree = "<group>"; };
		57A84EA015B7C3120030180C /* XBox.png */ = {isa = PBXFileReference; lastKnownFileType = image.png; name = XBox.png; path = Resources/Images/XBox.png; sourceTree = SOURCE_ROOT; };
		57A84ECE15B7C33B0030180C /* .gitignore */ = {isa = PBXFileReference; fileEncoding = 4; lastKnownFileType = text; path = .gitignore; sourceTree = "<group>"; };
		57A84ECF15B7C33B0030180C /* ActionSheetPicker.h */ = {isa = PBXFileReference; fileEncoding = 4; lastKnownFileType = sourcecode.c.h; name = ActionSheetPicker.h; path = "3rd Party/TimCinel-ActionSheetPicker-5937d2f/ActionSheetPicker.h"; sourceTree = SOURCE_ROOT; };
		57A84ED015B7C33B0030180C /* AUTHORS */ = {isa = PBXFileReference; fileEncoding = 4; lastKnownFileType = text; path = AUTHORS; sourceTree = "<group>"; };
		57A84ED115B7C33B0030180C /* LICENSE */ = {isa = PBXFileReference; fileEncoding = 4; lastKnownFileType = text; path = LICENSE; sourceTree = "<group>"; };
		57A84ED315B7C33B0030180C /* AbstractActionSheetPicker.h */ = {isa = PBXFileReference; fileEncoding = 4; lastKnownFileType = sourcecode.c.h; name = AbstractActionSheetPicker.h; path = "3rd Party/TimCinel-ActionSheetPicker-5937d2f/Pickers/AbstractActionSheetPicker.h"; sourceTree = SOURCE_ROOT; };
		57A84ED415B7C33B0030180C /* AbstractActionSheetPicker.m */ = {isa = PBXFileReference; fileEncoding = 4; lastKnownFileType = sourcecode.c.objc; name = AbstractActionSheetPicker.m; path = "3rd Party/TimCinel-ActionSheetPicker-5937d2f/Pickers/AbstractActionSheetPicker.m"; sourceTree = SOURCE_ROOT; };
		57A84ED515B7C33B0030180C /* ActionSheetDatePicker.h */ = {isa = PBXFileReference; fileEncoding = 4; lastKnownFileType = sourcecode.c.h; name = ActionSheetDatePicker.h; path = "3rd Party/TimCinel-ActionSheetPicker-5937d2f/Pickers/ActionSheetDatePicker.h"; sourceTree = SOURCE_ROOT; };
		57A84ED615B7C33B0030180C /* ActionSheetDatePicker.m */ = {isa = PBXFileReference; fileEncoding = 4; lastKnownFileType = sourcecode.c.objc; name = ActionSheetDatePicker.m; path = "3rd Party/TimCinel-ActionSheetPicker-5937d2f/Pickers/ActionSheetDatePicker.m"; sourceTree = SOURCE_ROOT; };
		57A84ED715B7C33B0030180C /* ActionSheetDistancePicker.h */ = {isa = PBXFileReference; fileEncoding = 4; lastKnownFileType = sourcecode.c.h; name = ActionSheetDistancePicker.h; path = "3rd Party/TimCinel-ActionSheetPicker-5937d2f/Pickers/ActionSheetDistancePicker.h"; sourceTree = SOURCE_ROOT; };
		57A84ED815B7C33B0030180C /* ActionSheetDistancePicker.m */ = {isa = PBXFileReference; fileEncoding = 4; lastKnownFileType = sourcecode.c.objc; name = ActionSheetDistancePicker.m; path = "3rd Party/TimCinel-ActionSheetPicker-5937d2f/Pickers/ActionSheetDistancePicker.m"; sourceTree = SOURCE_ROOT; };
		57A84ED915B7C33B0030180C /* ActionSheetStringPicker.h */ = {isa = PBXFileReference; fileEncoding = 4; lastKnownFileType = sourcecode.c.h; name = ActionSheetStringPicker.h; path = "3rd Party/TimCinel-ActionSheetPicker-5937d2f/Pickers/ActionSheetStringPicker.h"; sourceTree = SOURCE_ROOT; };
		57A84EDA15B7C33B0030180C /* ActionSheetStringPicker.m */ = {isa = PBXFileReference; fileEncoding = 4; lastKnownFileType = sourcecode.c.objc; name = ActionSheetStringPicker.m; path = "3rd Party/TimCinel-ActionSheetPicker-5937d2f/Pickers/ActionSheetStringPicker.m"; sourceTree = SOURCE_ROOT; };
		57A84EDB15B7C33B0030180C /* DistancePickerView.h */ = {isa = PBXFileReference; fileEncoding = 4; lastKnownFileType = sourcecode.c.h; name = DistancePickerView.h; path = "3rd Party/TimCinel-ActionSheetPicker-5937d2f/Pickers/DistancePickerView.h"; sourceTree = SOURCE_ROOT; };
		57A84EDC15B7C33B0030180C /* DistancePickerView.m */ = {isa = PBXFileReference; fileEncoding = 4; lastKnownFileType = sourcecode.c.objc; name = DistancePickerView.m; path = "3rd Party/TimCinel-ActionSheetPicker-5937d2f/Pickers/DistancePickerView.m"; sourceTree = SOURCE_ROOT; };
		57A84EDD15B7C33B0030180C /* README.md */ = {isa = PBXFileReference; fileEncoding = 4; lastKnownFileType = text; path = README.md; sourceTree = "<group>"; };
		57A84F0A15B7C4970030180C /* MenuTableViewController.h */ = {isa = PBXFileReference; fileEncoding = 4; lastKnownFileType = sourcecode.c.h; path = MenuTableViewController.h; sourceTree = "<group>"; };
		57A84F0B15B7C4970030180C /* MenuTableViewController.m */ = {isa = PBXFileReference; fileEncoding = 4; lastKnownFileType = sourcecode.c.objc; name = MenuTableViewController.m; path = "Main Menu/MenuTableViewController.m"; sourceTree = SOURCE_ROOT; };
		57AD062413E63E67007CAEEE /* AboutAppViewController.h */ = {isa = PBXFileReference; fileEncoding = 4; lastKnownFileType = sourcecode.c.h; lineEnding = 0; name = AboutAppViewController.h; path = "About App/AboutAppViewController.h"; sourceTree = SOURCE_ROOT; xcLanguageSpecificationIdentifier = xcode.lang.objcpp; };
		57AD062513E63E67007CAEEE /* AboutAppViewController.m */ = {isa = PBXFileReference; fileEncoding = 4; lastKnownFileType = sourcecode.c.objc; lineEnding = 0; name = AboutAppViewController.m; path = "About App/AboutAppViewController.m"; sourceTree = SOURCE_ROOT; xcLanguageSpecificationIdentifier = xcode.lang.objc; };
		57AD062613E63E67007CAEEE /* AboutAppViewController.xib */ = {isa = PBXFileReference; lastKnownFileType = file.xib; name = AboutAppViewController.xib; path = "About App/AboutAppViewController.xib"; sourceTree = SOURCE_ROOT; };
		57AD06F913E667B7007CAEEE /* AboutANUGreenViewController.h */ = {isa = PBXFileReference; fileEncoding = 4; lastKnownFileType = sourcecode.c.h; name = AboutANUGreenViewController.h; path = "About ANUgreen/AboutANUGreenViewController.h"; sourceTree = SOURCE_ROOT; };
		57AD06FA13E667B7007CAEEE /* AboutANUGreenViewController.m */ = {isa = PBXFileReference; fileEncoding = 4; lastKnownFileType = sourcecode.c.objc; name = AboutANUGreenViewController.m; path = "About ANUgreen/AboutANUGreenViewController.m"; sourceTree = SOURCE_ROOT; };
		57AD06FB13E667B7007CAEEE /* AboutANUGreenViewController.xib */ = {isa = PBXFileReference; lastKnownFileType = file.xib; name = AboutANUGreenViewController.xib; path = "About ANUgreen/AboutANUGreenViewController.xib"; sourceTree = SOURCE_ROOT; };
		57BF3FD415BFB25000B763AB /* greenapp-40-highres.png */ = {isa = PBXFileReference; lastKnownFileType = image.png; path = "greenapp-40-highres.png"; sourceTree = "<group>"; };
		57BF3FD615BFB2F900B763AB /* greenapp-60.png */ = {isa = PBXFileReference; lastKnownFileType = image.png; path = "greenapp-60.png"; sourceTree = "<group>"; };
		57BF3FD815BFB50500B763AB /* elecplug-80.png */ = {isa = PBXFileReference; lastKnownFileType = image.png; path = "elecplug-80.png"; sourceTree = "<group>"; };
		57BF3FDA15BFB50F00B763AB /* gas-80.png */ = {isa = PBXFileReference; lastKnownFileType = image.png; path = "gas-80.png"; sourceTree = "<group>"; };
		57BF3FDC15BFB51B00B763AB /* water-80.png */ = {isa = PBXFileReference; lastKnownFileType = image.png; path = "water-80.png"; sourceTree = "<group>"; };
		57BF3FDE15BFB53500B763AB /* home-80.png */ = {isa = PBXFileReference; lastKnownFileType = image.png; path = "home-80.png"; sourceTree = "<group>"; };
		57BF3FE015BFB54300B763AB /* clipboard-80.png */ = {isa = PBXFileReference; lastKnownFileType = image.png; path = "clipboard-80.png"; sourceTree = "<group>"; };
		57BF3FE215C0D1DB00B763AB /* ANUgreen logo 2011.jpeg */ = {isa = PBXFileReference; lastKnownFileType = image.jpeg; name = "ANUgreen logo 2011.jpeg"; path = "Resources/Images/ANUgreen logo 2011.jpeg"; sourceTree = SOURCE_ROOT; };
		57C28470160C158400A6FF0F /* app-icon-greencalc-114.png */ = {isa = PBXFileReference; lastKnownFileType = image.png; name = "app-icon-greencalc-114.png"; path = "Resources/Submission Assets/app-icon-greencalc-114.png"; sourceTree = SOURCE_ROOT; };
		57C28472160C159B00A6FF0F /* app-icon-greencalc-57.png */ = {isa = PBXFileReference; lastKnownFileType = image.png; name = "app-icon-greencalc-57.png"; path = "Resources/Submission Assets/app-icon-greencalc-57.png"; sourceTree = SOURCE_ROOT; };
		57C28474160C162500A6FF0F /* Default@2x.png */ = {isa = PBXFileReference; lastKnownFileType = image.png; name = "Default@2x.png"; path = "Resources/Submission Assets/Default@2x.png"; sourceTree = SOURCE_ROOT; };
		57C28476160C169E00A6FF0F /* Default.png */ = {isa = PBXFileReference; lastKnownFileType = image.png; name = Default.png; path = "Resources/Submission Assets/Default.png"; sourceTree = SOURCE_ROOT; };
		57C4C0E416157ABF00C6AE6A /* greenapp-60@2x.png */ = {isa = PBXFileReference; lastKnownFileType = image.png; path = "greenapp-60@2x.png"; sourceTree = "<group>"; };
		57C4C0E816157BEF00C6AE6A /* app-splash-h@2x.png */ = {isa = PBXFileReference; lastKnownFileType = image.png; path = "app-splash-h@2x.png"; sourceTree = "<group>"; };
		57DAAF89182DD38900D8FCC0 /* GAI.h */ = {isa = PBXFileReference; fileEncoding = 4; lastKnownFileType = sourcecode.c.h; name = GAI.h; path = "3rd Party/GoogleAnalytics/GAI.h"; sourceTree = SOURCE_ROOT; };
		57DAAF8A182DD38900D8FCC0 /* GAIDictionaryBuilder.h */ = {isa = PBXFileReference; fileEncoding = 4; lastKnownFileType = sourcecode.c.h; name = GAIDictionaryBuilder.h; path = "3rd Party/GoogleAnalytics/GAIDictionaryBuilder.h"; sourceTree = SOURCE_ROOT; };
		57DAAF8B182DD38900D8FCC0 /* GAIFields.h */ = {isa = PBXFileReference; fileEncoding = 4; lastKnownFileType = sourcecode.c.h; name = GAIFields.h; path = "3rd Party/GoogleAnalytics/GAIFields.h"; sourceTree = SOURCE_ROOT; };
		57DAAF8C182DD38900D8FCC0 /* GAILogger.h */ = {isa = PBXFileReference; fileEncoding = 4; lastKnownFileType = sourcecode.c.h; name = GAILogger.h; path = "3rd Party/GoogleAnalytics/GAILogger.h"; sourceTree = SOURCE_ROOT; };
		57DAAF8D182DD38900D8FCC0 /* GAITrackedViewController.h */ = {isa = PBXFileReference; fileEncoding = 4; lastKnownFileType = sourcecode.c.h; name = GAITrackedViewController.h; path = "3rd Party/GoogleAnalytics/GAITrackedViewController.h"; sourceTree = SOURCE_ROOT; };
		57DAAF8E182DD38900D8FCC0 /* GAITracker.h */ = {isa = PBXFileReference; fileEncoding = 4; lastKnownFileType = sourcecode.c.h; name = GAITracker.h; path = "3rd Party/GoogleAnalytics/GAITracker.h"; sourceTree = SOURCE_ROOT; };
		57DAAF91182DD3A800D8FCC0 /* CoreData.framework */ = {isa = PBXFileReference; lastKnownFileType = wrapper.framework; name = CoreData.framework; path = System/Library/Frameworks/CoreData.framework; sourceTree = SDKROOT; };
		57DAAF93182DD3B300D8FCC0 /* SystemConfiguration.framework */ = {isa = PBXFileReference; lastKnownFileType = wrapper.framework; name = SystemConfiguration.framework; path = System/Library/Frameworks/SystemConfiguration.framework; sourceTree = SDKROOT; };
		57DAAF95182DDEB000D8FCC0 /* libsqlite3.0.dylib */ = {isa = PBXFileReference; lastKnownFileType = "compiled.mach-o.dylib"; name = libsqlite3.0.dylib; path = usr/lib/libsqlite3.0.dylib; sourceTree = SDKROOT; };
		57DAAF97182DDEB700D8FCC0 /* CFNetwork.framework */ = {isa = PBXFileReference; lastKnownFileType = wrapper.framework; name = CFNetwork.framework; path = System/Library/Frameworks/CFNetwork.framework; sourceTree = SDKROOT; };
		57EACC6413EA666C0044A60F /* AuditElectricityGroomingViewController.h */ = {isa = PBXFileReference; fileEncoding = 4; lastKnownFileType = sourcecode.c.h; name = AuditElectricityGroomingViewController.h; path = Electricity/AuditElectricityGroomingViewController.h; sourceTree = SOURCE_ROOT; };
		57EACC6513EA666C0044A60F /* AuditElectricityGroomingViewController.m */ = {isa = PBXFileReference; fileEncoding = 4; lastKnownFileType = sourcecode.c.objc; name = AuditElectricityGroomingViewController.m; path = Electricity/AuditElectricityGroomingViewController.m; sourceTree = SOURCE_ROOT; };
		8D1107310486CEB800E47090 /* GreenKey-Info.plist */ = {isa = PBXFileReference; fileEncoding = 4; lastKnownFileType = text.plist; path = "GreenKey-Info.plist"; plistStructureDefinitionIdentifier = "com.apple.xcode.plist.structure-definition.iphone.info-plist"; sourceTree = "<group>"; };
/* End PBXFileReference section */

/* Begin PBXFrameworksBuildPhase section */
		1D60588F0D05DD3D006BFB54 /* Frameworks */ = {
			isa = PBXFrameworksBuildPhase;
			buildActionMask = 2147483647;
			files = (
				57469DE9182DE381000D3B25 /* AdSupport.framework in Frameworks */,
				57DAAF94182DD3B300D8FCC0 /* SystemConfiguration.framework in Frameworks */,
				57DAAF92182DD3A800D8FCC0 /* CoreData.framework in Frameworks */,
				572B0770181D151100ADC63F /* Social.framework in Frameworks */,
				1D60589F0D05DD5A006BFB54 /* Foundation.framework in Frameworks */,
				1DF5F4E00D08C38300B7A737 /* UIKit.framework in Frameworks */,
				288765A50DF7441C002DB57D /* CoreGraphics.framework in Frameworks */,
				57469DEA182DE408000D3B25 /* libGoogleAnalyticsServices.a in Frameworks */,
				57469DE7182DE379000D3B25 /* libz.dylib in Frameworks */,
			);
			runOnlyForDeploymentPostprocessing = 0;
		};
/* End PBXFrameworksBuildPhase section */

/* Begin PBXGroup section */
		080E96DDFE201D6D7F000001 /* Classes */ = {
			isa = PBXGroup;
			children = (
				1D3623240D0F684500981E51 /* ANUGreenAppDelegate.h */,
				1D3623250D0F684500981E51 /* ANUGreenAppDelegate.m */,
				8D1107310486CEB800E47090 /* GreenKey-Info.plist */,
				32CA4F630368D1EE00C91783 /* GreenKey_Prefix.pch */,
				29B97316FDCFA39411CA2CEA /* main.m */,
				57AFAB77182470E900AACDA1 /* 3rd Party */,
				57AFAB811824758300AACDA1 /* Main Menu */,
				57AFAB801824757D00AACDA1 /* Home Screen */,
				57AFAB7B1824717700AACDA1 /* Electricity */,
				57AFAB7D1824720200AACDA1 /* Lighting */,
				57AFAB7C182471FB00AACDA1 /* Heating */,
				57AFAB7A1824716E00AACDA1 /* Calculate */,
				57AFAB791824716500AACDA1 /* About App */,
				57AFAB781824715600AACDA1 /* About ANUgreen */,
				57AFAB7E182473F300AACDA1 /* Water */,
				57AFAB7F182473FD00AACDA1 /* Residence */,
			);
			path = Classes;
			sourceTree = "<group>";
		};
		19C28FACFE9D520D11CA2CBB /* Products */ = {
			isa = PBXGroup;
			children = (
				1D6058910D05DD3D006BFB54 /* GreenKey.app */,
			);
			name = Products;
			sourceTree = "<group>";
		};
		29B97314FDCFA39411CA2CEA /* CustomTemplate */ = {
			isa = PBXGroup;
			children = (
				080E96DDFE201D6D7F000001 /* Classes */,
				29B97317FDCFA39411CA2CEA /* Resources */,
				29B97323FDCFA39411CA2CEA /* Frameworks */,
				19C28FACFE9D520D11CA2CBB /* Products */,
			);
			name = CustomTemplate;
			sourceTree = "<group>";
		};
		29B97317FDCFA39411CA2CEA /* Resources */ = {
			isa = PBXGroup;
			children = (
				57AFAB7418246B0E00AACDA1 /* Submission Assets */,
				57448AD113EA336700B24345 /* Images */,
				57AFAB7518246C8600AACDA1 /* Menu Icons */,
				57AFAB7618246CA500AACDA1 /* Splash Screen */,
			);
			path = Resources;
			sourceTree = "<group>";
		};
		29B97323FDCFA39411CA2CEA /* Frameworks */ = {
			isa = PBXGroup;
			children = (
				57469DE8182DE381000D3B25 /* AdSupport.framework */,
				57469DE6182DE379000D3B25 /* libz.dylib */,
				57DAAF97182DDEB700D8FCC0 /* CFNetwork.framework */,
				57DAAF95182DDEB000D8FCC0 /* libsqlite3.0.dylib */,
				57DAAF93182DD3B300D8FCC0 /* SystemConfiguration.framework */,
				57DAAF91182DD3A800D8FCC0 /* CoreData.framework */,
				572B076F181D151100ADC63F /* Social.framework */,
				1DF5F4DF0D08C38300B7A737 /* UIKit.framework */,
				1D30AB110D05D00D00671497 /* Foundation.framework */,
				288765A40DF7441C002DB57D /* CoreGraphics.framework */,
			);
			name = Frameworks;
			path = Resources;
			sourceTree = "<group>";
		};
		57448AD113EA336700B24345 /* Images */ = {
			isa = PBXGroup;
			children = (
				573C2F2615DCBC19008119E9 /* Linear_Fluorescent_Lamp.jpg */,
				573C2F2415DCBB6A008119E9 /* Compact_Fluorescent_Downlight.jpg */,
				57BF3FE215C0D1DB00B763AB /* ANUgreen logo 2011.jpeg */,
				57A84E7615B7C3120030180C /* anu_web_l.png */,
				57A84E7A15B7C3120030180C /* Blowdryer.1.png */,
				57A84E7B15B7C3120030180C /* Circular fluorescent lamp.1.png */,
				57A84E7D15B7C3120030180C /* Coffee Maker.png */,
				57A84E7E15B7C3120030180C /* Compact Fluorescent downlight.1.png */,
				57A84E7F15B7C3120030180C /* Compact Fluorescent lamp.png */,
				57A84E8115B7C3120030180C /* Desktop.1.png */,
				57A84E8215B7C3120030180C /* DVD.1.png */,
				57A84E8615B7C3120030180C /* Hair Straightener.1.png */,
				57A84E8715B7C3120030180C /* Halogen Downlight.png */,
				57A84E8915B7C3120030180C /* incandescent bulb.1.png */,
				57A84E8A15B7C3120030180C /* iPod (use for iPod Charger).1.png */,
				57A84E8B15B7C3120030180C /* Kettle.1.png */,
				57A84E8C15B7C3120030180C /* Laptop.1.png */,
				57A84E8D15B7C3120030180C /* LCD tv.1.png */,
				57A84E8F15B7C3120030180C /* Lighting.1.png */,
				57A84E9015B7C3120030180C /* Linear Fluorescent lamp.png */,
				57A84E9115B7C3120030180C /* loudspeaker.1.png */,
				57A84E9215B7C3120030180C /* Microwave.1.png */,
				57A84E9315B7C3120030180C /* Mobile phone charger.1.png */,
				57A84E9415B7C3120030180C /* plasma-tv.png */,
				57A84E9515B7C3120030180C /* printer.1.png */,
				57A84E9615B7C3120030180C /* Residence.1.png */,
				57A84E9715B7C3120030180C /* scanner.1.png */,
				57A84E9815B7C3120030180C /* shower.png */,
				57A84E9915B7C3120030180C /* standard tv.1.png */,
				57A84E9A15B7C3120030180C /* stereo.1.png */,
				57A84E9B15B7C3120030180C /* tap.1.png */,
				57A84E9C15B7C3120030180C /* Toaster.1.png */,
				57A84E9D15B7C3120030180C /* toilet.1.png */,
				57A84E9E15B7C3120030180C /* washing machine.1.png */,
				57A84EA015B7C3120030180C /* XBox.png */,
			);
			path = Images;
			sourceTree = "<group>";
		};
		57A84ECD15B7C33B0030180C /* TimCinel-ActionSheetPicker-5937d2f */ = {
			isa = PBXGroup;
			children = (
				57A84ECE15B7C33B0030180C /* .gitignore */,
				57A84ECF15B7C33B0030180C /* ActionSheetPicker.h */,
				57A84ED015B7C33B0030180C /* AUTHORS */,
				57A84ED115B7C33B0030180C /* LICENSE */,
				57A84ED215B7C33B0030180C /* Pickers */,
				57A84EDD15B7C33B0030180C /* README.md */,
			);
			path = "TimCinel-ActionSheetPicker-5937d2f";
			sourceTree = "<group>";
		};
		57A84ED215B7C33B0030180C /* Pickers */ = {
			isa = PBXGroup;
			children = (
				57A84ED315B7C33B0030180C /* AbstractActionSheetPicker.h */,
				57A84ED415B7C33B0030180C /* AbstractActionSheetPicker.m */,
				57A84ED515B7C33B0030180C /* ActionSheetDatePicker.h */,
				57A84ED615B7C33B0030180C /* ActionSheetDatePicker.m */,
				57A84ED715B7C33B0030180C /* ActionSheetDistancePicker.h */,
				57A84ED815B7C33B0030180C /* ActionSheetDistancePicker.m */,
				57A84ED915B7C33B0030180C /* ActionSheetStringPicker.h */,
				57A84EDA15B7C33B0030180C /* ActionSheetStringPicker.m */,
				57A84EDB15B7C33B0030180C /* DistancePickerView.h */,
				57A84EDC15B7C33B0030180C /* DistancePickerView.m */,
			);
			path = Pickers;
			sourceTree = "<group>";
		};
		57AFAB7418246B0E00AACDA1 /* Submission Assets */ = {
			isa = PBXGroup;
			children = (
				57A84E7715B7C3120030180C /* app-icon-greencalc.png */,
				57C28476160C169E00A6FF0F /* Default.png */,
				57C28474160C162500A6FF0F /* Default@2x.png */,
				572B0775181D246500ADC63F /* Default~iphone.png */,
				57C28472160C159B00A6FF0F /* app-icon-greencalc-57.png */,
				57C28470160C158400A6FF0F /* app-icon-greencalc-114.png */,
			);
			path = "Submission Assets";
			sourceTree = "<group>";
		};
		57AFAB7518246C8600AACDA1 /* Menu Icons */ = {
			isa = PBXGroup;
			children = (
				57A84E7C15B7C3120030180C /* clipboard-40.png */,
				57BF3FE015BFB54300B763AB /* clipboard-80.png */,
				57A84E8315B7C3120030180C /* elecplug-40.png */,
				57BF3FD815BFB50500B763AB /* elecplug-80.png */,
				57A84E8415B7C3120030180C /* gas-40.png */,
				57BF3FDA15BFB50F00B763AB /* gas-80.png */,
				57A84E8515B7C3120030180C /* greenapp-40.png */,
				57BF3FD415BFB25000B763AB /* greenapp-40-highres.png */,
				57C4C0E416157ABF00C6AE6A /* greenapp-60@2x.png */,
				57BF3FD615BFB2F900B763AB /* greenapp-60.png */,
				57A84E8815B7C3120030180C /* home-40.png */,
				57BF3FDE15BFB53500B763AB /* home-80.png */,
				57A84E8E15B7C3120030180C /* light-40.png */,
				5745395F15B7E276001D34A5 /* light-80.png */,
				57A84E9F15B7C3120030180C /* water-40.png */,
				57BF3FDC15BFB51B00B763AB /* water-80.png */,
			);
			path = "Menu Icons";
			sourceTree = "<group>";
		};
		57AFAB7618246CA500AACDA1 /* Splash Screen */ = {
			isa = PBXGroup;
			children = (
				57A84E7815B7C3120030180C /* app-splash-h.png */,
				57C4C0E816157BEF00C6AE6A /* app-splash-h@2x.png */,
				57A84E7915B7C3120030180C /* app-splash-v-greencalc.png */,
			);
			path = "Splash Screen";
			sourceTree = "<group>";
		};
		57AFAB77182470E900AACDA1 /* 3rd Party */ = {
			isa = PBXGroup;
			children = (
				57DAAF88182DD36E00D8FCC0 /* Google Analytics */,
				57A84ECD15B7C33B0030180C /* TimCinel-ActionSheetPicker-5937d2f */,
			);
			path = "3rd Party";
			sourceTree = "<group>";
		};
		57AFAB781824715600AACDA1 /* About ANUgreen */ = {
			isa = PBXGroup;
			children = (
				57AD06FB13E667B7007CAEEE /* AboutANUGreenViewController.xib */,
				57AD06F913E667B7007CAEEE /* AboutANUGreenViewController.h */,
				57AD06FA13E667B7007CAEEE /* AboutANUGreenViewController.m */,
			);
			path = "About ANUgreen";
			sourceTree = "<group>";
		};
		57AFAB791824716500AACDA1 /* About App */ = {
			isa = PBXGroup;
			children = (
				57AD062613E63E67007CAEEE /* AboutAppViewController.xib */,
				57AD062413E63E67007CAEEE /* AboutAppViewController.h */,
				57AD062513E63E67007CAEEE /* AboutAppViewController.m */,
			);
			path = "About App";
			sourceTree = "<group>";
		};
		57AFAB7A1824716E00AACDA1 /* Calculate */ = {
			isa = PBXGroup;
			children = (
				5777ECE713E820BB004E12AC /* AuditCalculateViewController.xib */,
				5777ECE513E820BB004E12AC /* AuditCalculateViewController.h */,
				5777ECE613E820BB004E12AC /* AuditCalculateViewController.m */,
			);
			path = Calculate;
			sourceTree = "<group>";
		};
		57AFAB7B1824717700AACDA1 /* Electricity */ = {
			isa = PBXGroup;
			children = (
				571CF9A01600526500B6C4AF /* AuditElectricityGroomingViewController.xib */,
				5777ED6813E82798004E12AC /* AuditElectricityCommunicationsViewController.xib */,
				5777ED7113E827F0004E12AC /* AuditElectricityEntertainmentViewController.xib */,
				5777ED5513E8266A004E12AC /* AuditElectricityKitchenViewController.xib */,
				57EACC6413EA666C0044A60F /* AuditElectricityGroomingViewController.h */,
				57EACC6513EA666C0044A60F /* AuditElectricityGroomingViewController.m */,
				5777ED5313E8266A004E12AC /* AuditElectricityKitchenViewController.h */,
				5777ED5413E8266A004E12AC /* AuditElectricityKitchenViewController.m */,
				5777ED0113E8223F004E12AC /* AuditElectricityTableViewController.h */,
				5777ED0213E8223F004E12AC /* AuditElectricityTableViewController.m */,
				5777ED6F13E827F0004E12AC /* AuditElectricityEntertainmentViewController.h */,
				5777ED7013E827F0004E12AC /* AuditElectricityEntertainmentViewController.m */,
				5777ED6613E82798004E12AC /* AuditElectricityCommunicationsViewController.h */,
				5777ED6713E82798004E12AC /* AuditElectricityCommunicationsViewController.m */,
			);
			path = Electricity;
			sourceTree = "<group>";
		};
		57AFAB7C182471FB00AACDA1 /* Heating */ = {
			isa = PBXGroup;
			children = (
				5777ECD913E82091004E12AC /* AuditHeatingViewController.xib */,
				5777ECD713E82091004E12AC /* AuditHeatingViewController.h */,
				5777ECD813E82091004E12AC /* AuditHeatingViewController.m */,
			);
			path = Heating;
			sourceTree = "<group>";
		};
		57AFAB7D1824720200AACDA1 /* Lighting */ = {
			isa = PBXGroup;
			children = (
				5777ECB213E81E93004E12AC /* AuditLightingViewController.xib */,
				5777ECB013E81E93004E12AC /* AuditLightingViewController.h */,
				5777ECB113E81E93004E12AC /* AuditLightingViewController.m */,
			);
			path = Lighting;
			sourceTree = "<group>";
		};
		57AFAB7E182473F300AACDA1 /* Water */ = {
			isa = PBXGroup;
			children = (
				5777ECE013E820A9004E12AC /* AuditWaterViewController.xib */,
				5777ECDE13E820A9004E12AC /* AuditWaterViewController.h */,
				5777ECDF13E820A9004E12AC /* AuditWaterViewController.m */,
			);
			path = Water;
			sourceTree = "<group>";
		};
		57AFAB7F182473FD00AACDA1 /* Residence */ = {
			isa = PBXGroup;
			children = (
				5777EC8113E81A01004E12AC /* AuditResidenceViewController.xib */,
				5777EC7F13E81A01004E12AC /* AuditResidenceViewController.h */,
				5777EC8013E81A01004E12AC /* AuditResidenceViewController.m */,
			);
			path = Residence;
			sourceTree = "<group>";
		};
		57AFAB801824757D00AACDA1 /* Home Screen */ = {
			isa = PBXGroup;
			children = (
				28D7ACF60DDB3853001CB0EB /* HomeViewController.h */,
				28D7ACF70DDB3853001CB0EB /* HomeViewController.m */,
				2899E5210DE3E06400AC0155 /* HomeViewController.xib */,
			);
			path = "Home Screen";
			sourceTree = "<group>";
		};
		57AFAB811824758300AACDA1 /* Main Menu */ = {
			isa = PBXGroup;
			children = (
				57A84F0A15B7C4970030180C /* MenuTableViewController.h */,
				57A84F0B15B7C4970030180C /* MenuTableViewController.m */,
			);
			path = "Main Menu";
			sourceTree = "<group>";
		};
		57DAAF88182DD36E00D8FCC0 /* Google Analytics */ = {
			isa = PBXGroup;
			children = (
				57DAAF89182DD38900D8FCC0 /* GAI.h */,
				57DAAF8A182DD38900D8FCC0 /* GAIDictionaryBuilder.h */,
				57DAAF8B182DD38900D8FCC0 /* GAIFields.h */,
				57DAAF8C182DD38900D8FCC0 /* GAILogger.h */,
				57DAAF8D182DD38900D8FCC0 /* GAITrackedViewController.h */,
				57DAAF8E182DD38900D8FCC0 /* GAITracker.h */,
				571D4B9F182DDF9400113E90 /* libGoogleAnalyticsServices.a */,
			);
			name = "Google Analytics";
			path = "3rd Party/GoogleAnalytics";
			sourceTree = SOURCE_ROOT;
		};
/* End PBXGroup section */

/* Begin PBXNativeTarget section */
		1D6058900D05DD3D006BFB54 /* GreenKey */ = {
			isa = PBXNativeTarget;
			buildConfigurationList = 1D6058960D05DD3E006BFB54 /* Build configuration list for PBXNativeTarget "GreenKey" */;
			buildPhases = (
				1D60588D0D05DD3D006BFB54 /* Resources */,
				1D60588E0D05DD3D006BFB54 /* Sources */,
				1D60588F0D05DD3D006BFB54 /* Frameworks */,
			);
			buildRules = (
			);
			dependencies = (
			);
			name = GreenKey;
			productName = ANUGreen;
			productReference = 1D6058910D05DD3D006BFB54 /* GreenKey.app */;
			productType = "com.apple.product-type.application";
		};
/* End PBXNativeTarget section */

/* Begin PBXProject section */
		29B97313FDCFA39411CA2CEA /* Project object */ = {
			isa = PBXProject;
			attributes = {
				LastUpgradeCheck = 0410;
				ORGANIZATIONNAME = ANUGreen;
			};
			buildConfigurationList = C01FCF4E08A954540054247B /* Build configuration list for PBXProject "GreenKey" */;
			compatibilityVersion = "Xcode 3.2";
			developmentRegion = English;
			hasScannedForEncodings = 1;
			knownRegions = (
				English,
				Japanese,
				French,
				German,
			);
			mainGroup = 29B97314FDCFA39411CA2CEA /* CustomTemplate */;
			projectDirPath = "";
			projectRoot = "";
			targets = (
				1D6058900D05DD3D006BFB54 /* GreenKey */,
			);
		};
/* End PBXProject section */

/* Begin PBXResourcesBuildPhase section */
		1D60588D0D05DD3D006BFB54 /* Resources */ = {
			isa = PBXResourcesBuildPhase;
			buildActionMask = 2147483647;
			files = (
				57D46E941824B7D70054706D /* AuditLightingViewController.xib in Resources */,
				57D46E951824B7D70054706D /* AuditHeatingViewController.xib in Resources */,
				57D46E7D1824B76E0054706D /* AuditCalculateViewController.xib in Resources */,
				57D46E7E1824B76E0054706D /* AboutAppViewController.xib in Resources */,
				57D46E7F1824B76E0054706D /* AboutANUGreenViewController.xib in Resources */,
				57D46E801824B76E0054706D /* AuditWaterViewController.xib in Resources */,
				57D46E811824B76E0054706D /* AuditResidenceViewController.xib in Resources */,
				57D46E781824B75F0054706D /* AuditElectricityCommunicationsViewController.xib in Resources */,
				57D46E791824B75F0054706D /* AuditElectricityEntertainmentViewController.xib in Resources */,
				57D46E7A1824B75F0054706D /* AuditElectricityKitchenViewController.xib in Resources */,
				5789D89D18248166008665B2 /* HomeViewController.xib in Resources */,
				5789D89E18248169008665B2 /* AuditElectricityGroomingViewController.xib in Resources */,
				572B0776181D246500ADC63F /* Default~iphone.png in Resources */,
				57A84EA215B7C3120030180C /* anu_web_l.png in Resources */,
				57A84EA315B7C3120030180C /* app-icon-greencalc.png in Resources */,
				57A84EA415B7C3120030180C /* app-splash-h.png in Resources */,
				57A84EA515B7C3120030180C /* app-splash-v-greencalc.png in Resources */,
				57A84EA615B7C3120030180C /* Blowdryer.1.png in Resources */,
				57A84EA715B7C3120030180C /* Circular fluorescent lamp.1.png in Resources */,
				57A84EA815B7C3120030180C /* clipboard-40.png in Resources */,
				57A84EA915B7C3120030180C /* Coffee Maker.png in Resources */,
				57A84EAA15B7C3120030180C /* Compact Fluorescent downlight.1.png in Resources */,
				57A84EAB15B7C3120030180C /* Compact Fluorescent lamp.png in Resources */,
				57A84EAD15B7C3120030180C /* Desktop.1.png in Resources */,
				57A84EAE15B7C3120030180C /* DVD.1.png in Resources */,
				57A84EAF15B7C3120030180C /* elecplug-40.png in Resources */,
				57A84EB015B7C3120030180C /* gas-40.png in Resources */,
				57A84EB115B7C3120030180C /* greenapp-40.png in Resources */,
				57A84EB215B7C3120030180C /* Hair Straightener.1.png in Resources */,
				57A84EB315B7C3120030180C /* Halogen Downlight.png in Resources */,
				57A84EB415B7C3120030180C /* home-40.png in Resources */,
				57A84EB515B7C3120030180C /* incandescent bulb.1.png in Resources */,
				57A84EB615B7C3120030180C /* iPod (use for iPod Charger).1.png in Resources */,
				57A84EB715B7C3120030180C /* Kettle.1.png in Resources */,
				57A84EB815B7C3120030180C /* Laptop.1.png in Resources */,
				57A84EB915B7C3120030180C /* LCD tv.1.png in Resources */,
				57A84EBA15B7C3120030180C /* light-40.png in Resources */,
				57A84EBB15B7C3120030180C /* Lighting.1.png in Resources */,
				57A84EBC15B7C3120030180C /* Linear Fluorescent lamp.png in Resources */,
				57A84EBD15B7C3120030180C /* loudspeaker.1.png in Resources */,
				57A84EBE15B7C3120030180C /* Microwave.1.png in Resources */,
				57A84EBF15B7C3120030180C /* Mobile phone charger.1.png in Resources */,
				57A84EC015B7C3120030180C /* plasma-tv.png in Resources */,
				57A84EC115B7C3120030180C /* printer.1.png in Resources */,
				57A84EC215B7C3120030180C /* Residence.1.png in Resources */,
				57A84EC315B7C3120030180C /* scanner.1.png in Resources */,
				57A84EC415B7C3120030180C /* shower.png in Resources */,
				57A84EC515B7C3120030180C /* standard tv.1.png in Resources */,
				57A84EC615B7C3120030180C /* stereo.1.png in Resources */,
				57A84EC715B7C3120030180C /* tap.1.png in Resources */,
				57A84EC815B7C3120030180C /* Toaster.1.png in Resources */,
				57A84EC915B7C3120030180C /* toilet.1.png in Resources */,
				57A84ECA15B7C3120030180C /* washing machine.1.png in Resources */,
				57A84ECB15B7C3120030180C /* water-40.png in Resources */,
				57A84ECC15B7C3120030180C /* XBox.png in Resources */,
				5745396015B7E276001D34A5 /* light-80.png in Resources */,
				57BF3FD515BFB25000B763AB /* greenapp-40-highres.png in Resources */,
				57BF3FD715BFB2F900B763AB /* greenapp-60.png in Resources */,
				57BF3FD915BFB50500B763AB /* elecplug-80.png in Resources */,
				57BF3FDB15BFB50F00B763AB /* gas-80.png in Resources */,
				57BF3FDD15BFB51B00B763AB /* water-80.png in Resources */,
				57BF3FDF15BFB53500B763AB /* home-80.png in Resources */,
				57BF3FE115BFB54300B763AB /* clipboard-80.png in Resources */,
				57BF3FE315C0D1DB00B763AB /* ANUgreen logo 2011.jpeg in Resources */,
				573C2F2515DCBB6A008119E9 /* Compact_Fluorescent_Downlight.jpg in Resources */,
				573C2F2715DCBC19008119E9 /* Linear_Fluorescent_Lamp.jpg in Resources */,
				57C28471160C158400A6FF0F /* app-icon-greencalc-114.png in Resources */,
				57C28473160C159B00A6FF0F /* app-icon-greencalc-57.png in Resources */,
				57C28475160C162500A6FF0F /* Default@2x.png in Resources */,
				57C28477160C169E00A6FF0F /* Default.png in Resources */,
				57C4C0E516157ABF00C6AE6A /* greenapp-60@2x.png in Resources */,
				57C4C0E916157BEF00C6AE6A /* app-splash-h@2x.png in Resources */,
			);
			runOnlyForDeploymentPostprocessing = 0;
		};
/* End PBXResourcesBuildPhase section */

/* Begin PBXSourcesBuildPhase section */
		1D60588E0D05DD3D006BFB54 /* Sources */ = {
			isa = PBXSourcesBuildPhase;
			buildActionMask = 2147483647;
			files = (
				57D46E961824B8120054706D /* AbstractActionSheetPicker.m in Sources */,
				57D46E971824B8120054706D /* ActionSheetDatePicker.m in Sources */,
				57D46E981824B8120054706D /* ActionSheetDistancePicker.m in Sources */,
				57D46E991824B8120054706D /* ActionSheetStringPicker.m in Sources */,
				57D46E9A1824B8120054706D /* DistancePickerView.m in Sources */,
				57D46E871824B78E0054706D /* main.m in Sources */,
				57D46E881824B78E0054706D /* AuditElectricityGroomingViewController.m in Sources */,
				57D46E891824B78E0054706D /* AuditElectricityKitchenViewController.m in Sources */,
				57D46E8A1824B78E0054706D /* AuditElectricityTableViewController.m in Sources */,
				57D46E8B1824B78E0054706D /* AuditElectricityEntertainmentViewController.m in Sources */,
				57D46E8C1824B78E0054706D /* AuditElectricityCommunicationsViewController.m in Sources */,
				57D46E8D1824B78E0054706D /* AuditLightingViewController.m in Sources */,
				57D46E8E1824B78E0054706D /* AuditHeatingViewController.m in Sources */,
				57D46E8F1824B78E0054706D /* AuditCalculateViewController.m in Sources */,
				57D46E901824B78E0054706D /* AboutAppViewController.m in Sources */,
				57D46E911824B78E0054706D /* AboutANUGreenViewController.m in Sources */,
				57D46E921824B78E0054706D /* AuditWaterViewController.m in Sources */,
				57D46E931824B78E0054706D /* AuditResidenceViewController.m in Sources */,
				574A547918247DE90026F11A /* ANUGreenAppDelegate.m in Sources */,
				574A547818247DE30026F11A /* MenuTableViewController.m in Sources */,
				574A547A18247F4F0026F11A /* HomeViewController.m in Sources */,
			);
			runOnlyForDeploymentPostprocessing = 0;
		};
/* End PBXSourcesBuildPhase section */

/* Begin XCBuildConfiguration section */
		1D6058940D05DD3E006BFB54 /* Debug */ = {
			isa = XCBuildConfiguration;
			buildSettings = {
				ALWAYS_SEARCH_USER_PATHS = YES;
				COPY_PHASE_STRIP = NO;
				GCC_DYNAMIC_NO_PIC = NO;
				GCC_OPTIMIZATION_LEVEL = 0;
				GCC_PRECOMPILE_PREFIX_HEADER = YES;
				GCC_PREFIX_HEADER = GreenKey_Prefix.pch;
				GCC_VERSION = com.apple.compilers.llvm.clang.1_0;
				INFOPLIST_FILE = "GreenKey-Info.plist";
				IPHONEOS_DEPLOYMENT_TARGET = 6.1;
				LIBRARY_SEARCH_PATHS = (
					"$(inherited)",
					"/Users/victor/Developer/Codes/iOS/Production/Greenkey/GreenKey/3rd\\ Party",
					"/Users/victor/Developer/Codes/iOS/Production/Greenkey/GreenKey/3rd\\ Party/GoogleAnalytics",
				);
				PRODUCT_NAME = GreenKey;
				TARGETED_DEVICE_FAMILY = 1;
			};
			name = Debug;
		};
		1D6058950D05DD3E006BFB54 /* Release */ = {
			isa = XCBuildConfiguration;
			buildSettings = {
				ALWAYS_SEARCH_USER_PATHS = YES;
				COPY_PHASE_STRIP = YES;
				GCC_PRECOMPILE_PREFIX_HEADER = YES;
				GCC_PREFIX_HEADER = GreenKey_Prefix.pch;
				GCC_VERSION = com.apple.compilers.llvm.clang.1_0;
				INFOPLIST_FILE = "GreenKey-Info.plist";
				IPHONEOS_DEPLOYMENT_TARGET = 6.1;
				LIBRARY_SEARCH_PATHS = (
					"/Users/victor/Developer/Codes/iOS/Production/Greenkey/GreenKey/3rd\\ Party",
					"/Users/victor/Developer/Codes/iOS/Production/Greenkey/GreenKey/3rd\\ Party/GoogleAnalytics",
				);
				PRODUCT_NAME = GreenKey;
				TARGETED_DEVICE_FAMILY = 1;
				VALIDATE_PRODUCT = YES;
			};
			name = Release;
		};
		C01FCF4F08A954540054247B /* Debug */ = {
			isa = XCBuildConfiguration;
			buildSettings = {
				ARCHS = "$(ARCHS_STANDARD_32_BIT)";
				CODE_SIGN_IDENTITY = "iPhone Developer: Victor Wibisono (7CVK9W88RR)";
				"CODE_SIGN_IDENTITY[sdk=iphoneos*]" = "iPhone Developer: Victor Wibisono (7CVK9W88RR)";
				GCC_C_LANGUAGE_STANDARD = c99;
				GCC_VERSION = com.apple.compilers.llvm.clang.1_0;
				GCC_WARN_ABOUT_RETURN_TYPE = YES;
				GCC_WARN_UNUSED_VARIABLE = YES;
				PRODUCT_NAME = GreenKey;
				PROVISIONING_PROFILE = "E2968ECD-AB82-4EBC-AC92-C028762DE7D3";
				"PROVISIONING_PROFILE[sdk=iphoneos*]" = "E2968ECD-AB82-4EBC-AC92-C028762DE7D3";
				SDKROOT = iphoneos;
			};
			name = Debug;
		};
		C01FCF5008A954540054247B /* Release */ = {
			isa = XCBuildConfiguration;
			buildSettings = {
				ARCHS = "$(ARCHS_STANDARD_32_BIT)";
				CODE_SIGN_IDENTITY = "iPhone Developer: Victor Wibisono (7CVK9W88RR)";
				"CODE_SIGN_IDENTITY[sdk=iphoneos*]" = "iPhone Developer: Victor Wibisono (7CVK9W88RR)";
				GCC_C_LANGUAGE_STANDARD = c99;
				GCC_VERSION = com.apple.compilers.llvm.clang.1_0;
				GCC_WARN_ABOUT_RETURN_TYPE = YES;
				GCC_WARN_UNUSED_VARIABLE = YES;
				OTHER_CFLAGS = "-DNS_BLOCK_ASSERTIONS=1";
				PRODUCT_NAME = GreenKey;
				PROVISIONING_PROFILE = "E2968ECD-AB82-4EBC-AC92-C028762DE7D3";
				"PROVISIONING_PROFILE[sdk=iphoneos*]" = "E2968ECD-AB82-4EBC-AC92-C028762DE7D3";
				SDKROOT = iphoneos;
			};
			name = Release;
		};
/* End XCBuildConfiguration section */

/* Begin XCConfigurationList section */
		1D6058960D05DD3E006BFB54 /* Build configuration list for PBXNativeTarget "GreenKey" */ = {
			isa = XCConfigurationList;
			buildConfigurations = (
				1D6058940D05DD3E006BFB54 /* Debug */,
				1D6058950D05DD3E006BFB54 /* Release */,
			);
			defaultConfigurationIsVisible = 0;
			defaultConfigurationName = Release;
		};
		C01FCF4E08A954540054247B /* Build configuration list for PBXProject "GreenKey" */ = {
			isa = XCConfigurationList;
			buildConfigurations = (
				C01FCF4F08A954540054247B /* Debug */,
				C01FCF5008A954540054247B /* Release */,
			);
			defaultConfigurationIsVisible = 0;
			defaultConfigurationName = Release;
		};
/* End XCConfigurationList section */
	};
	rootObject = 29B97313FDCFA39411CA2CEA /* Project object */;
}
